
Microsoft Visual Studio Solution File, Format Version 12.00
# Visual Studio Version 16
VisualStudioVersion = 16.0.29613.14
MinimumVisualStudioVersion = 10.0.40219.1
Project("{9A19103F-16F7-4668-BE54-9A1E7A4F7556}") = "Thismaker.Aretha", "src\Aretha\Thismaker.Aretha.csproj", "{23396266-F6DD-4416-B0C6-B44B761B2B20}"
EndProject
Project("{9A19103F-16F7-4668-BE54-9A1E7A4F7556}") = "Thismaker.Core", "src\Core\Thismaker.Core.csproj", "{AA55CE09-1259-4825-9954-87F2F837A9EB}"
EndProject
Project("{9A19103F-16F7-4668-BE54-9A1E7A4F7556}") = "Thismaker.Horus", "src\Horus\Horus\Thismaker.Horus.csproj", "{A69B5263-7B37-4DFD-AE7F-0CA53E4A3E7C}"
EndProject
Project("{9A19103F-16F7-4668-BE54-9A1E7A4F7556}") = "Thismaker.Horus.IO", "src\Horus\IO\Thismaker.Horus.IO.csproj", "{E8067227-61B0-4334-A587-BE33C5CF6396}"
EndProject
Project("{9A19103F-16F7-4668-BE54-9A1E7A4F7556}") = "Thismaker.Horus.Classical", "src\Horus\Classical\Thismaker.Horus.Classical.csproj", "{44741159-EF9C-4D96-8E4F-1752DB038C31}"
EndProject
Project("{9A19103F-16F7-4668-BE54-9A1E7A4F7556}") = "Thismaker.Anubis", "src\Anubis\Thismaker.Anubis.csproj", "{74E55723-E0FB-455A-8389-1386A7CD2542}"
EndProject
Project("{9A19103F-16F7-4668-BE54-9A1E7A4F7556}") = "Thismaker.Mercury", "src\Mercury\Thismaker.Mercury.csproj", "{37F5D33B-50CD-4A69-BB15-8F5B1F72E3DB}"
EndProject
Project("{9A19103F-16F7-4668-BE54-9A1E7A4F7556}") = "Thismaker.Pluto", "src\Pluto\Thismaker.Pluto.csproj", "{FA766A5D-9AAF-4049-86BC-78A67C78BDF5}"
EndProject
Project("{9A19103F-16F7-4668-BE54-9A1E7A4F7556}") = "Thismaker.Goro", "src\Goro\Thismaker.Goro.csproj", "{DC4FBE18-C8FD-4932-9D69-06414C54009E}"
EndProject
Project("{9A19103F-16F7-4668-BE54-9A1E7A4F7556}") = "Thismaker.Aba.Common.Mercury", "src\Aba\Common\Mercury\Thismaker.Aba.Common.Mercury.csproj", "{C7C33474-4D9C-4EB7-9421-8954DEB8BF18}"
EndProject
Project("{9A19103F-16F7-4668-BE54-9A1E7A4F7556}") = "Thismaker.Aba.Server", "src\Aba\Server\Server\Thismaker.Aba.Server.csproj", "{113AEF67-92D6-4AE2-9013-8130CC6E8547}"
EndProject
Project("{9A19103F-16F7-4668-BE54-9A1E7A4F7556}") = "Thismaker.Aba.Server.Mercury", "src\Aba\Server\Mercury\Mercury\Thismaker.Aba.Server.Mercury.csproj", "{AF753956-6FF5-484C-B003-5143F66C249C}"
EndProject
Project("{FAE04EC0-301F-11D3-BF4B-00C04F79EFBC}") = "Thismaker.Aba.Server.Mercury.Hosted", "src\Aba\Server\Mercury\Hosted\Thismaker.Aba.Server.Mercury.Hosted.csproj", "{27821C9D-9EC7-4E50-8404-042ECA4D7A00}"
EndProject
Project("{9A19103F-16F7-4668-BE54-9A1E7A4F7556}") = "Thismaker.Aba.Client.Core", "src\Aba\Client\Core\Thismaker.Aba.Client.Core.csproj", "{4EBCA0B3-6D2E-4FB4-BE6B-316AD6B8C473}"
EndProject
Project("{9A19103F-16F7-4668-BE54-9A1E7A4F7556}") = "Thismaker.Aba.Client", "src\Aba\Client\Client\Thismaker.Aba.Client.csproj", "{73CAC99C-CBB4-4527-B6C0-56B5EE3B3464}"
EndProject
Project("{9A19103F-16F7-4668-BE54-9A1E7A4F7556}") = "Thismaker.Aba.Client.Mercury", "src\Aba\Client\Mercury\Thismaker.Aba.Client.Mercury.csproj", "{C94BFAF1-0797-42EC-B01C-A815F429DD10}"
EndProject
Project("{9A19103F-16F7-4668-BE54-9A1E7A4F7556}") = "Thismaker.Aba.Client.Msal", "src\Aba\Client\Msal\Thismaker.Aba.Client.Msal.csproj", "{CAF5B2C4-48DB-41FE-B2C5-8D74F6A1DE77}"
EndProject
Project("{9A19103F-16F7-4668-BE54-9A1E7A4F7556}") = "Thismaker.Aba.Client.Transfers", "src\Aba\Client\Transfers\Thismaker.Aba.Client.Transfers.csproj", "{B0893FD9-9DE0-4C9C-B828-64F041AA4881}"
EndProject
Project("{9A19103F-16F7-4668-BE54-9A1E7A4F7556}") = "Thismaker.Aba.Client.Configuration", "src\Aba\Client\Configuration\Thismaker.Aba.Client.Configuration.csproj", "{7F65F9B9-562E-431D-B12E-3E0A53E979E3}"
EndProject
Project("{9A19103F-16F7-4668-BE54-9A1E7A4F7556}") = "Thismaker.Thoth", "src\Thoth\Thoth\Thismaker.Thoth.csproj", "{4B9A63AC-D485-4786-A5BD-5C4C43677F03}"
EndProject
Project("{9A19103F-16F7-4668-BE54-9A1E7A4F7556}") = "Thismaker.Thoth.Manager.Wpf", "src\Thoth\Manager\Wpf\Thismaker.Thoth.Manager.Wpf.csproj", "{F7910D6C-70AA-48FA-9335-D21091B6EC2E}"
EndProject
Project("{2150E333-8FDC-42A3-9474-1A3956D46DE8}") = "Tests", "Tests", "{39FC8FB2-E7D4-4535-AABF-DF71889E15AA}"
EndProject
Project("{9A19103F-16F7-4668-BE54-9A1E7A4F7556}") = "Test.Goro.Wpf", "tests\Test.Goro.Wpf\Test.Goro.Wpf.csproj", "{87DBBE65-3943-4FD4-8BFD-1F41A99F7176}"
EndProject
Project("{9A19103F-16F7-4668-BE54-9A1E7A4F7556}") = "Test.Enigma.NetCore", "tests\Test.Enigma.NetCore\Test.Enigma.NetCore.csproj", "{B35EE145-0C2A-4BFA-BF28-6F488B6D9DFE}"
EndProject
Project("{9A19103F-16F7-4668-BE54-9A1E7A4F7556}") = "Test.Anubis.NetCore", "tests\Test.Anubis.NetCore\Test.Anubis.NetCore.csproj", "{ABCA411D-B855-43AF-BA9A-32F626709845}"
EndProject
Project("{9A19103F-16F7-4668-BE54-9A1E7A4F7556}") = "Test.Thoth.Wpf", "tests\Test.Thoth.Wpf\Test.Thoth.Wpf.csproj", "{FC75CF64-3679-4661-AA51-C59E4D5E45B7}"
EndProject
Project("{9A19103F-16F7-4668-BE54-9A1E7A4F7556}") = "Test.Mercury.Client", "tests\Test.Mercury.Client\Test.Mercury.Client.csproj", "{BC2E5C24-D7FE-4264-9F79-1E27F19D5E7C}"
EndProject
Project("{9A19103F-16F7-4668-BE54-9A1E7A4F7556}") = "Test.Mercury.Server", "tests\Test.Mercury.Server\Test.Mercury.Server.csproj", "{95420D2A-B31A-4257-9817-CB6DBA67827F}"
EndProject
Project("{FAE04EC0-301F-11D3-BF4B-00C04F79EFBC}") = "Test.Mercury.AspServer", "tests\Test.Mercury.AspServer\Test.Mercury.AspServer.csproj", "{9BD3FC1A-A5A2-46FD-8617-03B1A0D53732}"
EndProject

Global
	GlobalSection(SolutionConfigurationPlatforms) = preSolution
		Debug|Any CPU = Debug|Any CPU
		Debug|ARM = Debug|ARM
		Debug|ARM64 = Debug|ARM64
		Debug|iPhone = Debug|iPhone
		Debug|iPhoneSimulator = Debug|iPhoneSimulator
		Debug|x64 = Debug|x64
		Debug|x86 = Debug|x86
		Release|Any CPU = Release|Any CPU
		Release|ARM = Release|ARM
		Release|ARM64 = Release|ARM64
		Release|iPhone = Release|iPhone
		Release|iPhoneSimulator = Release|iPhoneSimulator
		Release|x64 = Release|x64
		Release|x86 = Release|x86
	EndGlobalSection
	GlobalSection(ProjectConfigurationPlatforms) = postSolution
		{AA55CE09-1259-4825-9954-87F2F837A9EB}.Debug|Any CPU.ActiveCfg = Debug|Any CPU
		{AA55CE09-1259-4825-9954-87F2F837A9EB}.Debug|Any CPU.Build.0 = Debug|Any CPU
		{AA55CE09-1259-4825-9954-87F2F837A9EB}.Debug|ARM.ActiveCfg = Debug|Any CPU
		{AA55CE09-1259-4825-9954-87F2F837A9EB}.Debug|ARM.Build.0 = Debug|Any CPU
		{AA55CE09-1259-4825-9954-87F2F837A9EB}.Debug|ARM64.ActiveCfg = Debug|Any CPU
		{AA55CE09-1259-4825-9954-87F2F837A9EB}.Debug|ARM64.Build.0 = Debug|Any CPU
		{AA55CE09-1259-4825-9954-87F2F837A9EB}.Debug|iPhone.ActiveCfg = Debug|Any CPU
		{AA55CE09-1259-4825-9954-87F2F837A9EB}.Debug|iPhone.Build.0 = Debug|Any CPU
		{AA55CE09-1259-4825-9954-87F2F837A9EB}.Debug|iPhoneSimulator.ActiveCfg = Debug|Any CPU
		{AA55CE09-1259-4825-9954-87F2F837A9EB}.Debug|iPhoneSimulator.Build.0 = Debug|Any CPU
		{AA55CE09-1259-4825-9954-87F2F837A9EB}.Debug|x64.ActiveCfg = Debug|Any CPU
		{AA55CE09-1259-4825-9954-87F2F837A9EB}.Debug|x64.Build.0 = Debug|Any CPU
		{AA55CE09-1259-4825-9954-87F2F837A9EB}.Debug|x86.ActiveCfg = Debug|Any CPU
		{AA55CE09-1259-4825-9954-87F2F837A9EB}.Debug|x86.Build.0 = Debug|Any CPU
		{AA55CE09-1259-4825-9954-87F2F837A9EB}.Release|Any CPU.ActiveCfg = Release|Any CPU
		{AA55CE09-1259-4825-9954-87F2F837A9EB}.Release|Any CPU.Build.0 = Release|Any CPU
		{AA55CE09-1259-4825-9954-87F2F837A9EB}.Release|ARM.ActiveCfg = Release|Any CPU
		{AA55CE09-1259-4825-9954-87F2F837A9EB}.Release|ARM.Build.0 = Release|Any CPU
		{AA55CE09-1259-4825-9954-87F2F837A9EB}.Release|ARM64.ActiveCfg = Release|Any CPU
		{AA55CE09-1259-4825-9954-87F2F837A9EB}.Release|ARM64.Build.0 = Release|Any CPU
		{AA55CE09-1259-4825-9954-87F2F837A9EB}.Release|iPhone.ActiveCfg = Release|Any CPU
		{AA55CE09-1259-4825-9954-87F2F837A9EB}.Release|iPhone.Build.0 = Release|Any CPU
		{AA55CE09-1259-4825-9954-87F2F837A9EB}.Release|iPhoneSimulator.ActiveCfg = Release|Any CPU
		{AA55CE09-1259-4825-9954-87F2F837A9EB}.Release|iPhoneSimulator.Build.0 = Release|Any CPU
		{AA55CE09-1259-4825-9954-87F2F837A9EB}.Release|x64.ActiveCfg = Release|Any CPU
		{AA55CE09-1259-4825-9954-87F2F837A9EB}.Release|x64.Build.0 = Release|Any CPU
		{AA55CE09-1259-4825-9954-87F2F837A9EB}.Release|x86.ActiveCfg = Release|Any CPU
		{AA55CE09-1259-4825-9954-87F2F837A9EB}.Release|x86.Build.0 = Release|Any CPU
		{A69B5263-7B37-4DFD-AE7F-0CA53E4A3E7C}.Debug|Any CPU.ActiveCfg = Debug|Any CPU
		{A69B5263-7B37-4DFD-AE7F-0CA53E4A3E7C}.Debug|Any CPU.Build.0 = Debug|Any CPU
		{A69B5263-7B37-4DFD-AE7F-0CA53E4A3E7C}.Debug|ARM.ActiveCfg = Debug|Any CPU
		{A69B5263-7B37-4DFD-AE7F-0CA53E4A3E7C}.Debug|ARM.Build.0 = Debug|Any CPU
		{A69B5263-7B37-4DFD-AE7F-0CA53E4A3E7C}.Debug|ARM64.ActiveCfg = Debug|Any CPU
		{A69B5263-7B37-4DFD-AE7F-0CA53E4A3E7C}.Debug|ARM64.Build.0 = Debug|Any CPU
		{A69B5263-7B37-4DFD-AE7F-0CA53E4A3E7C}.Debug|iPhone.ActiveCfg = Debug|Any CPU
		{A69B5263-7B37-4DFD-AE7F-0CA53E4A3E7C}.Debug|iPhone.Build.0 = Debug|Any CPU
		{A69B5263-7B37-4DFD-AE7F-0CA53E4A3E7C}.Debug|iPhoneSimulator.ActiveCfg = Debug|Any CPU
		{A69B5263-7B37-4DFD-AE7F-0CA53E4A3E7C}.Debug|iPhoneSimulator.Build.0 = Debug|Any CPU
		{A69B5263-7B37-4DFD-AE7F-0CA53E4A3E7C}.Debug|x64.ActiveCfg = Debug|Any CPU
		{A69B5263-7B37-4DFD-AE7F-0CA53E4A3E7C}.Debug|x64.Build.0 = Debug|Any CPU
		{A69B5263-7B37-4DFD-AE7F-0CA53E4A3E7C}.Debug|x86.ActiveCfg = Debug|Any CPU
		{A69B5263-7B37-4DFD-AE7F-0CA53E4A3E7C}.Debug|x86.Build.0 = Debug|Any CPU
		{A69B5263-7B37-4DFD-AE7F-0CA53E4A3E7C}.Release|Any CPU.ActiveCfg = Release|Any CPU
		{A69B5263-7B37-4DFD-AE7F-0CA53E4A3E7C}.Release|Any CPU.Build.0 = Release|Any CPU
		{A69B5263-7B37-4DFD-AE7F-0CA53E4A3E7C}.Release|ARM.ActiveCfg = Release|Any CPU
		{A69B5263-7B37-4DFD-AE7F-0CA53E4A3E7C}.Release|ARM.Build.0 = Release|Any CPU
		{A69B5263-7B37-4DFD-AE7F-0CA53E4A3E7C}.Release|ARM64.ActiveCfg = Release|Any CPU
		{A69B5263-7B37-4DFD-AE7F-0CA53E4A3E7C}.Release|ARM64.Build.0 = Release|Any CPU
		{A69B5263-7B37-4DFD-AE7F-0CA53E4A3E7C}.Release|iPhone.ActiveCfg = Release|Any CPU
		{A69B5263-7B37-4DFD-AE7F-0CA53E4A3E7C}.Release|iPhone.Build.0 = Release|Any CPU
		{A69B5263-7B37-4DFD-AE7F-0CA53E4A3E7C}.Release|iPhoneSimulator.ActiveCfg = Release|Any CPU
		{A69B5263-7B37-4DFD-AE7F-0CA53E4A3E7C}.Release|iPhoneSimulator.Build.0 = Release|Any CPU
		{A69B5263-7B37-4DFD-AE7F-0CA53E4A3E7C}.Release|x64.ActiveCfg = Release|Any CPU
		{A69B5263-7B37-4DFD-AE7F-0CA53E4A3E7C}.Release|x64.Build.0 = Release|Any CPU
		{A69B5263-7B37-4DFD-AE7F-0CA53E4A3E7C}.Release|x86.ActiveCfg = Release|Any CPU
		{A69B5263-7B37-4DFD-AE7F-0CA53E4A3E7C}.Release|x86.Build.0 = Release|Any CPU
		{74E55723-E0FB-455A-8389-1386A7CD2542}.Debug|Any CPU.ActiveCfg = Debug|Any CPU
		{74E55723-E0FB-455A-8389-1386A7CD2542}.Debug|Any CPU.Build.0 = Debug|Any CPU
		{74E55723-E0FB-455A-8389-1386A7CD2542}.Debug|ARM.ActiveCfg = Debug|Any CPU
		{74E55723-E0FB-455A-8389-1386A7CD2542}.Debug|ARM.Build.0 = Debug|Any CPU
		{74E55723-E0FB-455A-8389-1386A7CD2542}.Debug|ARM64.ActiveCfg = Debug|Any CPU
		{74E55723-E0FB-455A-8389-1386A7CD2542}.Debug|ARM64.Build.0 = Debug|Any CPU
		{74E55723-E0FB-455A-8389-1386A7CD2542}.Debug|iPhone.ActiveCfg = Debug|Any CPU
		{74E55723-E0FB-455A-8389-1386A7CD2542}.Debug|iPhone.Build.0 = Debug|Any CPU
		{74E55723-E0FB-455A-8389-1386A7CD2542}.Debug|iPhoneSimulator.ActiveCfg = Debug|Any CPU
		{74E55723-E0FB-455A-8389-1386A7CD2542}.Debug|iPhoneSimulator.Build.0 = Debug|Any CPU
		{74E55723-E0FB-455A-8389-1386A7CD2542}.Debug|x64.ActiveCfg = Debug|Any CPU
		{74E55723-E0FB-455A-8389-1386A7CD2542}.Debug|x64.Build.0 = Debug|Any CPU
		{74E55723-E0FB-455A-8389-1386A7CD2542}.Debug|x86.ActiveCfg = Debug|Any CPU
		{74E55723-E0FB-455A-8389-1386A7CD2542}.Debug|x86.Build.0 = Debug|Any CPU
		{74E55723-E0FB-455A-8389-1386A7CD2542}.Release|Any CPU.ActiveCfg = Release|Any CPU
		{74E55723-E0FB-455A-8389-1386A7CD2542}.Release|Any CPU.Build.0 = Release|Any CPU
		{74E55723-E0FB-455A-8389-1386A7CD2542}.Release|ARM.ActiveCfg = Release|Any CPU
		{74E55723-E0FB-455A-8389-1386A7CD2542}.Release|ARM.Build.0 = Release|Any CPU
		{74E55723-E0FB-455A-8389-1386A7CD2542}.Release|ARM64.ActiveCfg = Release|Any CPU
		{74E55723-E0FB-455A-8389-1386A7CD2542}.Release|ARM64.Build.0 = Release|Any CPU
		{74E55723-E0FB-455A-8389-1386A7CD2542}.Release|iPhone.ActiveCfg = Release|Any CPU
		{74E55723-E0FB-455A-8389-1386A7CD2542}.Release|iPhone.Build.0 = Release|Any CPU
		{74E55723-E0FB-455A-8389-1386A7CD2542}.Release|iPhoneSimulator.ActiveCfg = Release|Any CPU
		{74E55723-E0FB-455A-8389-1386A7CD2542}.Release|iPhoneSimulator.Build.0 = Release|Any CPU
		{74E55723-E0FB-455A-8389-1386A7CD2542}.Release|x64.ActiveCfg = Release|Any CPU
		{74E55723-E0FB-455A-8389-1386A7CD2542}.Release|x64.Build.0 = Release|Any CPU
		{74E55723-E0FB-455A-8389-1386A7CD2542}.Release|x86.ActiveCfg = Release|Any CPU
		{74E55723-E0FB-455A-8389-1386A7CD2542}.Release|x86.Build.0 = Release|Any CPU
		{37F5D33B-50CD-4A69-BB15-8F5B1F72E3DB}.Debug|Any CPU.ActiveCfg = Debug|Any CPU
		{37F5D33B-50CD-4A69-BB15-8F5B1F72E3DB}.Debug|Any CPU.Build.0 = Debug|Any CPU
		{37F5D33B-50CD-4A69-BB15-8F5B1F72E3DB}.Debug|ARM.ActiveCfg = Debug|Any CPU
		{37F5D33B-50CD-4A69-BB15-8F5B1F72E3DB}.Debug|ARM.Build.0 = Debug|Any CPU
		{37F5D33B-50CD-4A69-BB15-8F5B1F72E3DB}.Debug|ARM64.ActiveCfg = Debug|Any CPU
		{37F5D33B-50CD-4A69-BB15-8F5B1F72E3DB}.Debug|ARM64.Build.0 = Debug|Any CPU
		{37F5D33B-50CD-4A69-BB15-8F5B1F72E3DB}.Debug|iPhone.ActiveCfg = Debug|Any CPU
		{37F5D33B-50CD-4A69-BB15-8F5B1F72E3DB}.Debug|iPhone.Build.0 = Debug|Any CPU
		{37F5D33B-50CD-4A69-BB15-8F5B1F72E3DB}.Debug|iPhoneSimulator.ActiveCfg = Debug|Any CPU
		{37F5D33B-50CD-4A69-BB15-8F5B1F72E3DB}.Debug|iPhoneSimulator.Build.0 = Debug|Any CPU
		{37F5D33B-50CD-4A69-BB15-8F5B1F72E3DB}.Debug|x64.ActiveCfg = Debug|Any CPU
		{37F5D33B-50CD-4A69-BB15-8F5B1F72E3DB}.Debug|x64.Build.0 = Debug|Any CPU
		{37F5D33B-50CD-4A69-BB15-8F5B1F72E3DB}.Debug|x86.ActiveCfg = Debug|Any CPU
		{37F5D33B-50CD-4A69-BB15-8F5B1F72E3DB}.Debug|x86.Build.0 = Debug|Any CPU
		{37F5D33B-50CD-4A69-BB15-8F5B1F72E3DB}.Release|Any CPU.ActiveCfg = Release|Any CPU
		{37F5D33B-50CD-4A69-BB15-8F5B1F72E3DB}.Release|Any CPU.Build.0 = Release|Any CPU
		{37F5D33B-50CD-4A69-BB15-8F5B1F72E3DB}.Release|ARM.ActiveCfg = Release|Any CPU
		{37F5D33B-50CD-4A69-BB15-8F5B1F72E3DB}.Release|ARM.Build.0 = Release|Any CPU
		{37F5D33B-50CD-4A69-BB15-8F5B1F72E3DB}.Release|ARM64.ActiveCfg = Release|Any CPU
		{37F5D33B-50CD-4A69-BB15-8F5B1F72E3DB}.Release|ARM64.Build.0 = Release|Any CPU
		{37F5D33B-50CD-4A69-BB15-8F5B1F72E3DB}.Release|iPhone.ActiveCfg = Release|Any CPU
		{37F5D33B-50CD-4A69-BB15-8F5B1F72E3DB}.Release|iPhone.Build.0 = Release|Any CPU
		{37F5D33B-50CD-4A69-BB15-8F5B1F72E3DB}.Release|iPhoneSimulator.ActiveCfg = Release|Any CPU
		{37F5D33B-50CD-4A69-BB15-8F5B1F72E3DB}.Release|iPhoneSimulator.Build.0 = Release|Any CPU
		{37F5D33B-50CD-4A69-BB15-8F5B1F72E3DB}.Release|x64.ActiveCfg = Release|Any CPU
		{37F5D33B-50CD-4A69-BB15-8F5B1F72E3DB}.Release|x64.Build.0 = Release|Any CPU
		{37F5D33B-50CD-4A69-BB15-8F5B1F72E3DB}.Release|x86.ActiveCfg = Release|Any CPU
		{37F5D33B-50CD-4A69-BB15-8F5B1F72E3DB}.Release|x86.Build.0 = Release|Any CPU
		{FA766A5D-9AAF-4049-86BC-78A67C78BDF5}.Debug|Any CPU.ActiveCfg = Debug|Any CPU
		{FA766A5D-9AAF-4049-86BC-78A67C78BDF5}.Debug|Any CPU.Build.0 = Debug|Any CPU
		{FA766A5D-9AAF-4049-86BC-78A67C78BDF5}.Debug|ARM.ActiveCfg = Debug|Any CPU
		{FA766A5D-9AAF-4049-86BC-78A67C78BDF5}.Debug|ARM.Build.0 = Debug|Any CPU
		{FA766A5D-9AAF-4049-86BC-78A67C78BDF5}.Debug|ARM64.ActiveCfg = Debug|Any CPU
		{FA766A5D-9AAF-4049-86BC-78A67C78BDF5}.Debug|ARM64.Build.0 = Debug|Any CPU
		{FA766A5D-9AAF-4049-86BC-78A67C78BDF5}.Debug|iPhone.ActiveCfg = Debug|Any CPU
		{FA766A5D-9AAF-4049-86BC-78A67C78BDF5}.Debug|iPhone.Build.0 = Debug|Any CPU
		{FA766A5D-9AAF-4049-86BC-78A67C78BDF5}.Debug|iPhoneSimulator.ActiveCfg = Debug|Any CPU
		{FA766A5D-9AAF-4049-86BC-78A67C78BDF5}.Debug|iPhoneSimulator.Build.0 = Debug|Any CPU
		{FA766A5D-9AAF-4049-86BC-78A67C78BDF5}.Debug|x64.ActiveCfg = Debug|Any CPU
		{FA766A5D-9AAF-4049-86BC-78A67C78BDF5}.Debug|x64.Build.0 = Debug|Any CPU
		{FA766A5D-9AAF-4049-86BC-78A67C78BDF5}.Debug|x86.ActiveCfg = Debug|Any CPU
		{FA766A5D-9AAF-4049-86BC-78A67C78BDF5}.Debug|x86.Build.0 = Debug|Any CPU
		{FA766A5D-9AAF-4049-86BC-78A67C78BDF5}.Release|Any CPU.ActiveCfg = Release|Any CPU
		{FA766A5D-9AAF-4049-86BC-78A67C78BDF5}.Release|Any CPU.Build.0 = Release|Any CPU
		{FA766A5D-9AAF-4049-86BC-78A67C78BDF5}.Release|ARM.ActiveCfg = Release|Any CPU
		{FA766A5D-9AAF-4049-86BC-78A67C78BDF5}.Release|ARM.Build.0 = Release|Any CPU
		{FA766A5D-9AAF-4049-86BC-78A67C78BDF5}.Release|ARM64.ActiveCfg = Release|Any CPU
		{FA766A5D-9AAF-4049-86BC-78A67C78BDF5}.Release|ARM64.Build.0 = Release|Any CPU
		{FA766A5D-9AAF-4049-86BC-78A67C78BDF5}.Release|iPhone.ActiveCfg = Release|Any CPU
		{FA766A5D-9AAF-4049-86BC-78A67C78BDF5}.Release|iPhone.Build.0 = Release|Any CPU
		{FA766A5D-9AAF-4049-86BC-78A67C78BDF5}.Release|iPhoneSimulator.ActiveCfg = Release|Any CPU
		{FA766A5D-9AAF-4049-86BC-78A67C78BDF5}.Release|iPhoneSimulator.Build.0 = Release|Any CPU
		{FA766A5D-9AAF-4049-86BC-78A67C78BDF5}.Release|x64.ActiveCfg = Release|Any CPU
		{FA766A5D-9AAF-4049-86BC-78A67C78BDF5}.Release|x64.Build.0 = Release|Any CPU
		{FA766A5D-9AAF-4049-86BC-78A67C78BDF5}.Release|x86.ActiveCfg = Release|Any CPU
		{FA766A5D-9AAF-4049-86BC-78A67C78BDF5}.Release|x86.Build.0 = Release|Any CPU
		{DC4FBE18-C8FD-4932-9D69-06414C54009E}.Debug|Any CPU.ActiveCfg = Debug|Any CPU
		{DC4FBE18-C8FD-4932-9D69-06414C54009E}.Debug|Any CPU.Build.0 = Debug|Any CPU
		{DC4FBE18-C8FD-4932-9D69-06414C54009E}.Debug|ARM.ActiveCfg = Debug|Any CPU
		{DC4FBE18-C8FD-4932-9D69-06414C54009E}.Debug|ARM.Build.0 = Debug|Any CPU
		{DC4FBE18-C8FD-4932-9D69-06414C54009E}.Debug|ARM64.ActiveCfg = Debug|Any CPU
		{DC4FBE18-C8FD-4932-9D69-06414C54009E}.Debug|ARM64.Build.0 = Debug|Any CPU
		{DC4FBE18-C8FD-4932-9D69-06414C54009E}.Debug|iPhone.ActiveCfg = Debug|Any CPU
		{DC4FBE18-C8FD-4932-9D69-06414C54009E}.Debug|iPhone.Build.0 = Debug|Any CPU
		{DC4FBE18-C8FD-4932-9D69-06414C54009E}.Debug|iPhoneSimulator.ActiveCfg = Debug|Any CPU
		{DC4FBE18-C8FD-4932-9D69-06414C54009E}.Debug|iPhoneSimulator.Build.0 = Debug|Any CPU
		{DC4FBE18-C8FD-4932-9D69-06414C54009E}.Debug|x64.ActiveCfg = Debug|Any CPU
		{DC4FBE18-C8FD-4932-9D69-06414C54009E}.Debug|x64.Build.0 = Debug|Any CPU
		{DC4FBE18-C8FD-4932-9D69-06414C54009E}.Debug|x86.ActiveCfg = Debug|Any CPU
		{DC4FBE18-C8FD-4932-9D69-06414C54009E}.Debug|x86.Build.0 = Debug|Any CPU
		{DC4FBE18-C8FD-4932-9D69-06414C54009E}.Release|Any CPU.ActiveCfg = Release|Any CPU
		{DC4FBE18-C8FD-4932-9D69-06414C54009E}.Release|Any CPU.Build.0 = Release|Any CPU
		{DC4FBE18-C8FD-4932-9D69-06414C54009E}.Release|ARM.ActiveCfg = Release|Any CPU
		{DC4FBE18-C8FD-4932-9D69-06414C54009E}.Release|ARM.Build.0 = Release|Any CPU
		{DC4FBE18-C8FD-4932-9D69-06414C54009E}.Release|ARM64.ActiveCfg = Release|Any CPU
		{DC4FBE18-C8FD-4932-9D69-06414C54009E}.Release|ARM64.Build.0 = Release|Any CPU
		{DC4FBE18-C8FD-4932-9D69-06414C54009E}.Release|iPhone.ActiveCfg = Release|Any CPU
		{DC4FBE18-C8FD-4932-9D69-06414C54009E}.Release|iPhone.Build.0 = Release|Any CPU
		{DC4FBE18-C8FD-4932-9D69-06414C54009E}.Release|iPhoneSimulator.ActiveCfg = Release|Any CPU
		{DC4FBE18-C8FD-4932-9D69-06414C54009E}.Release|iPhoneSimulator.Build.0 = Release|Any CPU
		{DC4FBE18-C8FD-4932-9D69-06414C54009E}.Release|x64.ActiveCfg = Release|Any CPU
		{DC4FBE18-C8FD-4932-9D69-06414C54009E}.Release|x64.Build.0 = Release|Any CPU
		{DC4FBE18-C8FD-4932-9D69-06414C54009E}.Release|x86.ActiveCfg = Release|Any CPU
		{DC4FBE18-C8FD-4932-9D69-06414C54009E}.Release|x86.Build.0 = Release|Any CPU
		{73CAC99C-CBB4-4527-B6C0-56B5EE3B3464}.Debug|Any CPU.ActiveCfg = Debug|Any CPU
		{73CAC99C-CBB4-4527-B6C0-56B5EE3B3464}.Debug|Any CPU.Build.0 = Debug|Any CPU
		{73CAC99C-CBB4-4527-B6C0-56B5EE3B3464}.Debug|ARM.ActiveCfg = Debug|Any CPU
		{73CAC99C-CBB4-4527-B6C0-56B5EE3B3464}.Debug|ARM.Build.0 = Debug|Any CPU
		{73CAC99C-CBB4-4527-B6C0-56B5EE3B3464}.Debug|ARM64.ActiveCfg = Debug|Any CPU
		{73CAC99C-CBB4-4527-B6C0-56B5EE3B3464}.Debug|ARM64.Build.0 = Debug|Any CPU
		{73CAC99C-CBB4-4527-B6C0-56B5EE3B3464}.Debug|iPhone.ActiveCfg = Debug|Any CPU
		{73CAC99C-CBB4-4527-B6C0-56B5EE3B3464}.Debug|iPhone.Build.0 = Debug|Any CPU
		{73CAC99C-CBB4-4527-B6C0-56B5EE3B3464}.Debug|iPhoneSimulator.ActiveCfg = Debug|Any CPU
		{73CAC99C-CBB4-4527-B6C0-56B5EE3B3464}.Debug|iPhoneSimulator.Build.0 = Debug|Any CPU
		{73CAC99C-CBB4-4527-B6C0-56B5EE3B3464}.Debug|x64.ActiveCfg = Debug|x64
		{73CAC99C-CBB4-4527-B6C0-56B5EE3B3464}.Debug|x64.Build.0 = Debug|x64
		{73CAC99C-CBB4-4527-B6C0-56B5EE3B3464}.Debug|x86.ActiveCfg = Debug|x86
		{73CAC99C-CBB4-4527-B6C0-56B5EE3B3464}.Debug|x86.Build.0 = Debug|x86
		{73CAC99C-CBB4-4527-B6C0-56B5EE3B3464}.Release|Any CPU.ActiveCfg = Release|Any CPU
		{73CAC99C-CBB4-4527-B6C0-56B5EE3B3464}.Release|Any CPU.Build.0 = Release|Any CPU
		{73CAC99C-CBB4-4527-B6C0-56B5EE3B3464}.Release|ARM.ActiveCfg = Release|Any CPU
		{73CAC99C-CBB4-4527-B6C0-56B5EE3B3464}.Release|ARM.Build.0 = Release|Any CPU
		{73CAC99C-CBB4-4527-B6C0-56B5EE3B3464}.Release|ARM64.ActiveCfg = Release|Any CPU
		{73CAC99C-CBB4-4527-B6C0-56B5EE3B3464}.Release|ARM64.Build.0 = Release|Any CPU
		{73CAC99C-CBB4-4527-B6C0-56B5EE3B3464}.Release|iPhone.ActiveCfg = Release|Any CPU
		{73CAC99C-CBB4-4527-B6C0-56B5EE3B3464}.Release|iPhone.Build.0 = Release|Any CPU
		{73CAC99C-CBB4-4527-B6C0-56B5EE3B3464}.Release|iPhoneSimulator.ActiveCfg = Release|Any CPU
		{73CAC99C-CBB4-4527-B6C0-56B5EE3B3464}.Release|iPhoneSimulator.Build.0 = Release|Any CPU
		{73CAC99C-CBB4-4527-B6C0-56B5EE3B3464}.Release|x64.ActiveCfg = Release|x64
		{73CAC99C-CBB4-4527-B6C0-56B5EE3B3464}.Release|x64.Build.0 = Release|x64
		{73CAC99C-CBB4-4527-B6C0-56B5EE3B3464}.Release|x86.ActiveCfg = Release|x86
		{73CAC99C-CBB4-4527-B6C0-56B5EE3B3464}.Release|x86.Build.0 = Release|x86
		{113AEF67-92D6-4AE2-9013-8130CC6E8547}.Debug|Any CPU.ActiveCfg = Debug|Any CPU
		{113AEF67-92D6-4AE2-9013-8130CC6E8547}.Debug|Any CPU.Build.0 = Debug|Any CPU
		{113AEF67-92D6-4AE2-9013-8130CC6E8547}.Debug|ARM.ActiveCfg = Debug|Any CPU
		{113AEF67-92D6-4AE2-9013-8130CC6E8547}.Debug|ARM.Build.0 = Debug|Any CPU
		{113AEF67-92D6-4AE2-9013-8130CC6E8547}.Debug|ARM64.ActiveCfg = Debug|Any CPU
		{113AEF67-92D6-4AE2-9013-8130CC6E8547}.Debug|ARM64.Build.0 = Debug|Any CPU
		{113AEF67-92D6-4AE2-9013-8130CC6E8547}.Debug|iPhone.ActiveCfg = Debug|Any CPU
		{113AEF67-92D6-4AE2-9013-8130CC6E8547}.Debug|iPhone.Build.0 = Debug|Any CPU
		{113AEF67-92D6-4AE2-9013-8130CC6E8547}.Debug|iPhoneSimulator.ActiveCfg = Debug|Any CPU
		{113AEF67-92D6-4AE2-9013-8130CC6E8547}.Debug|iPhoneSimulator.Build.0 = Debug|Any CPU
		{113AEF67-92D6-4AE2-9013-8130CC6E8547}.Debug|x64.ActiveCfg = Debug|Any CPU
		{113AEF67-92D6-4AE2-9013-8130CC6E8547}.Debug|x64.Build.0 = Debug|Any CPU
		{113AEF67-92D6-4AE2-9013-8130CC6E8547}.Debug|x86.ActiveCfg = Debug|Any CPU
		{113AEF67-92D6-4AE2-9013-8130CC6E8547}.Debug|x86.Build.0 = Debug|Any CPU
		{113AEF67-92D6-4AE2-9013-8130CC6E8547}.Release|Any CPU.ActiveCfg = Release|Any CPU
		{113AEF67-92D6-4AE2-9013-8130CC6E8547}.Release|Any CPU.Build.0 = Release|Any CPU
		{113AEF67-92D6-4AE2-9013-8130CC6E8547}.Release|ARM.ActiveCfg = Release|Any CPU
		{113AEF67-92D6-4AE2-9013-8130CC6E8547}.Release|ARM.Build.0 = Release|Any CPU
		{113AEF67-92D6-4AE2-9013-8130CC6E8547}.Release|ARM64.ActiveCfg = Release|Any CPU
		{113AEF67-92D6-4AE2-9013-8130CC6E8547}.Release|ARM64.Build.0 = Release|Any CPU
		{113AEF67-92D6-4AE2-9013-8130CC6E8547}.Release|iPhone.ActiveCfg = Release|Any CPU
		{113AEF67-92D6-4AE2-9013-8130CC6E8547}.Release|iPhone.Build.0 = Release|Any CPU
		{113AEF67-92D6-4AE2-9013-8130CC6E8547}.Release|iPhoneSimulator.ActiveCfg = Release|Any CPU
		{113AEF67-92D6-4AE2-9013-8130CC6E8547}.Release|iPhoneSimulator.Build.0 = Release|Any CPU
		{113AEF67-92D6-4AE2-9013-8130CC6E8547}.Release|x64.ActiveCfg = Release|Any CPU
		{113AEF67-92D6-4AE2-9013-8130CC6E8547}.Release|x64.Build.0 = Release|Any CPU
		{113AEF67-92D6-4AE2-9013-8130CC6E8547}.Release|x86.ActiveCfg = Release|Any CPU
		{113AEF67-92D6-4AE2-9013-8130CC6E8547}.Release|x86.Build.0 = Release|Any CPU
		{23396266-F6DD-4416-B0C6-B44B761B2B20}.Debug|Any CPU.ActiveCfg = Debug|Any CPU
		{23396266-F6DD-4416-B0C6-B44B761B2B20}.Debug|Any CPU.Build.0 = Debug|Any CPU
		{23396266-F6DD-4416-B0C6-B44B761B2B20}.Debug|ARM.ActiveCfg = Debug|Any CPU
		{23396266-F6DD-4416-B0C6-B44B761B2B20}.Debug|ARM.Build.0 = Debug|Any CPU
		{23396266-F6DD-4416-B0C6-B44B761B2B20}.Debug|ARM64.ActiveCfg = Debug|Any CPU
		{23396266-F6DD-4416-B0C6-B44B761B2B20}.Debug|ARM64.Build.0 = Debug|Any CPU
		{23396266-F6DD-4416-B0C6-B44B761B2B20}.Debug|iPhone.ActiveCfg = Debug|Any CPU
		{23396266-F6DD-4416-B0C6-B44B761B2B20}.Debug|iPhone.Build.0 = Debug|Any CPU
		{23396266-F6DD-4416-B0C6-B44B761B2B20}.Debug|iPhoneSimulator.ActiveCfg = Debug|Any CPU
		{23396266-F6DD-4416-B0C6-B44B761B2B20}.Debug|iPhoneSimulator.Build.0 = Debug|Any CPU
		{23396266-F6DD-4416-B0C6-B44B761B2B20}.Debug|x64.ActiveCfg = Debug|Any CPU
		{23396266-F6DD-4416-B0C6-B44B761B2B20}.Debug|x64.Build.0 = Debug|Any CPU
		{23396266-F6DD-4416-B0C6-B44B761B2B20}.Debug|x86.ActiveCfg = Debug|Any CPU
		{23396266-F6DD-4416-B0C6-B44B761B2B20}.Debug|x86.Build.0 = Debug|Any CPU
		{23396266-F6DD-4416-B0C6-B44B761B2B20}.Release|Any CPU.ActiveCfg = Release|Any CPU
		{23396266-F6DD-4416-B0C6-B44B761B2B20}.Release|Any CPU.Build.0 = Release|Any CPU
		{23396266-F6DD-4416-B0C6-B44B761B2B20}.Release|ARM.ActiveCfg = Release|Any CPU
		{23396266-F6DD-4416-B0C6-B44B761B2B20}.Release|ARM.Build.0 = Release|Any CPU
		{23396266-F6DD-4416-B0C6-B44B761B2B20}.Release|ARM64.ActiveCfg = Release|Any CPU
		{23396266-F6DD-4416-B0C6-B44B761B2B20}.Release|ARM64.Build.0 = Release|Any CPU
		{23396266-F6DD-4416-B0C6-B44B761B2B20}.Release|iPhone.ActiveCfg = Release|Any CPU
		{23396266-F6DD-4416-B0C6-B44B761B2B20}.Release|iPhone.Build.0 = Release|Any CPU
		{23396266-F6DD-4416-B0C6-B44B761B2B20}.Release|iPhoneSimulator.ActiveCfg = Release|Any CPU
		{23396266-F6DD-4416-B0C6-B44B761B2B20}.Release|iPhoneSimulator.Build.0 = Release|Any CPU
		{23396266-F6DD-4416-B0C6-B44B761B2B20}.Release|x64.ActiveCfg = Release|Any CPU
		{23396266-F6DD-4416-B0C6-B44B761B2B20}.Release|x64.Build.0 = Release|Any CPU
		{23396266-F6DD-4416-B0C6-B44B761B2B20}.Release|x86.ActiveCfg = Release|Any CPU
		{23396266-F6DD-4416-B0C6-B44B761B2B20}.Release|x86.Build.0 = Release|Any CPU
		{B0893FD9-9DE0-4C9C-B828-64F041AA4881}.Debug|Any CPU.ActiveCfg = Debug|Any CPU
		{B0893FD9-9DE0-4C9C-B828-64F041AA4881}.Debug|Any CPU.Build.0 = Debug|Any CPU
		{B0893FD9-9DE0-4C9C-B828-64F041AA4881}.Debug|ARM.ActiveCfg = Debug|Any CPU
		{B0893FD9-9DE0-4C9C-B828-64F041AA4881}.Debug|ARM.Build.0 = Debug|Any CPU
		{B0893FD9-9DE0-4C9C-B828-64F041AA4881}.Debug|ARM64.ActiveCfg = Debug|Any CPU
		{B0893FD9-9DE0-4C9C-B828-64F041AA4881}.Debug|ARM64.Build.0 = Debug|Any CPU
		{B0893FD9-9DE0-4C9C-B828-64F041AA4881}.Debug|iPhone.ActiveCfg = Debug|Any CPU
		{B0893FD9-9DE0-4C9C-B828-64F041AA4881}.Debug|iPhone.Build.0 = Debug|Any CPU
		{B0893FD9-9DE0-4C9C-B828-64F041AA4881}.Debug|iPhoneSimulator.ActiveCfg = Debug|Any CPU
		{B0893FD9-9DE0-4C9C-B828-64F041AA4881}.Debug|iPhoneSimulator.Build.0 = Debug|Any CPU
		{B0893FD9-9DE0-4C9C-B828-64F041AA4881}.Debug|x64.ActiveCfg = Debug|Any CPU
		{B0893FD9-9DE0-4C9C-B828-64F041AA4881}.Debug|x64.Build.0 = Debug|Any CPU
		{B0893FD9-9DE0-4C9C-B828-64F041AA4881}.Debug|x86.ActiveCfg = Debug|Any CPU
		{B0893FD9-9DE0-4C9C-B828-64F041AA4881}.Debug|x86.Build.0 = Debug|Any CPU
		{B0893FD9-9DE0-4C9C-B828-64F041AA4881}.Release|Any CPU.ActiveCfg = Release|Any CPU
		{B0893FD9-9DE0-4C9C-B828-64F041AA4881}.Release|Any CPU.Build.0 = Release|Any CPU
		{B0893FD9-9DE0-4C9C-B828-64F041AA4881}.Release|ARM.ActiveCfg = Release|Any CPU
		{B0893FD9-9DE0-4C9C-B828-64F041AA4881}.Release|ARM.Build.0 = Release|Any CPU
		{B0893FD9-9DE0-4C9C-B828-64F041AA4881}.Release|ARM64.ActiveCfg = Release|Any CPU
		{B0893FD9-9DE0-4C9C-B828-64F041AA4881}.Release|ARM64.Build.0 = Release|Any CPU
		{B0893FD9-9DE0-4C9C-B828-64F041AA4881}.Release|iPhone.ActiveCfg = Release|Any CPU
		{B0893FD9-9DE0-4C9C-B828-64F041AA4881}.Release|iPhone.Build.0 = Release|Any CPU
		{B0893FD9-9DE0-4C9C-B828-64F041AA4881}.Release|iPhoneSimulator.ActiveCfg = Release|Any CPU
		{B0893FD9-9DE0-4C9C-B828-64F041AA4881}.Release|iPhoneSimulator.Build.0 = Release|Any CPU
		{B0893FD9-9DE0-4C9C-B828-64F041AA4881}.Release|x64.ActiveCfg = Release|Any CPU
		{B0893FD9-9DE0-4C9C-B828-64F041AA4881}.Release|x64.Build.0 = Release|Any CPU
		{B0893FD9-9DE0-4C9C-B828-64F041AA4881}.Release|x86.ActiveCfg = Release|Any CPU
		{B0893FD9-9DE0-4C9C-B828-64F041AA4881}.Release|x86.Build.0 = Release|Any CPU
		{7F65F9B9-562E-431D-B12E-3E0A53E979E3}.Debug|Any CPU.ActiveCfg = Debug|Any CPU
		{7F65F9B9-562E-431D-B12E-3E0A53E979E3}.Debug|Any CPU.Build.0 = Debug|Any CPU
		{7F65F9B9-562E-431D-B12E-3E0A53E979E3}.Debug|ARM.ActiveCfg = Debug|Any CPU
		{7F65F9B9-562E-431D-B12E-3E0A53E979E3}.Debug|ARM.Build.0 = Debug|Any CPU
		{7F65F9B9-562E-431D-B12E-3E0A53E979E3}.Debug|ARM64.ActiveCfg = Debug|Any CPU
		{7F65F9B9-562E-431D-B12E-3E0A53E979E3}.Debug|ARM64.Build.0 = Debug|Any CPU
		{7F65F9B9-562E-431D-B12E-3E0A53E979E3}.Debug|iPhone.ActiveCfg = Debug|Any CPU
		{7F65F9B9-562E-431D-B12E-3E0A53E979E3}.Debug|iPhone.Build.0 = Debug|Any CPU
		{7F65F9B9-562E-431D-B12E-3E0A53E979E3}.Debug|iPhoneSimulator.ActiveCfg = Debug|Any CPU
		{7F65F9B9-562E-431D-B12E-3E0A53E979E3}.Debug|iPhoneSimulator.Build.0 = Debug|Any CPU
		{7F65F9B9-562E-431D-B12E-3E0A53E979E3}.Debug|x64.ActiveCfg = Debug|Any CPU
		{7F65F9B9-562E-431D-B12E-3E0A53E979E3}.Debug|x64.Build.0 = Debug|Any CPU
		{7F65F9B9-562E-431D-B12E-3E0A53E979E3}.Debug|x86.ActiveCfg = Debug|Any CPU
		{7F65F9B9-562E-431D-B12E-3E0A53E979E3}.Debug|x86.Build.0 = Debug|Any CPU
		{7F65F9B9-562E-431D-B12E-3E0A53E979E3}.Release|Any CPU.ActiveCfg = Release|Any CPU
		{7F65F9B9-562E-431D-B12E-3E0A53E979E3}.Release|Any CPU.Build.0 = Release|Any CPU
		{7F65F9B9-562E-431D-B12E-3E0A53E979E3}.Release|ARM.ActiveCfg = Release|Any CPU
		{7F65F9B9-562E-431D-B12E-3E0A53E979E3}.Release|ARM.Build.0 = Release|Any CPU
		{7F65F9B9-562E-431D-B12E-3E0A53E979E3}.Release|ARM64.ActiveCfg = Release|Any CPU
		{7F65F9B9-562E-431D-B12E-3E0A53E979E3}.Release|ARM64.Build.0 = Release|Any CPU
		{7F65F9B9-562E-431D-B12E-3E0A53E979E3}.Release|iPhone.ActiveCfg = Release|Any CPU
		{7F65F9B9-562E-431D-B12E-3E0A53E979E3}.Release|iPhone.Build.0 = Release|Any CPU
		{7F65F9B9-562E-431D-B12E-3E0A53E979E3}.Release|iPhoneSimulator.ActiveCfg = Release|Any CPU
		{7F65F9B9-562E-431D-B12E-3E0A53E979E3}.Release|iPhoneSimulator.Build.0 = Release|Any CPU
		{7F65F9B9-562E-431D-B12E-3E0A53E979E3}.Release|x64.ActiveCfg = Release|Any CPU
		{7F65F9B9-562E-431D-B12E-3E0A53E979E3}.Release|x64.Build.0 = Release|Any CPU
		{7F65F9B9-562E-431D-B12E-3E0A53E979E3}.Release|x86.ActiveCfg = Release|Any CPU
		{7F65F9B9-562E-431D-B12E-3E0A53E979E3}.Release|x86.Build.0 = Release|Any CPU
		{CAF5B2C4-48DB-41FE-B2C5-8D74F6A1DE77}.Debug|Any CPU.ActiveCfg = Debug|Any CPU
		{CAF5B2C4-48DB-41FE-B2C5-8D74F6A1DE77}.Debug|Any CPU.Build.0 = Debug|Any CPU
		{CAF5B2C4-48DB-41FE-B2C5-8D74F6A1DE77}.Debug|ARM.ActiveCfg = Debug|Any CPU
		{CAF5B2C4-48DB-41FE-B2C5-8D74F6A1DE77}.Debug|ARM.Build.0 = Debug|Any CPU
		{CAF5B2C4-48DB-41FE-B2C5-8D74F6A1DE77}.Debug|ARM64.ActiveCfg = Debug|Any CPU
		{CAF5B2C4-48DB-41FE-B2C5-8D74F6A1DE77}.Debug|ARM64.Build.0 = Debug|Any CPU
		{CAF5B2C4-48DB-41FE-B2C5-8D74F6A1DE77}.Debug|iPhone.ActiveCfg = Debug|Any CPU
		{CAF5B2C4-48DB-41FE-B2C5-8D74F6A1DE77}.Debug|iPhone.Build.0 = Debug|Any CPU
		{CAF5B2C4-48DB-41FE-B2C5-8D74F6A1DE77}.Debug|iPhoneSimulator.ActiveCfg = Debug|Any CPU
		{CAF5B2C4-48DB-41FE-B2C5-8D74F6A1DE77}.Debug|iPhoneSimulator.Build.0 = Debug|Any CPU
		{CAF5B2C4-48DB-41FE-B2C5-8D74F6A1DE77}.Debug|x64.ActiveCfg = Debug|Any CPU
		{CAF5B2C4-48DB-41FE-B2C5-8D74F6A1DE77}.Debug|x64.Build.0 = Debug|Any CPU
		{CAF5B2C4-48DB-41FE-B2C5-8D74F6A1DE77}.Debug|x86.ActiveCfg = Debug|Any CPU
		{CAF5B2C4-48DB-41FE-B2C5-8D74F6A1DE77}.Debug|x86.Build.0 = Debug|Any CPU
		{CAF5B2C4-48DB-41FE-B2C5-8D74F6A1DE77}.Release|Any CPU.ActiveCfg = Release|Any CPU
		{CAF5B2C4-48DB-41FE-B2C5-8D74F6A1DE77}.Release|Any CPU.Build.0 = Release|Any CPU
		{CAF5B2C4-48DB-41FE-B2C5-8D74F6A1DE77}.Release|ARM.ActiveCfg = Release|Any CPU
		{CAF5B2C4-48DB-41FE-B2C5-8D74F6A1DE77}.Release|ARM.Build.0 = Release|Any CPU
		{CAF5B2C4-48DB-41FE-B2C5-8D74F6A1DE77}.Release|ARM64.ActiveCfg = Release|Any CPU
		{CAF5B2C4-48DB-41FE-B2C5-8D74F6A1DE77}.Release|ARM64.Build.0 = Release|Any CPU
		{CAF5B2C4-48DB-41FE-B2C5-8D74F6A1DE77}.Release|iPhone.ActiveCfg = Release|Any CPU
		{CAF5B2C4-48DB-41FE-B2C5-8D74F6A1DE77}.Release|iPhone.Build.0 = Release|Any CPU
		{CAF5B2C4-48DB-41FE-B2C5-8D74F6A1DE77}.Release|iPhoneSimulator.ActiveCfg = Release|Any CPU
		{CAF5B2C4-48DB-41FE-B2C5-8D74F6A1DE77}.Release|iPhoneSimulator.Build.0 = Release|Any CPU
		{CAF5B2C4-48DB-41FE-B2C5-8D74F6A1DE77}.Release|x64.ActiveCfg = Release|Any CPU
		{CAF5B2C4-48DB-41FE-B2C5-8D74F6A1DE77}.Release|x64.Build.0 = Release|Any CPU
		{CAF5B2C4-48DB-41FE-B2C5-8D74F6A1DE77}.Release|x86.ActiveCfg = Release|Any CPU
		{CAF5B2C4-48DB-41FE-B2C5-8D74F6A1DE77}.Release|x86.Build.0 = Release|Any CPU
		{87DBBE65-3943-4FD4-8BFD-1F41A99F7176}.Debug|Any CPU.ActiveCfg = Debug|Any CPU
		{87DBBE65-3943-4FD4-8BFD-1F41A99F7176}.Debug|Any CPU.Build.0 = Debug|Any CPU
		{87DBBE65-3943-4FD4-8BFD-1F41A99F7176}.Debug|ARM.ActiveCfg = Debug|Any CPU
		{87DBBE65-3943-4FD4-8BFD-1F41A99F7176}.Debug|ARM.Build.0 = Debug|Any CPU
		{87DBBE65-3943-4FD4-8BFD-1F41A99F7176}.Debug|ARM64.ActiveCfg = Debug|Any CPU
		{87DBBE65-3943-4FD4-8BFD-1F41A99F7176}.Debug|ARM64.Build.0 = Debug|Any CPU
		{87DBBE65-3943-4FD4-8BFD-1F41A99F7176}.Debug|iPhone.ActiveCfg = Debug|Any CPU
		{87DBBE65-3943-4FD4-8BFD-1F41A99F7176}.Debug|iPhone.Build.0 = Debug|Any CPU
		{87DBBE65-3943-4FD4-8BFD-1F41A99F7176}.Debug|iPhoneSimulator.ActiveCfg = Debug|Any CPU
		{87DBBE65-3943-4FD4-8BFD-1F41A99F7176}.Debug|iPhoneSimulator.Build.0 = Debug|Any CPU
		{87DBBE65-3943-4FD4-8BFD-1F41A99F7176}.Debug|x64.ActiveCfg = Debug|Any CPU
		{87DBBE65-3943-4FD4-8BFD-1F41A99F7176}.Debug|x64.Build.0 = Debug|Any CPU
		{87DBBE65-3943-4FD4-8BFD-1F41A99F7176}.Debug|x86.ActiveCfg = Debug|Any CPU
		{87DBBE65-3943-4FD4-8BFD-1F41A99F7176}.Debug|x86.Build.0 = Debug|Any CPU
		{87DBBE65-3943-4FD4-8BFD-1F41A99F7176}.Release|Any CPU.ActiveCfg = Release|Any CPU
		{87DBBE65-3943-4FD4-8BFD-1F41A99F7176}.Release|Any CPU.Build.0 = Release|Any CPU
		{87DBBE65-3943-4FD4-8BFD-1F41A99F7176}.Release|ARM.ActiveCfg = Release|Any CPU
		{87DBBE65-3943-4FD4-8BFD-1F41A99F7176}.Release|ARM.Build.0 = Release|Any CPU
		{87DBBE65-3943-4FD4-8BFD-1F41A99F7176}.Release|ARM64.ActiveCfg = Release|Any CPU
		{87DBBE65-3943-4FD4-8BFD-1F41A99F7176}.Release|ARM64.Build.0 = Release|Any CPU
		{87DBBE65-3943-4FD4-8BFD-1F41A99F7176}.Release|iPhone.ActiveCfg = Release|Any CPU
		{87DBBE65-3943-4FD4-8BFD-1F41A99F7176}.Release|iPhone.Build.0 = Release|Any CPU
		{87DBBE65-3943-4FD4-8BFD-1F41A99F7176}.Release|iPhoneSimulator.ActiveCfg = Release|Any CPU
		{87DBBE65-3943-4FD4-8BFD-1F41A99F7176}.Release|iPhoneSimulator.Build.0 = Release|Any CPU
		{87DBBE65-3943-4FD4-8BFD-1F41A99F7176}.Release|x64.ActiveCfg = Release|Any CPU
		{87DBBE65-3943-4FD4-8BFD-1F41A99F7176}.Release|x64.Build.0 = Release|Any CPU
		{87DBBE65-3943-4FD4-8BFD-1F41A99F7176}.Release|x86.ActiveCfg = Release|Any CPU
		{87DBBE65-3943-4FD4-8BFD-1F41A99F7176}.Release|x86.Build.0 = Release|Any CPU
		{B35EE145-0C2A-4BFA-BF28-6F488B6D9DFE}.Debug|Any CPU.ActiveCfg = Debug|Any CPU
		{B35EE145-0C2A-4BFA-BF28-6F488B6D9DFE}.Debug|Any CPU.Build.0 = Debug|Any CPU
		{B35EE145-0C2A-4BFA-BF28-6F488B6D9DFE}.Debug|ARM.ActiveCfg = Debug|Any CPU
		{B35EE145-0C2A-4BFA-BF28-6F488B6D9DFE}.Debug|ARM.Build.0 = Debug|Any CPU
		{B35EE145-0C2A-4BFA-BF28-6F488B6D9DFE}.Debug|ARM64.ActiveCfg = Debug|Any CPU
		{B35EE145-0C2A-4BFA-BF28-6F488B6D9DFE}.Debug|ARM64.Build.0 = Debug|Any CPU
		{B35EE145-0C2A-4BFA-BF28-6F488B6D9DFE}.Debug|iPhone.ActiveCfg = Debug|Any CPU
		{B35EE145-0C2A-4BFA-BF28-6F488B6D9DFE}.Debug|iPhone.Build.0 = Debug|Any CPU
		{B35EE145-0C2A-4BFA-BF28-6F488B6D9DFE}.Debug|iPhoneSimulator.ActiveCfg = Debug|Any CPU
		{B35EE145-0C2A-4BFA-BF28-6F488B6D9DFE}.Debug|iPhoneSimulator.Build.0 = Debug|Any CPU
		{B35EE145-0C2A-4BFA-BF28-6F488B6D9DFE}.Debug|x64.ActiveCfg = Debug|Any CPU
		{B35EE145-0C2A-4BFA-BF28-6F488B6D9DFE}.Debug|x64.Build.0 = Debug|Any CPU
		{B35EE145-0C2A-4BFA-BF28-6F488B6D9DFE}.Debug|x86.ActiveCfg = Debug|Any CPU
		{B35EE145-0C2A-4BFA-BF28-6F488B6D9DFE}.Debug|x86.Build.0 = Debug|Any CPU
		{B35EE145-0C2A-4BFA-BF28-6F488B6D9DFE}.Release|Any CPU.ActiveCfg = Release|Any CPU
		{B35EE145-0C2A-4BFA-BF28-6F488B6D9DFE}.Release|Any CPU.Build.0 = Release|Any CPU
		{B35EE145-0C2A-4BFA-BF28-6F488B6D9DFE}.Release|ARM.ActiveCfg = Release|Any CPU
		{B35EE145-0C2A-4BFA-BF28-6F488B6D9DFE}.Release|ARM.Build.0 = Release|Any CPU
		{B35EE145-0C2A-4BFA-BF28-6F488B6D9DFE}.Release|ARM64.ActiveCfg = Release|Any CPU
		{B35EE145-0C2A-4BFA-BF28-6F488B6D9DFE}.Release|ARM64.Build.0 = Release|Any CPU
		{B35EE145-0C2A-4BFA-BF28-6F488B6D9DFE}.Release|iPhone.ActiveCfg = Release|Any CPU
		{B35EE145-0C2A-4BFA-BF28-6F488B6D9DFE}.Release|iPhone.Build.0 = Release|Any CPU
		{B35EE145-0C2A-4BFA-BF28-6F488B6D9DFE}.Release|iPhoneSimulator.ActiveCfg = Release|Any CPU
		{B35EE145-0C2A-4BFA-BF28-6F488B6D9DFE}.Release|iPhoneSimulator.Build.0 = Release|Any CPU
		{B35EE145-0C2A-4BFA-BF28-6F488B6D9DFE}.Release|x64.ActiveCfg = Release|Any CPU
		{B35EE145-0C2A-4BFA-BF28-6F488B6D9DFE}.Release|x64.Build.0 = Release|Any CPU
		{B35EE145-0C2A-4BFA-BF28-6F488B6D9DFE}.Release|x86.ActiveCfg = Release|Any CPU
		{B35EE145-0C2A-4BFA-BF28-6F488B6D9DFE}.Release|x86.Build.0 = Release|Any CPU
		{ABCA411D-B855-43AF-BA9A-32F626709845}.Debug|Any CPU.ActiveCfg = Debug|Any CPU
		{ABCA411D-B855-43AF-BA9A-32F626709845}.Debug|Any CPU.Build.0 = Debug|Any CPU
		{ABCA411D-B855-43AF-BA9A-32F626709845}.Debug|ARM.ActiveCfg = Debug|Any CPU
		{ABCA411D-B855-43AF-BA9A-32F626709845}.Debug|ARM.Build.0 = Debug|Any CPU
		{ABCA411D-B855-43AF-BA9A-32F626709845}.Debug|ARM64.ActiveCfg = Debug|Any CPU
		{ABCA411D-B855-43AF-BA9A-32F626709845}.Debug|ARM64.Build.0 = Debug|Any CPU
		{ABCA411D-B855-43AF-BA9A-32F626709845}.Debug|iPhone.ActiveCfg = Debug|Any CPU
		{ABCA411D-B855-43AF-BA9A-32F626709845}.Debug|iPhone.Build.0 = Debug|Any CPU
		{ABCA411D-B855-43AF-BA9A-32F626709845}.Debug|iPhoneSimulator.ActiveCfg = Debug|Any CPU
		{ABCA411D-B855-43AF-BA9A-32F626709845}.Debug|iPhoneSimulator.Build.0 = Debug|Any CPU
		{ABCA411D-B855-43AF-BA9A-32F626709845}.Debug|x64.ActiveCfg = Debug|Any CPU
		{ABCA411D-B855-43AF-BA9A-32F626709845}.Debug|x64.Build.0 = Debug|Any CPU
		{ABCA411D-B855-43AF-BA9A-32F626709845}.Debug|x86.ActiveCfg = Debug|Any CPU
		{ABCA411D-B855-43AF-BA9A-32F626709845}.Debug|x86.Build.0 = Debug|Any CPU
		{ABCA411D-B855-43AF-BA9A-32F626709845}.Release|Any CPU.ActiveCfg = Release|Any CPU
		{ABCA411D-B855-43AF-BA9A-32F626709845}.Release|Any CPU.Build.0 = Release|Any CPU
		{ABCA411D-B855-43AF-BA9A-32F626709845}.Release|ARM.ActiveCfg = Release|Any CPU
		{ABCA411D-B855-43AF-BA9A-32F626709845}.Release|ARM.Build.0 = Release|Any CPU
		{ABCA411D-B855-43AF-BA9A-32F626709845}.Release|ARM64.ActiveCfg = Release|Any CPU
		{ABCA411D-B855-43AF-BA9A-32F626709845}.Release|ARM64.Build.0 = Release|Any CPU
		{ABCA411D-B855-43AF-BA9A-32F626709845}.Release|iPhone.ActiveCfg = Release|Any CPU
		{ABCA411D-B855-43AF-BA9A-32F626709845}.Release|iPhone.Build.0 = Release|Any CPU
		{ABCA411D-B855-43AF-BA9A-32F626709845}.Release|iPhoneSimulator.ActiveCfg = Release|Any CPU
		{ABCA411D-B855-43AF-BA9A-32F626709845}.Release|iPhoneSimulator.Build.0 = Release|Any CPU
		{ABCA411D-B855-43AF-BA9A-32F626709845}.Release|x64.ActiveCfg = Release|Any CPU
		{ABCA411D-B855-43AF-BA9A-32F626709845}.Release|x64.Build.0 = Release|Any CPU
		{ABCA411D-B855-43AF-BA9A-32F626709845}.Release|x86.ActiveCfg = Release|Any CPU
		{ABCA411D-B855-43AF-BA9A-32F626709845}.Release|x86.Build.0 = Release|Any CPU
		{4B9A63AC-D485-4786-A5BD-5C4C43677F03}.Debug|Any CPU.ActiveCfg = Debug|Any CPU
		{4B9A63AC-D485-4786-A5BD-5C4C43677F03}.Debug|Any CPU.Build.0 = Debug|Any CPU
		{4B9A63AC-D485-4786-A5BD-5C4C43677F03}.Debug|ARM.ActiveCfg = Debug|Any CPU
		{4B9A63AC-D485-4786-A5BD-5C4C43677F03}.Debug|ARM.Build.0 = Debug|Any CPU
		{4B9A63AC-D485-4786-A5BD-5C4C43677F03}.Debug|ARM64.ActiveCfg = Debug|Any CPU
		{4B9A63AC-D485-4786-A5BD-5C4C43677F03}.Debug|ARM64.Build.0 = Debug|Any CPU
		{4B9A63AC-D485-4786-A5BD-5C4C43677F03}.Debug|iPhone.ActiveCfg = Debug|Any CPU
		{4B9A63AC-D485-4786-A5BD-5C4C43677F03}.Debug|iPhone.Build.0 = Debug|Any CPU
		{4B9A63AC-D485-4786-A5BD-5C4C43677F03}.Debug|iPhoneSimulator.ActiveCfg = Debug|Any CPU
		{4B9A63AC-D485-4786-A5BD-5C4C43677F03}.Debug|iPhoneSimulator.Build.0 = Debug|Any CPU
		{4B9A63AC-D485-4786-A5BD-5C4C43677F03}.Debug|x64.ActiveCfg = Debug|Any CPU
		{4B9A63AC-D485-4786-A5BD-5C4C43677F03}.Debug|x64.Build.0 = Debug|Any CPU
		{4B9A63AC-D485-4786-A5BD-5C4C43677F03}.Debug|x86.ActiveCfg = Debug|Any CPU
		{4B9A63AC-D485-4786-A5BD-5C4C43677F03}.Debug|x86.Build.0 = Debug|Any CPU
		{4B9A63AC-D485-4786-A5BD-5C4C43677F03}.Release|Any CPU.ActiveCfg = Release|Any CPU
		{4B9A63AC-D485-4786-A5BD-5C4C43677F03}.Release|Any CPU.Build.0 = Release|Any CPU
		{4B9A63AC-D485-4786-A5BD-5C4C43677F03}.Release|ARM.ActiveCfg = Release|Any CPU
		{4B9A63AC-D485-4786-A5BD-5C4C43677F03}.Release|ARM.Build.0 = Release|Any CPU
		{4B9A63AC-D485-4786-A5BD-5C4C43677F03}.Release|ARM64.ActiveCfg = Release|Any CPU
		{4B9A63AC-D485-4786-A5BD-5C4C43677F03}.Release|ARM64.Build.0 = Release|Any CPU
		{4B9A63AC-D485-4786-A5BD-5C4C43677F03}.Release|iPhone.ActiveCfg = Release|Any CPU
		{4B9A63AC-D485-4786-A5BD-5C4C43677F03}.Release|iPhone.Build.0 = Release|Any CPU
		{4B9A63AC-D485-4786-A5BD-5C4C43677F03}.Release|iPhoneSimulator.ActiveCfg = Release|Any CPU
		{4B9A63AC-D485-4786-A5BD-5C4C43677F03}.Release|iPhoneSimulator.Build.0 = Release|Any CPU
		{4B9A63AC-D485-4786-A5BD-5C4C43677F03}.Release|x64.ActiveCfg = Release|Any CPU
		{4B9A63AC-D485-4786-A5BD-5C4C43677F03}.Release|x64.Build.0 = Release|Any CPU
		{4B9A63AC-D485-4786-A5BD-5C4C43677F03}.Release|x86.ActiveCfg = Release|Any CPU
		{4B9A63AC-D485-4786-A5BD-5C4C43677F03}.Release|x86.Build.0 = Release|Any CPU
		{FC75CF64-3679-4661-AA51-C59E4D5E45B7}.Debug|Any CPU.ActiveCfg = Debug|Any CPU
		{FC75CF64-3679-4661-AA51-C59E4D5E45B7}.Debug|Any CPU.Build.0 = Debug|Any CPU
		{FC75CF64-3679-4661-AA51-C59E4D5E45B7}.Debug|ARM.ActiveCfg = Debug|Any CPU
		{FC75CF64-3679-4661-AA51-C59E4D5E45B7}.Debug|ARM.Build.0 = Debug|Any CPU
		{FC75CF64-3679-4661-AA51-C59E4D5E45B7}.Debug|ARM64.ActiveCfg = Debug|Any CPU
		{FC75CF64-3679-4661-AA51-C59E4D5E45B7}.Debug|ARM64.Build.0 = Debug|Any CPU
		{FC75CF64-3679-4661-AA51-C59E4D5E45B7}.Debug|iPhone.ActiveCfg = Debug|Any CPU
		{FC75CF64-3679-4661-AA51-C59E4D5E45B7}.Debug|iPhone.Build.0 = Debug|Any CPU
		{FC75CF64-3679-4661-AA51-C59E4D5E45B7}.Debug|iPhoneSimulator.ActiveCfg = Debug|Any CPU
		{FC75CF64-3679-4661-AA51-C59E4D5E45B7}.Debug|iPhoneSimulator.Build.0 = Debug|Any CPU
		{FC75CF64-3679-4661-AA51-C59E4D5E45B7}.Debug|x64.ActiveCfg = Debug|Any CPU
		{FC75CF64-3679-4661-AA51-C59E4D5E45B7}.Debug|x64.Build.0 = Debug|Any CPU
		{FC75CF64-3679-4661-AA51-C59E4D5E45B7}.Debug|x86.ActiveCfg = Debug|Any CPU
		{FC75CF64-3679-4661-AA51-C59E4D5E45B7}.Debug|x86.Build.0 = Debug|Any CPU
		{FC75CF64-3679-4661-AA51-C59E4D5E45B7}.Release|Any CPU.ActiveCfg = Release|Any CPU
		{FC75CF64-3679-4661-AA51-C59E4D5E45B7}.Release|Any CPU.Build.0 = Release|Any CPU
		{FC75CF64-3679-4661-AA51-C59E4D5E45B7}.Release|ARM.ActiveCfg = Release|Any CPU
		{FC75CF64-3679-4661-AA51-C59E4D5E45B7}.Release|ARM.Build.0 = Release|Any CPU
		{FC75CF64-3679-4661-AA51-C59E4D5E45B7}.Release|ARM64.ActiveCfg = Release|Any CPU
		{FC75CF64-3679-4661-AA51-C59E4D5E45B7}.Release|ARM64.Build.0 = Release|Any CPU
		{FC75CF64-3679-4661-AA51-C59E4D5E45B7}.Release|iPhone.ActiveCfg = Release|Any CPU
		{FC75CF64-3679-4661-AA51-C59E4D5E45B7}.Release|iPhone.Build.0 = Release|Any CPU
		{FC75CF64-3679-4661-AA51-C59E4D5E45B7}.Release|iPhoneSimulator.ActiveCfg = Release|Any CPU
		{FC75CF64-3679-4661-AA51-C59E4D5E45B7}.Release|iPhoneSimulator.Build.0 = Release|Any CPU
		{FC75CF64-3679-4661-AA51-C59E4D5E45B7}.Release|x64.ActiveCfg = Release|Any CPU
		{FC75CF64-3679-4661-AA51-C59E4D5E45B7}.Release|x64.Build.0 = Release|Any CPU
		{FC75CF64-3679-4661-AA51-C59E4D5E45B7}.Release|x86.ActiveCfg = Release|Any CPU
		{FC75CF64-3679-4661-AA51-C59E4D5E45B7}.Release|x86.Build.0 = Release|Any CPU
		{F7910D6C-70AA-48FA-9335-D21091B6EC2E}.Debug|Any CPU.ActiveCfg = Debug|Any CPU
		{F7910D6C-70AA-48FA-9335-D21091B6EC2E}.Debug|Any CPU.Build.0 = Debug|Any CPU
		{F7910D6C-70AA-48FA-9335-D21091B6EC2E}.Debug|ARM.ActiveCfg = Debug|Any CPU
		{F7910D6C-70AA-48FA-9335-D21091B6EC2E}.Debug|ARM.Build.0 = Debug|Any CPU
		{F7910D6C-70AA-48FA-9335-D21091B6EC2E}.Debug|ARM64.ActiveCfg = Debug|Any CPU
		{F7910D6C-70AA-48FA-9335-D21091B6EC2E}.Debug|ARM64.Build.0 = Debug|Any CPU
		{F7910D6C-70AA-48FA-9335-D21091B6EC2E}.Debug|iPhone.ActiveCfg = Debug|Any CPU
		{F7910D6C-70AA-48FA-9335-D21091B6EC2E}.Debug|iPhone.Build.0 = Debug|Any CPU
		{F7910D6C-70AA-48FA-9335-D21091B6EC2E}.Debug|iPhoneSimulator.ActiveCfg = Debug|Any CPU
		{F7910D6C-70AA-48FA-9335-D21091B6EC2E}.Debug|iPhoneSimulator.Build.0 = Debug|Any CPU
		{F7910D6C-70AA-48FA-9335-D21091B6EC2E}.Debug|x64.ActiveCfg = Debug|Any CPU
		{F7910D6C-70AA-48FA-9335-D21091B6EC2E}.Debug|x64.Build.0 = Debug|Any CPU
		{F7910D6C-70AA-48FA-9335-D21091B6EC2E}.Debug|x86.ActiveCfg = Debug|Any CPU
		{F7910D6C-70AA-48FA-9335-D21091B6EC2E}.Debug|x86.Build.0 = Debug|Any CPU
		{F7910D6C-70AA-48FA-9335-D21091B6EC2E}.Release|Any CPU.ActiveCfg = Release|Any CPU
		{F7910D6C-70AA-48FA-9335-D21091B6EC2E}.Release|Any CPU.Build.0 = Release|Any CPU
		{F7910D6C-70AA-48FA-9335-D21091B6EC2E}.Release|ARM.ActiveCfg = Release|Any CPU
		{F7910D6C-70AA-48FA-9335-D21091B6EC2E}.Release|ARM.Build.0 = Release|Any CPU
		{F7910D6C-70AA-48FA-9335-D21091B6EC2E}.Release|ARM64.ActiveCfg = Release|Any CPU
		{F7910D6C-70AA-48FA-9335-D21091B6EC2E}.Release|ARM64.Build.0 = Release|Any CPU
		{F7910D6C-70AA-48FA-9335-D21091B6EC2E}.Release|iPhone.ActiveCfg = Release|Any CPU
		{F7910D6C-70AA-48FA-9335-D21091B6EC2E}.Release|iPhone.Build.0 = Release|Any CPU
		{F7910D6C-70AA-48FA-9335-D21091B6EC2E}.Release|iPhoneSimulator.ActiveCfg = Release|Any CPU
		{F7910D6C-70AA-48FA-9335-D21091B6EC2E}.Release|iPhoneSimulator.Build.0 = Release|Any CPU
		{F7910D6C-70AA-48FA-9335-D21091B6EC2E}.Release|x64.ActiveCfg = Release|Any CPU
		{F7910D6C-70AA-48FA-9335-D21091B6EC2E}.Release|x64.Build.0 = Release|Any CPU
		{F7910D6C-70AA-48FA-9335-D21091B6EC2E}.Release|x86.ActiveCfg = Release|Any CPU
		{F7910D6C-70AA-48FA-9335-D21091B6EC2E}.Release|x86.Build.0 = Release|Any CPU
		{BC2E5C24-D7FE-4264-9F79-1E27F19D5E7C}.Debug|Any CPU.ActiveCfg = Debug|Any CPU
		{BC2E5C24-D7FE-4264-9F79-1E27F19D5E7C}.Debug|Any CPU.Build.0 = Debug|Any CPU
		{BC2E5C24-D7FE-4264-9F79-1E27F19D5E7C}.Debug|ARM.ActiveCfg = Debug|Any CPU
		{BC2E5C24-D7FE-4264-9F79-1E27F19D5E7C}.Debug|ARM.Build.0 = Debug|Any CPU
		{BC2E5C24-D7FE-4264-9F79-1E27F19D5E7C}.Debug|ARM64.ActiveCfg = Debug|Any CPU
		{BC2E5C24-D7FE-4264-9F79-1E27F19D5E7C}.Debug|ARM64.Build.0 = Debug|Any CPU
		{BC2E5C24-D7FE-4264-9F79-1E27F19D5E7C}.Debug|iPhone.ActiveCfg = Debug|Any CPU
		{BC2E5C24-D7FE-4264-9F79-1E27F19D5E7C}.Debug|iPhone.Build.0 = Debug|Any CPU
		{BC2E5C24-D7FE-4264-9F79-1E27F19D5E7C}.Debug|iPhoneSimulator.ActiveCfg = Debug|Any CPU
		{BC2E5C24-D7FE-4264-9F79-1E27F19D5E7C}.Debug|iPhoneSimulator.Build.0 = Debug|Any CPU
		{BC2E5C24-D7FE-4264-9F79-1E27F19D5E7C}.Debug|x64.ActiveCfg = Debug|Any CPU
		{BC2E5C24-D7FE-4264-9F79-1E27F19D5E7C}.Debug|x64.Build.0 = Debug|Any CPU
		{BC2E5C24-D7FE-4264-9F79-1E27F19D5E7C}.Debug|x86.ActiveCfg = Debug|Any CPU
		{BC2E5C24-D7FE-4264-9F79-1E27F19D5E7C}.Debug|x86.Build.0 = Debug|Any CPU
		{BC2E5C24-D7FE-4264-9F79-1E27F19D5E7C}.Release|Any CPU.ActiveCfg = Release|Any CPU
		{BC2E5C24-D7FE-4264-9F79-1E27F19D5E7C}.Release|Any CPU.Build.0 = Release|Any CPU
		{BC2E5C24-D7FE-4264-9F79-1E27F19D5E7C}.Release|ARM.ActiveCfg = Release|Any CPU
		{BC2E5C24-D7FE-4264-9F79-1E27F19D5E7C}.Release|ARM.Build.0 = Release|Any CPU
		{BC2E5C24-D7FE-4264-9F79-1E27F19D5E7C}.Release|ARM64.ActiveCfg = Release|Any CPU
		{BC2E5C24-D7FE-4264-9F79-1E27F19D5E7C}.Release|ARM64.Build.0 = Release|Any CPU
		{BC2E5C24-D7FE-4264-9F79-1E27F19D5E7C}.Release|iPhone.ActiveCfg = Release|Any CPU
		{BC2E5C24-D7FE-4264-9F79-1E27F19D5E7C}.Release|iPhone.Build.0 = Release|Any CPU
		{BC2E5C24-D7FE-4264-9F79-1E27F19D5E7C}.Release|iPhoneSimulator.ActiveCfg = Release|Any CPU
		{BC2E5C24-D7FE-4264-9F79-1E27F19D5E7C}.Release|iPhoneSimulator.Build.0 = Release|Any CPU
		{BC2E5C24-D7FE-4264-9F79-1E27F19D5E7C}.Release|x64.ActiveCfg = Release|Any CPU
		{BC2E5C24-D7FE-4264-9F79-1E27F19D5E7C}.Release|x64.Build.0 = Release|Any CPU
		{BC2E5C24-D7FE-4264-9F79-1E27F19D5E7C}.Release|x86.ActiveCfg = Release|Any CPU
		{BC2E5C24-D7FE-4264-9F79-1E27F19D5E7C}.Release|x86.Build.0 = Release|Any CPU
		{95420D2A-B31A-4257-9817-CB6DBA67827F}.Debug|Any CPU.ActiveCfg = Debug|Any CPU
		{95420D2A-B31A-4257-9817-CB6DBA67827F}.Debug|Any CPU.Build.0 = Debug|Any CPU
		{95420D2A-B31A-4257-9817-CB6DBA67827F}.Debug|ARM.ActiveCfg = Debug|Any CPU
		{95420D2A-B31A-4257-9817-CB6DBA67827F}.Debug|ARM.Build.0 = Debug|Any CPU
		{95420D2A-B31A-4257-9817-CB6DBA67827F}.Debug|ARM64.ActiveCfg = Debug|Any CPU
		{95420D2A-B31A-4257-9817-CB6DBA67827F}.Debug|ARM64.Build.0 = Debug|Any CPU
		{95420D2A-B31A-4257-9817-CB6DBA67827F}.Debug|iPhone.ActiveCfg = Debug|Any CPU
		{95420D2A-B31A-4257-9817-CB6DBA67827F}.Debug|iPhone.Build.0 = Debug|Any CPU
		{95420D2A-B31A-4257-9817-CB6DBA67827F}.Debug|iPhoneSimulator.ActiveCfg = Debug|Any CPU
		{95420D2A-B31A-4257-9817-CB6DBA67827F}.Debug|iPhoneSimulator.Build.0 = Debug|Any CPU
		{95420D2A-B31A-4257-9817-CB6DBA67827F}.Debug|x64.ActiveCfg = Debug|Any CPU
		{95420D2A-B31A-4257-9817-CB6DBA67827F}.Debug|x64.Build.0 = Debug|Any CPU
		{95420D2A-B31A-4257-9817-CB6DBA67827F}.Debug|x86.ActiveCfg = Debug|Any CPU
		{95420D2A-B31A-4257-9817-CB6DBA67827F}.Debug|x86.Build.0 = Debug|Any CPU
		{95420D2A-B31A-4257-9817-CB6DBA67827F}.Release|Any CPU.ActiveCfg = Release|Any CPU
		{95420D2A-B31A-4257-9817-CB6DBA67827F}.Release|Any CPU.Build.0 = Release|Any CPU
		{95420D2A-B31A-4257-9817-CB6DBA67827F}.Release|ARM.ActiveCfg = Release|Any CPU
		{95420D2A-B31A-4257-9817-CB6DBA67827F}.Release|ARM.Build.0 = Release|Any CPU
		{95420D2A-B31A-4257-9817-CB6DBA67827F}.Release|ARM64.ActiveCfg = Release|Any CPU
		{95420D2A-B31A-4257-9817-CB6DBA67827F}.Release|ARM64.Build.0 = Release|Any CPU
		{95420D2A-B31A-4257-9817-CB6DBA67827F}.Release|iPhone.ActiveCfg = Release|Any CPU
		{95420D2A-B31A-4257-9817-CB6DBA67827F}.Release|iPhone.Build.0 = Release|Any CPU
		{95420D2A-B31A-4257-9817-CB6DBA67827F}.Release|iPhoneSimulator.ActiveCfg = Release|Any CPU
		{95420D2A-B31A-4257-9817-CB6DBA67827F}.Release|iPhoneSimulator.Build.0 = Release|Any CPU
		{95420D2A-B31A-4257-9817-CB6DBA67827F}.Release|x64.ActiveCfg = Release|Any CPU
		{95420D2A-B31A-4257-9817-CB6DBA67827F}.Release|x64.Build.0 = Release|Any CPU
		{95420D2A-B31A-4257-9817-CB6DBA67827F}.Release|x86.ActiveCfg = Release|Any CPU
		{95420D2A-B31A-4257-9817-CB6DBA67827F}.Release|x86.Build.0 = Release|Any CPU
		{C94BFAF1-0797-42EC-B01C-A815F429DD10}.Debug|Any CPU.ActiveCfg = Debug|Any CPU
		{C94BFAF1-0797-42EC-B01C-A815F429DD10}.Debug|Any CPU.Build.0 = Debug|Any CPU
		{C94BFAF1-0797-42EC-B01C-A815F429DD10}.Debug|ARM.ActiveCfg = Debug|Any CPU
		{C94BFAF1-0797-42EC-B01C-A815F429DD10}.Debug|ARM.Build.0 = Debug|Any CPU
		{C94BFAF1-0797-42EC-B01C-A815F429DD10}.Debug|ARM64.ActiveCfg = Debug|Any CPU
		{C94BFAF1-0797-42EC-B01C-A815F429DD10}.Debug|ARM64.Build.0 = Debug|Any CPU
		{C94BFAF1-0797-42EC-B01C-A815F429DD10}.Debug|iPhone.ActiveCfg = Debug|Any CPU
		{C94BFAF1-0797-42EC-B01C-A815F429DD10}.Debug|iPhone.Build.0 = Debug|Any CPU
		{C94BFAF1-0797-42EC-B01C-A815F429DD10}.Debug|iPhoneSimulator.ActiveCfg = Debug|Any CPU
		{C94BFAF1-0797-42EC-B01C-A815F429DD10}.Debug|iPhoneSimulator.Build.0 = Debug|Any CPU
		{C94BFAF1-0797-42EC-B01C-A815F429DD10}.Debug|x64.ActiveCfg = Debug|Any CPU
		{C94BFAF1-0797-42EC-B01C-A815F429DD10}.Debug|x64.Build.0 = Debug|Any CPU
		{C94BFAF1-0797-42EC-B01C-A815F429DD10}.Debug|x86.ActiveCfg = Debug|Any CPU
		{C94BFAF1-0797-42EC-B01C-A815F429DD10}.Debug|x86.Build.0 = Debug|Any CPU
		{C94BFAF1-0797-42EC-B01C-A815F429DD10}.Release|Any CPU.ActiveCfg = Release|Any CPU
		{C94BFAF1-0797-42EC-B01C-A815F429DD10}.Release|Any CPU.Build.0 = Release|Any CPU
		{C94BFAF1-0797-42EC-B01C-A815F429DD10}.Release|ARM.ActiveCfg = Release|Any CPU
		{C94BFAF1-0797-42EC-B01C-A815F429DD10}.Release|ARM.Build.0 = Release|Any CPU
		{C94BFAF1-0797-42EC-B01C-A815F429DD10}.Release|ARM64.ActiveCfg = Release|Any CPU
		{C94BFAF1-0797-42EC-B01C-A815F429DD10}.Release|ARM64.Build.0 = Release|Any CPU
		{C94BFAF1-0797-42EC-B01C-A815F429DD10}.Release|iPhone.ActiveCfg = Release|Any CPU
		{C94BFAF1-0797-42EC-B01C-A815F429DD10}.Release|iPhone.Build.0 = Release|Any CPU
		{C94BFAF1-0797-42EC-B01C-A815F429DD10}.Release|iPhoneSimulator.ActiveCfg = Release|Any CPU
		{C94BFAF1-0797-42EC-B01C-A815F429DD10}.Release|iPhoneSimulator.Build.0 = Release|Any CPU
		{C94BFAF1-0797-42EC-B01C-A815F429DD10}.Release|x64.ActiveCfg = Release|Any CPU
		{C94BFAF1-0797-42EC-B01C-A815F429DD10}.Release|x64.Build.0 = Release|Any CPU
		{C94BFAF1-0797-42EC-B01C-A815F429DD10}.Release|x86.ActiveCfg = Release|Any CPU
		{C94BFAF1-0797-42EC-B01C-A815F429DD10}.Release|x86.Build.0 = Release|Any CPU
		{4EBCA0B3-6D2E-4FB4-BE6B-316AD6B8C473}.Debug|Any CPU.ActiveCfg = Debug|Any CPU
		{4EBCA0B3-6D2E-4FB4-BE6B-316AD6B8C473}.Debug|Any CPU.Build.0 = Debug|Any CPU
		{4EBCA0B3-6D2E-4FB4-BE6B-316AD6B8C473}.Debug|ARM.ActiveCfg = Debug|Any CPU
		{4EBCA0B3-6D2E-4FB4-BE6B-316AD6B8C473}.Debug|ARM.Build.0 = Debug|Any CPU
		{4EBCA0B3-6D2E-4FB4-BE6B-316AD6B8C473}.Debug|ARM64.ActiveCfg = Debug|Any CPU
		{4EBCA0B3-6D2E-4FB4-BE6B-316AD6B8C473}.Debug|ARM64.Build.0 = Debug|Any CPU
		{4EBCA0B3-6D2E-4FB4-BE6B-316AD6B8C473}.Debug|iPhone.ActiveCfg = Debug|Any CPU
		{4EBCA0B3-6D2E-4FB4-BE6B-316AD6B8C473}.Debug|iPhone.Build.0 = Debug|Any CPU
		{4EBCA0B3-6D2E-4FB4-BE6B-316AD6B8C473}.Debug|iPhoneSimulator.ActiveCfg = Debug|Any CPU
		{4EBCA0B3-6D2E-4FB4-BE6B-316AD6B8C473}.Debug|iPhoneSimulator.Build.0 = Debug|Any CPU
		{4EBCA0B3-6D2E-4FB4-BE6B-316AD6B8C473}.Debug|x64.ActiveCfg = Debug|Any CPU
		{4EBCA0B3-6D2E-4FB4-BE6B-316AD6B8C473}.Debug|x64.Build.0 = Debug|Any CPU
		{4EBCA0B3-6D2E-4FB4-BE6B-316AD6B8C473}.Debug|x86.ActiveCfg = Debug|Any CPU
		{4EBCA0B3-6D2E-4FB4-BE6B-316AD6B8C473}.Debug|x86.Build.0 = Debug|Any CPU
		{4EBCA0B3-6D2E-4FB4-BE6B-316AD6B8C473}.Release|Any CPU.ActiveCfg = Release|Any CPU
		{4EBCA0B3-6D2E-4FB4-BE6B-316AD6B8C473}.Release|Any CPU.Build.0 = Release|Any CPU
		{4EBCA0B3-6D2E-4FB4-BE6B-316AD6B8C473}.Release|ARM.ActiveCfg = Release|Any CPU
		{4EBCA0B3-6D2E-4FB4-BE6B-316AD6B8C473}.Release|ARM.Build.0 = Release|Any CPU
		{4EBCA0B3-6D2E-4FB4-BE6B-316AD6B8C473}.Release|ARM64.ActiveCfg = Release|Any CPU
		{4EBCA0B3-6D2E-4FB4-BE6B-316AD6B8C473}.Release|ARM64.Build.0 = Release|Any CPU
		{4EBCA0B3-6D2E-4FB4-BE6B-316AD6B8C473}.Release|iPhone.ActiveCfg = Release|Any CPU
		{4EBCA0B3-6D2E-4FB4-BE6B-316AD6B8C473}.Release|iPhone.Build.0 = Release|Any CPU
		{4EBCA0B3-6D2E-4FB4-BE6B-316AD6B8C473}.Release|iPhoneSimulator.ActiveCfg = Release|Any CPU
		{4EBCA0B3-6D2E-4FB4-BE6B-316AD6B8C473}.Release|iPhoneSimulator.Build.0 = Release|Any CPU
		{4EBCA0B3-6D2E-4FB4-BE6B-316AD6B8C473}.Release|x64.ActiveCfg = Release|Any CPU
		{4EBCA0B3-6D2E-4FB4-BE6B-316AD6B8C473}.Release|x64.Build.0 = Release|Any CPU
		{4EBCA0B3-6D2E-4FB4-BE6B-316AD6B8C473}.Release|x86.ActiveCfg = Release|Any CPU
		{4EBCA0B3-6D2E-4FB4-BE6B-316AD6B8C473}.Release|x86.Build.0 = Release|Any CPU
		{C7C33474-4D9C-4EB7-9421-8954DEB8BF18}.Debug|Any CPU.ActiveCfg = Debug|Any CPU
		{C7C33474-4D9C-4EB7-9421-8954DEB8BF18}.Debug|Any CPU.Build.0 = Debug|Any CPU
		{C7C33474-4D9C-4EB7-9421-8954DEB8BF18}.Debug|ARM.ActiveCfg = Debug|Any CPU
		{C7C33474-4D9C-4EB7-9421-8954DEB8BF18}.Debug|ARM.Build.0 = Debug|Any CPU
		{C7C33474-4D9C-4EB7-9421-8954DEB8BF18}.Debug|ARM64.ActiveCfg = Debug|Any CPU
		{C7C33474-4D9C-4EB7-9421-8954DEB8BF18}.Debug|ARM64.Build.0 = Debug|Any CPU
		{C7C33474-4D9C-4EB7-9421-8954DEB8BF18}.Debug|iPhone.ActiveCfg = Debug|Any CPU
		{C7C33474-4D9C-4EB7-9421-8954DEB8BF18}.Debug|iPhone.Build.0 = Debug|Any CPU
		{C7C33474-4D9C-4EB7-9421-8954DEB8BF18}.Debug|iPhoneSimulator.ActiveCfg = Debug|Any CPU
		{C7C33474-4D9C-4EB7-9421-8954DEB8BF18}.Debug|iPhoneSimulator.Build.0 = Debug|Any CPU
		{C7C33474-4D9C-4EB7-9421-8954DEB8BF18}.Debug|x64.ActiveCfg = Debug|Any CPU
		{C7C33474-4D9C-4EB7-9421-8954DEB8BF18}.Debug|x64.Build.0 = Debug|Any CPU
		{C7C33474-4D9C-4EB7-9421-8954DEB8BF18}.Debug|x86.ActiveCfg = Debug|Any CPU
		{C7C33474-4D9C-4EB7-9421-8954DEB8BF18}.Debug|x86.Build.0 = Debug|Any CPU
		{C7C33474-4D9C-4EB7-9421-8954DEB8BF18}.Release|Any CPU.ActiveCfg = Release|Any CPU
		{C7C33474-4D9C-4EB7-9421-8954DEB8BF18}.Release|Any CPU.Build.0 = Release|Any CPU
		{C7C33474-4D9C-4EB7-9421-8954DEB8BF18}.Release|ARM.ActiveCfg = Release|Any CPU
		{C7C33474-4D9C-4EB7-9421-8954DEB8BF18}.Release|ARM.Build.0 = Release|Any CPU
		{C7C33474-4D9C-4EB7-9421-8954DEB8BF18}.Release|ARM64.ActiveCfg = Release|Any CPU
		{C7C33474-4D9C-4EB7-9421-8954DEB8BF18}.Release|ARM64.Build.0 = Release|Any CPU
		{C7C33474-4D9C-4EB7-9421-8954DEB8BF18}.Release|iPhone.ActiveCfg = Release|Any CPU
		{C7C33474-4D9C-4EB7-9421-8954DEB8BF18}.Release|iPhone.Build.0 = Release|Any CPU
		{C7C33474-4D9C-4EB7-9421-8954DEB8BF18}.Release|iPhoneSimulator.ActiveCfg = Release|Any CPU
		{C7C33474-4D9C-4EB7-9421-8954DEB8BF18}.Release|iPhoneSimulator.Build.0 = Release|Any CPU
		{C7C33474-4D9C-4EB7-9421-8954DEB8BF18}.Release|x64.ActiveCfg = Release|Any CPU
		{C7C33474-4D9C-4EB7-9421-8954DEB8BF18}.Release|x64.Build.0 = Release|Any CPU
		{C7C33474-4D9C-4EB7-9421-8954DEB8BF18}.Release|x86.ActiveCfg = Release|Any CPU
		{C7C33474-4D9C-4EB7-9421-8954DEB8BF18}.Release|x86.Build.0 = Release|Any CPU
		{AF753956-6FF5-484C-B003-5143F66C249C}.Debug|Any CPU.ActiveCfg = Debug|Any CPU
		{AF753956-6FF5-484C-B003-5143F66C249C}.Debug|Any CPU.Build.0 = Debug|Any CPU
		{AF753956-6FF5-484C-B003-5143F66C249C}.Debug|ARM.ActiveCfg = Debug|Any CPU
		{AF753956-6FF5-484C-B003-5143F66C249C}.Debug|ARM.Build.0 = Debug|Any CPU
		{AF753956-6FF5-484C-B003-5143F66C249C}.Debug|ARM64.ActiveCfg = Debug|Any CPU
		{AF753956-6FF5-484C-B003-5143F66C249C}.Debug|ARM64.Build.0 = Debug|Any CPU
		{AF753956-6FF5-484C-B003-5143F66C249C}.Debug|iPhone.ActiveCfg = Debug|Any CPU
		{AF753956-6FF5-484C-B003-5143F66C249C}.Debug|iPhone.Build.0 = Debug|Any CPU
		{AF753956-6FF5-484C-B003-5143F66C249C}.Debug|iPhoneSimulator.ActiveCfg = Debug|Any CPU
		{AF753956-6FF5-484C-B003-5143F66C249C}.Debug|iPhoneSimulator.Build.0 = Debug|Any CPU
		{AF753956-6FF5-484C-B003-5143F66C249C}.Debug|x64.ActiveCfg = Debug|Any CPU
		{AF753956-6FF5-484C-B003-5143F66C249C}.Debug|x64.Build.0 = Debug|Any CPU
		{AF753956-6FF5-484C-B003-5143F66C249C}.Debug|x86.ActiveCfg = Debug|Any CPU
		{AF753956-6FF5-484C-B003-5143F66C249C}.Debug|x86.Build.0 = Debug|Any CPU
		{AF753956-6FF5-484C-B003-5143F66C249C}.Release|Any CPU.ActiveCfg = Release|Any CPU
		{AF753956-6FF5-484C-B003-5143F66C249C}.Release|Any CPU.Build.0 = Release|Any CPU
		{AF753956-6FF5-484C-B003-5143F66C249C}.Release|ARM.ActiveCfg = Release|Any CPU
		{AF753956-6FF5-484C-B003-5143F66C249C}.Release|ARM.Build.0 = Release|Any CPU
		{AF753956-6FF5-484C-B003-5143F66C249C}.Release|ARM64.ActiveCfg = Release|Any CPU
		{AF753956-6FF5-484C-B003-5143F66C249C}.Release|ARM64.Build.0 = Release|Any CPU
		{AF753956-6FF5-484C-B003-5143F66C249C}.Release|iPhone.ActiveCfg = Release|Any CPU
		{AF753956-6FF5-484C-B003-5143F66C249C}.Release|iPhone.Build.0 = Release|Any CPU
		{AF753956-6FF5-484C-B003-5143F66C249C}.Release|iPhoneSimulator.ActiveCfg = Release|Any CPU
		{AF753956-6FF5-484C-B003-5143F66C249C}.Release|iPhoneSimulator.Build.0 = Release|Any CPU
		{AF753956-6FF5-484C-B003-5143F66C249C}.Release|x64.ActiveCfg = Release|Any CPU
		{AF753956-6FF5-484C-B003-5143F66C249C}.Release|x64.Build.0 = Release|Any CPU
		{AF753956-6FF5-484C-B003-5143F66C249C}.Release|x86.ActiveCfg = Release|Any CPU
		{AF753956-6FF5-484C-B003-5143F66C249C}.Release|x86.Build.0 = Release|Any CPU
		{E8067227-61B0-4334-A587-BE33C5CF6396}.Debug|Any CPU.ActiveCfg = Debug|Any CPU
		{E8067227-61B0-4334-A587-BE33C5CF6396}.Debug|Any CPU.Build.0 = Debug|Any CPU
		{E8067227-61B0-4334-A587-BE33C5CF6396}.Debug|ARM.ActiveCfg = Debug|Any CPU
		{E8067227-61B0-4334-A587-BE33C5CF6396}.Debug|ARM.Build.0 = Debug|Any CPU
		{E8067227-61B0-4334-A587-BE33C5CF6396}.Debug|ARM64.ActiveCfg = Debug|Any CPU
		{E8067227-61B0-4334-A587-BE33C5CF6396}.Debug|ARM64.Build.0 = Debug|Any CPU
		{E8067227-61B0-4334-A587-BE33C5CF6396}.Debug|iPhone.ActiveCfg = Debug|Any CPU
		{E8067227-61B0-4334-A587-BE33C5CF6396}.Debug|iPhone.Build.0 = Debug|Any CPU
		{E8067227-61B0-4334-A587-BE33C5CF6396}.Debug|iPhoneSimulator.ActiveCfg = Debug|Any CPU
		{E8067227-61B0-4334-A587-BE33C5CF6396}.Debug|iPhoneSimulator.Build.0 = Debug|Any CPU
		{E8067227-61B0-4334-A587-BE33C5CF6396}.Debug|x64.ActiveCfg = Debug|Any CPU
		{E8067227-61B0-4334-A587-BE33C5CF6396}.Debug|x64.Build.0 = Debug|Any CPU
		{E8067227-61B0-4334-A587-BE33C5CF6396}.Debug|x86.ActiveCfg = Debug|Any CPU
		{E8067227-61B0-4334-A587-BE33C5CF6396}.Debug|x86.Build.0 = Debug|Any CPU
		{E8067227-61B0-4334-A587-BE33C5CF6396}.Release|Any CPU.ActiveCfg = Release|Any CPU
		{E8067227-61B0-4334-A587-BE33C5CF6396}.Release|Any CPU.Build.0 = Release|Any CPU
		{E8067227-61B0-4334-A587-BE33C5CF6396}.Release|ARM.ActiveCfg = Release|Any CPU
		{E8067227-61B0-4334-A587-BE33C5CF6396}.Release|ARM.Build.0 = Release|Any CPU
		{E8067227-61B0-4334-A587-BE33C5CF6396}.Release|ARM64.ActiveCfg = Release|Any CPU
		{E8067227-61B0-4334-A587-BE33C5CF6396}.Release|ARM64.Build.0 = Release|Any CPU
		{E8067227-61B0-4334-A587-BE33C5CF6396}.Release|iPhone.ActiveCfg = Release|Any CPU
		{E8067227-61B0-4334-A587-BE33C5CF6396}.Release|iPhone.Build.0 = Release|Any CPU
		{E8067227-61B0-4334-A587-BE33C5CF6396}.Release|iPhoneSimulator.ActiveCfg = Release|Any CPU
		{E8067227-61B0-4334-A587-BE33C5CF6396}.Release|iPhoneSimulator.Build.0 = Release|Any CPU
		{E8067227-61B0-4334-A587-BE33C5CF6396}.Release|x64.ActiveCfg = Release|Any CPU
		{E8067227-61B0-4334-A587-BE33C5CF6396}.Release|x64.Build.0 = Release|Any CPU
		{E8067227-61B0-4334-A587-BE33C5CF6396}.Release|x86.ActiveCfg = Release|Any CPU
		{E8067227-61B0-4334-A587-BE33C5CF6396}.Release|x86.Build.0 = Release|Any CPU
		{44741159-EF9C-4D96-8E4F-1752DB038C31}.Debug|Any CPU.ActiveCfg = Debug|Any CPU
		{44741159-EF9C-4D96-8E4F-1752DB038C31}.Debug|Any CPU.Build.0 = Debug|Any CPU
		{44741159-EF9C-4D96-8E4F-1752DB038C31}.Debug|ARM.ActiveCfg = Debug|Any CPU
		{44741159-EF9C-4D96-8E4F-1752DB038C31}.Debug|ARM.Build.0 = Debug|Any CPU
		{44741159-EF9C-4D96-8E4F-1752DB038C31}.Debug|ARM64.ActiveCfg = Debug|Any CPU
		{44741159-EF9C-4D96-8E4F-1752DB038C31}.Debug|ARM64.Build.0 = Debug|Any CPU
		{44741159-EF9C-4D96-8E4F-1752DB038C31}.Debug|iPhone.ActiveCfg = Debug|Any CPU
		{44741159-EF9C-4D96-8E4F-1752DB038C31}.Debug|iPhone.Build.0 = Debug|Any CPU
		{44741159-EF9C-4D96-8E4F-1752DB038C31}.Debug|iPhoneSimulator.ActiveCfg = Debug|Any CPU
		{44741159-EF9C-4D96-8E4F-1752DB038C31}.Debug|iPhoneSimulator.Build.0 = Debug|Any CPU
		{44741159-EF9C-4D96-8E4F-1752DB038C31}.Debug|x64.ActiveCfg = Debug|Any CPU
		{44741159-EF9C-4D96-8E4F-1752DB038C31}.Debug|x64.Build.0 = Debug|Any CPU
		{44741159-EF9C-4D96-8E4F-1752DB038C31}.Debug|x86.ActiveCfg = Debug|Any CPU
		{44741159-EF9C-4D96-8E4F-1752DB038C31}.Debug|x86.Build.0 = Debug|Any CPU
		{44741159-EF9C-4D96-8E4F-1752DB038C31}.Release|Any CPU.ActiveCfg = Release|Any CPU
		{44741159-EF9C-4D96-8E4F-1752DB038C31}.Release|Any CPU.Build.0 = Release|Any CPU
		{44741159-EF9C-4D96-8E4F-1752DB038C31}.Release|ARM.ActiveCfg = Release|Any CPU
		{44741159-EF9C-4D96-8E4F-1752DB038C31}.Release|ARM.Build.0 = Release|Any CPU
		{44741159-EF9C-4D96-8E4F-1752DB038C31}.Release|ARM64.ActiveCfg = Release|Any CPU
		{44741159-EF9C-4D96-8E4F-1752DB038C31}.Release|ARM64.Build.0 = Release|Any CPU
		{44741159-EF9C-4D96-8E4F-1752DB038C31}.Release|iPhone.ActiveCfg = Release|Any CPU
		{44741159-EF9C-4D96-8E4F-1752DB038C31}.Release|iPhone.Build.0 = Release|Any CPU
		{44741159-EF9C-4D96-8E4F-1752DB038C31}.Release|iPhoneSimulator.ActiveCfg = Release|Any CPU
		{44741159-EF9C-4D96-8E4F-1752DB038C31}.Release|iPhoneSimulator.Build.0 = Release|Any CPU
		{44741159-EF9C-4D96-8E4F-1752DB038C31}.Release|x64.ActiveCfg = Release|Any CPU
		{44741159-EF9C-4D96-8E4F-1752DB038C31}.Release|x64.Build.0 = Release|Any CPU
		{44741159-EF9C-4D96-8E4F-1752DB038C31}.Release|x86.ActiveCfg = Release|Any CPU
		{44741159-EF9C-4D96-8E4F-1752DB038C31}.Release|x86.Build.0 = Release|Any CPU
		{9BD3FC1A-A5A2-46FD-8617-03B1A0D53732}.Debug|Any CPU.ActiveCfg = Debug|Any CPU
		{9BD3FC1A-A5A2-46FD-8617-03B1A0D53732}.Debug|Any CPU.Build.0 = Debug|Any CPU
		{9BD3FC1A-A5A2-46FD-8617-03B1A0D53732}.Debug|ARM.ActiveCfg = Debug|Any CPU
		{9BD3FC1A-A5A2-46FD-8617-03B1A0D53732}.Debug|ARM.Build.0 = Debug|Any CPU
		{9BD3FC1A-A5A2-46FD-8617-03B1A0D53732}.Debug|ARM64.ActiveCfg = Debug|Any CPU
		{9BD3FC1A-A5A2-46FD-8617-03B1A0D53732}.Debug|ARM64.Build.0 = Debug|Any CPU
		{9BD3FC1A-A5A2-46FD-8617-03B1A0D53732}.Debug|iPhone.ActiveCfg = Debug|Any CPU
		{9BD3FC1A-A5A2-46FD-8617-03B1A0D53732}.Debug|iPhone.Build.0 = Debug|Any CPU
		{9BD3FC1A-A5A2-46FD-8617-03B1A0D53732}.Debug|iPhoneSimulator.ActiveCfg = Debug|Any CPU
		{9BD3FC1A-A5A2-46FD-8617-03B1A0D53732}.Debug|iPhoneSimulator.Build.0 = Debug|Any CPU
		{9BD3FC1A-A5A2-46FD-8617-03B1A0D53732}.Debug|x64.ActiveCfg = Debug|Any CPU
		{9BD3FC1A-A5A2-46FD-8617-03B1A0D53732}.Debug|x64.Build.0 = Debug|Any CPU
		{9BD3FC1A-A5A2-46FD-8617-03B1A0D53732}.Debug|x86.ActiveCfg = Debug|Any CPU
		{9BD3FC1A-A5A2-46FD-8617-03B1A0D53732}.Debug|x86.Build.0 = Debug|Any CPU
		{9BD3FC1A-A5A2-46FD-8617-03B1A0D53732}.Release|Any CPU.ActiveCfg = Release|Any CPU
		{9BD3FC1A-A5A2-46FD-8617-03B1A0D53732}.Release|Any CPU.Build.0 = Release|Any CPU
		{9BD3FC1A-A5A2-46FD-8617-03B1A0D53732}.Release|ARM.ActiveCfg = Release|Any CPU
		{9BD3FC1A-A5A2-46FD-8617-03B1A0D53732}.Release|ARM.Build.0 = Release|Any CPU
		{9BD3FC1A-A5A2-46FD-8617-03B1A0D53732}.Release|ARM64.ActiveCfg = Release|Any CPU
		{9BD3FC1A-A5A2-46FD-8617-03B1A0D53732}.Release|ARM64.Build.0 = Release|Any CPU
		{9BD3FC1A-A5A2-46FD-8617-03B1A0D53732}.Release|iPhone.ActiveCfg = Release|Any CPU
		{9BD3FC1A-A5A2-46FD-8617-03B1A0D53732}.Release|iPhone.Build.0 = Release|Any CPU
		{9BD3FC1A-A5A2-46FD-8617-03B1A0D53732}.Release|iPhoneSimulator.ActiveCfg = Release|Any CPU
		{9BD3FC1A-A5A2-46FD-8617-03B1A0D53732}.Release|iPhoneSimulator.Build.0 = Release|Any CPU
		{9BD3FC1A-A5A2-46FD-8617-03B1A0D53732}.Release|x64.ActiveCfg = Release|Any CPU
		{9BD3FC1A-A5A2-46FD-8617-03B1A0D53732}.Release|x64.Build.0 = Release|Any CPU
		{9BD3FC1A-A5A2-46FD-8617-03B1A0D53732}.Release|x86.ActiveCfg = Release|Any CPU
		{9BD3FC1A-A5A2-46FD-8617-03B1A0D53732}.Release|x86.Build.0 = Release|Any CPU
		{27821C9D-9EC7-4E50-8404-042ECA4D7A00}.Debug|Any CPU.ActiveCfg = Debug|Any CPU
		{27821C9D-9EC7-4E50-8404-042ECA4D7A00}.Debug|Any CPU.Build.0 = Debug|Any CPU
		{27821C9D-9EC7-4E50-8404-042ECA4D7A00}.Debug|ARM.ActiveCfg = Debug|Any CPU
		{27821C9D-9EC7-4E50-8404-042ECA4D7A00}.Debug|ARM.Build.0 = Debug|Any CPU
		{27821C9D-9EC7-4E50-8404-042ECA4D7A00}.Debug|ARM64.ActiveCfg = Debug|Any CPU
		{27821C9D-9EC7-4E50-8404-042ECA4D7A00}.Debug|ARM64.Build.0 = Debug|Any CPU
		{27821C9D-9EC7-4E50-8404-042ECA4D7A00}.Debug|iPhone.ActiveCfg = Debug|Any CPU
		{27821C9D-9EC7-4E50-8404-042ECA4D7A00}.Debug|iPhone.Build.0 = Debug|Any CPU
		{27821C9D-9EC7-4E50-8404-042ECA4D7A00}.Debug|iPhoneSimulator.ActiveCfg = Debug|Any CPU
		{27821C9D-9EC7-4E50-8404-042ECA4D7A00}.Debug|iPhoneSimulator.Build.0 = Debug|Any CPU
		{27821C9D-9EC7-4E50-8404-042ECA4D7A00}.Debug|x64.ActiveCfg = Debug|Any CPU
		{27821C9D-9EC7-4E50-8404-042ECA4D7A00}.Debug|x64.Build.0 = Debug|Any CPU
		{27821C9D-9EC7-4E50-8404-042ECA4D7A00}.Debug|x86.ActiveCfg = Debug|Any CPU
		{27821C9D-9EC7-4E50-8404-042ECA4D7A00}.Debug|x86.Build.0 = Debug|Any CPU
		{27821C9D-9EC7-4E50-8404-042ECA4D7A00}.Release|Any CPU.ActiveCfg = Release|Any CPU
		{27821C9D-9EC7-4E50-8404-042ECA4D7A00}.Release|Any CPU.Build.0 = Release|Any CPU
		{27821C9D-9EC7-4E50-8404-042ECA4D7A00}.Release|ARM.ActiveCfg = Release|Any CPU
		{27821C9D-9EC7-4E50-8404-042ECA4D7A00}.Release|ARM.Build.0 = Release|Any CPU
		{27821C9D-9EC7-4E50-8404-042ECA4D7A00}.Release|ARM64.ActiveCfg = Release|Any CPU
		{27821C9D-9EC7-4E50-8404-042ECA4D7A00}.Release|ARM64.Build.0 = Release|Any CPU
		{27821C9D-9EC7-4E50-8404-042ECA4D7A00}.Release|iPhone.ActiveCfg = Release|Any CPU
		{27821C9D-9EC7-4E50-8404-042ECA4D7A00}.Release|iPhone.Build.0 = Release|Any CPU
		{27821C9D-9EC7-4E50-8404-042ECA4D7A00}.Release|iPhoneSimulator.ActiveCfg = Release|Any CPU
		{27821C9D-9EC7-4E50-8404-042ECA4D7A00}.Release|iPhoneSimulator.Build.0 = Release|Any CPU
		{27821C9D-9EC7-4E50-8404-042ECA4D7A00}.Release|x64.ActiveCfg = Release|Any CPU
		{27821C9D-9EC7-4E50-8404-042ECA4D7A00}.Release|x64.Build.0 = Release|Any CPU
		{27821C9D-9EC7-4E50-8404-042ECA4D7A00}.Release|x86.ActiveCfg = Release|Any CPU
		{27821C9D-9EC7-4E50-8404-042ECA4D7A00}.Release|x86.Build.0 = Release|Any CPU
	EndGlobalSection
	GlobalSection(SolutionProperties) = preSolution
		HideSolutionNode = FALSE
	EndGlobalSection
	GlobalSection(NestedProjects) = preSolution
		{87DBBE65-3943-4FD4-8BFD-1F41A99F7176} = {39FC8FB2-E7D4-4535-AABF-DF71889E15AA}
		{B35EE145-0C2A-4BFA-BF28-6F488B6D9DFE} = {39FC8FB2-E7D4-4535-AABF-DF71889E15AA}
		{ABCA411D-B855-43AF-BA9A-32F626709845} = {39FC8FB2-E7D4-4535-AABF-DF71889E15AA}
		{FC75CF64-3679-4661-AA51-C59E4D5E45B7} = {39FC8FB2-E7D4-4535-AABF-DF71889E15AA}
		{BC2E5C24-D7FE-4264-9F79-1E27F19D5E7C} = {39FC8FB2-E7D4-4535-AABF-DF71889E15AA}
		{95420D2A-B31A-4257-9817-CB6DBA67827F} = {39FC8FB2-E7D4-4535-AABF-DF71889E15AA}
		{9BD3FC1A-A5A2-46FD-8617-03B1A0D53732} = {39FC8FB2-E7D4-4535-AABF-DF71889E15AA}
	EndGlobalSection
	GlobalSection(ExtensibilityGlobals) = postSolution
		SolutionGuid = {2E9B0293-29AD-4490-AB93-4B936375754C}
	EndGlobalSection
EndGlobal
