
Microsoft Visual Studio Solution File, Format Version 12.00
# Visual Studio Version 17
VisualStudioVersion = 17.0.31912.275
MinimumVisualStudioVersion = 10.0.40219.1
Project("{9A19103F-16F7-4668-BE54-9A1E7A4F7556}") = "Thismaker.Core", "src\Core\Thismaker.Core.csproj", "{AA55CE09-1259-4825-9954-87F2F837A9EB}"
EndProject
Project("{9A19103F-16F7-4668-BE54-9A1E7A4F7556}") = "Thismaker.Esna", "src\Esna\Thismaker.Esna.csproj", "{02256E11-9E34-438B-9F99-822840992D07}"
EndProject
Project("{9A19103F-16F7-4668-BE54-9A1E7A4F7556}") = "Thismaker.Horus", "src\Horus\Horus\Thismaker.Horus.csproj", "{A69B5263-7B37-4DFD-AE7F-0CA53E4A3E7C}"
EndProject
Project("{9A19103F-16F7-4668-BE54-9A1E7A4F7556}") = "Thismaker.Horus.IO", "src\Horus\IO\Thismaker.Horus.IO.csproj", "{E8067227-61B0-4334-A587-BE33C5CF6396}"
EndProject
Project("{9A19103F-16F7-4668-BE54-9A1E7A4F7556}") = "Thismaker.Horus.Classical", "src\Horus\Classical\Thismaker.Horus.Classical.csproj", "{44741159-EF9C-4D96-8E4F-1752DB038C31}"
EndProject
Project("{9A19103F-16F7-4668-BE54-9A1E7A4F7556}") = "Thismaker.Anubis", "src\Anubis\Thismaker.Anubis.csproj", "{74E55723-E0FB-455A-8389-1386A7CD2542}"
EndProject
Project("{9A19103F-16F7-4668-BE54-9A1E7A4F7556}") = "Thismaker.Mercury", "src\Mercury\Thismaker.Mercury.csproj", "{37F5D33B-50CD-4A69-BB15-8F5B1F72E3DB}"
EndProject
Project("{9A19103F-16F7-4668-BE54-9A1E7A4F7556}") = "Thismaker.Pluto", "src\Pluto\Thismaker.Pluto.csproj", "{FA766A5D-9AAF-4049-86BC-78A67C78BDF5}"
EndProject
Project("{9A19103F-16F7-4668-BE54-9A1E7A4F7556}") = "Thismaker.Goro.Core", "src\Goro\Core\Thismaker.Goro.Core.csproj", "{2374CE9F-3740-4D4D-9586-E82F44A78F8B}"
EndProject
Project("{9A19103F-16F7-4668-BE54-9A1E7A4F7556}") = "Thismaker.Goro", "src\Goro\Goro\Thismaker.Goro.csproj", "{DC4FBE18-C8FD-4932-9D69-06414C54009E}"
EndProject
Project("{9A19103F-16F7-4668-BE54-9A1E7A4F7556}") = "Thismaker.Aba.Common.Mercury", "src\Aba\Common\Mercury\Thismaker.Aba.Common.Mercury.csproj", "{C7C33474-4D9C-4EB7-9421-8954DEB8BF18}"
EndProject
Project("{9A19103F-16F7-4668-BE54-9A1E7A4F7556}") = "Thismaker.Aba.Server", "src\Aba\Server\Server\Thismaker.Aba.Server.csproj", "{113AEF67-92D6-4AE2-9013-8130CC6E8547}"
EndProject
Project("{9A19103F-16F7-4668-BE54-9A1E7A4F7556}") = "Thismaker.Aba.Server.Mercury", "src\Aba\Server\Mercury\Mercury\Thismaker.Aba.Server.Mercury.csproj", "{AF753956-6FF5-484C-B003-5143F66C249C}"
EndProject
Project("{9A19103F-16F7-4668-BE54-9A1E7A4F7556}") = "Thismaker.Aba.Server.Mercury.Hosted", "src\Aba\Server\Mercury\Hosted\Thismaker.Aba.Server.Mercury.Hosted.csproj", "{27821C9D-9EC7-4E50-8404-042ECA4D7A00}"
EndProject
Project("{9A19103F-16F7-4668-BE54-9A1E7A4F7556}") = "Thismaker.Aba.Client", "src\Aba\Client\Client\Thismaker.Aba.Client.csproj", "{4EBCA0B3-6D2E-4FB4-BE6B-316AD6B8C473}"
EndProject
Project("{9A19103F-16F7-4668-BE54-9A1E7A4F7556}") = "Thismaker.Aba.Client.SignalR", "src\Aba\Client\SignalR\Thismaker.Aba.Client.SignalR.csproj", "{73CAC99C-CBB4-4527-B6C0-56B5EE3B3464}"
EndProject
Project("{9A19103F-16F7-4668-BE54-9A1E7A4F7556}") = "Thismaker.Aba.Client.Mercury", "src\Aba\Client\Mercury\Thismaker.Aba.Client.Mercury.csproj", "{C94BFAF1-0797-42EC-B01C-A815F429DD10}"
EndProject
Project("{9A19103F-16F7-4668-BE54-9A1E7A4F7556}") = "Thismaker.Aba.Client.Msal", "src\Aba\Client\Msal\Thismaker.Aba.Client.Msal.csproj", "{CAF5B2C4-48DB-41FE-B2C5-8D74F6A1DE77}"
EndProject
Project("{9A19103F-16F7-4668-BE54-9A1E7A4F7556}") = "Thismaker.Aba.Client.Transfers", "src\Aba\Client\Transfers\Thismaker.Aba.Client.Transfers.csproj", "{B0893FD9-9DE0-4C9C-B828-64F041AA4881}"
EndProject
Project("{9A19103F-16F7-4668-BE54-9A1E7A4F7556}") = "Thismaker.Aba.Client.Configuration", "src\Aba\Client\Configuration\Thismaker.Aba.Client.Configuration.csproj", "{7F65F9B9-562E-431D-B12E-3E0A53E979E3}"
EndProject
Project("{9A19103F-16F7-4668-BE54-9A1E7A4F7556}") = "Thismaker.Thoth", "src\Thoth\Thoth\Thismaker.Thoth.csproj", "{4B9A63AC-D485-4786-A5BD-5C4C43677F03}"
EndProject
Project("{9A19103F-16F7-4668-BE54-9A1E7A4F7556}") = "Thismaker.Thoth.Manager.Wpf", "src\Thoth\Manager\Wpf\Thismaker.Thoth.Manager.Wpf.csproj", "{F7910D6C-70AA-48FA-9335-D21091B6EC2E}"
EndProject
Project("{2150E333-8FDC-42A3-9474-1A3956D46DE8}") = "_tests", "_tests", "{39FC8FB2-E7D4-4535-AABF-DF71889E15AA}"
EndProject
Project("{9A19103F-16F7-4668-BE54-9A1E7A4F7556}") = "Thismaker.Core.Tests", "tests\Thismaker.Core.Tests\Thismaker.Core.Tests.csproj", "{673CAEDF-FC90-4261-8F74-A90CB21D53AE}"
EndProject
Project("{9A19103F-16F7-4668-BE54-9A1E7A4F7556}") = "Thismaker.Horus.Tests", "tests\Thismaker.Horus.Tests\Thismaker.Horus.Tests.csproj", "{EE04A083-C504-4139-9DB2-D1B92A5B0F5C}"
EndProject
Project("{2150E333-8FDC-42A3-9474-1A3956D46DE8}") = "Thismaker.Aba", "Thismaker.Aba", "{5F6EBACA-7AF9-4E96-8FE5-5CB57B128029}"
EndProject
Project("{2150E333-8FDC-42A3-9474-1A3956D46DE8}") = "Client", "Client", "{28E4188E-6976-4B23-BE6E-CFC0EF774447}"
EndProject
Project("{2150E333-8FDC-42A3-9474-1A3956D46DE8}") = "Common", "Common", "{E368DA6F-5EAE-4D47-9AEE-1A02103ABC8C}"
EndProject
Project("{2150E333-8FDC-42A3-9474-1A3956D46DE8}") = "Server", "Server", "{7656A2B7-FD2A-41AD-A946-22EA622B207A}"
EndProject
Project("{9A19103F-16F7-4668-BE54-9A1E7A4F7556}") = "Thismaker.Goro.Tests", "tests\Thismaker.Goro.Tests\Thismaker.Goro.Tests.csproj", "{735FFDB7-DA06-4124-A420-A142ED539A66}"
EndProject
Project("{9A19103F-16F7-4668-BE54-9A1E7A4F7556}") = "Thismaker.Anubis.Tests", "tests\Thismaker.Anubis.Tests\Thismaker.Anubis.Tests.csproj", "{59C270CB-D6C7-4D12-AB3F-B88DEA4169A9}"
EndProject
Project("{2150E333-8FDC-42A3-9474-1A3956D46DE8}") = "Thismaker.Goro", "Thismaker.Goro", "{4ADFE75D-D104-474C-AD43-D42F5E62D83A}"
EndProject
Project("{2150E333-8FDC-42A3-9474-1A3956D46DE8}") = "Thismaker.Horus", "Thismaker.Horus", "{3A00F9AF-AE62-4DB3-98E1-EA9F95A164C4}"
EndProject
Project("{2150E333-8FDC-42A3-9474-1A3956D46DE8}") = "Thismaker.Thoth", "Thismaker.Thoth", "{3089AFEA-2DD8-4E48-A713-E15BBB29F008}"
EndProject
Project("{FAE04EC0-301F-11D3-BF4B-00C04F79EFBC}") = "Thismaker.Esna.ConsoleTest", "tests\Thismaker.Esna.ConsoleTest\Thismaker.Esna.ConsoleTest.csproj", "{E736F144-408A-48A4-9C00-7EC3B363F03A}"
EndProject
Global
	GlobalSection(SolutionConfigurationPlatforms) = preSolution
		Debug|Any CPU = Debug|Any CPU
		Debug|ARM = Debug|ARM
		Debug|ARM64 = Debug|ARM64
		Debug|iPhone = Debug|iPhone
		Debug|iPhoneSimulator = Debug|iPhoneSimulator
		Debug|x64 = Debug|x64
		Debug|x86 = Debug|x86
		Release|Any CPU = Release|Any CPU
		Release|ARM = Release|ARM
		Release|ARM64 = Release|ARM64
		Release|iPhone = Release|iPhone
		Release|iPhoneSimulator = Release|iPhoneSimulator
		Release|x64 = Release|x64
		Release|x86 = Release|x86
	EndGlobalSection
	GlobalSection(ProjectConfigurationPlatforms) = postSolution
		{AA55CE09-1259-4825-9954-87F2F837A9EB}.Debug|Any CPU.ActiveCfg = Debug|Any CPU
		{AA55CE09-1259-4825-9954-87F2F837A9EB}.Debug|Any CPU.Build.0 = Debug|Any CPU
		{AA55CE09-1259-4825-9954-87F2F837A9EB}.Debug|ARM.ActiveCfg = Debug|Any CPU
		{AA55CE09-1259-4825-9954-87F2F837A9EB}.Debug|ARM.Build.0 = Debug|Any CPU
		{AA55CE09-1259-4825-9954-87F2F837A9EB}.Debug|ARM64.ActiveCfg = Debug|Any CPU
		{AA55CE09-1259-4825-9954-87F2F837A9EB}.Debug|ARM64.Build.0 = Debug|Any CPU
		{AA55CE09-1259-4825-9954-87F2F837A9EB}.Debug|iPhone.ActiveCfg = Debug|Any CPU
		{AA55CE09-1259-4825-9954-87F2F837A9EB}.Debug|iPhone.Build.0 = Debug|Any CPU
		{AA55CE09-1259-4825-9954-87F2F837A9EB}.Debug|iPhoneSimulator.ActiveCfg = Debug|Any CPU
		{AA55CE09-1259-4825-9954-87F2F837A9EB}.Debug|iPhoneSimulator.Build.0 = Debug|Any CPU
		{AA55CE09-1259-4825-9954-87F2F837A9EB}.Debug|x64.ActiveCfg = Debug|Any CPU
		{AA55CE09-1259-4825-9954-87F2F837A9EB}.Debug|x64.Build.0 = Debug|Any CPU
		{AA55CE09-1259-4825-9954-87F2F837A9EB}.Debug|x86.ActiveCfg = Debug|Any CPU
		{AA55CE09-1259-4825-9954-87F2F837A9EB}.Debug|x86.Build.0 = Debug|Any CPU
		{AA55CE09-1259-4825-9954-87F2F837A9EB}.Release|Any CPU.ActiveCfg = Release|Any CPU
		{AA55CE09-1259-4825-9954-87F2F837A9EB}.Release|Any CPU.Build.0 = Release|Any CPU
		{AA55CE09-1259-4825-9954-87F2F837A9EB}.Release|ARM.ActiveCfg = Release|Any CPU
		{AA55CE09-1259-4825-9954-87F2F837A9EB}.Release|ARM.Build.0 = Release|Any CPU
		{AA55CE09-1259-4825-9954-87F2F837A9EB}.Release|ARM64.ActiveCfg = Release|Any CPU
		{AA55CE09-1259-4825-9954-87F2F837A9EB}.Release|ARM64.Build.0 = Release|Any CPU
		{AA55CE09-1259-4825-9954-87F2F837A9EB}.Release|iPhone.ActiveCfg = Release|Any CPU
		{AA55CE09-1259-4825-9954-87F2F837A9EB}.Release|iPhone.Build.0 = Release|Any CPU
		{AA55CE09-1259-4825-9954-87F2F837A9EB}.Release|iPhoneSimulator.ActiveCfg = Release|Any CPU
		{AA55CE09-1259-4825-9954-87F2F837A9EB}.Release|iPhoneSimulator.Build.0 = Release|Any CPU
		{AA55CE09-1259-4825-9954-87F2F837A9EB}.Release|x64.ActiveCfg = Release|Any CPU
		{AA55CE09-1259-4825-9954-87F2F837A9EB}.Release|x64.Build.0 = Release|Any CPU
		{AA55CE09-1259-4825-9954-87F2F837A9EB}.Release|x86.ActiveCfg = Release|Any CPU
		{AA55CE09-1259-4825-9954-87F2F837A9EB}.Release|x86.Build.0 = Release|Any CPU
		{02256E11-9E34-438B-9F99-822840992D07}.Debug|Any CPU.ActiveCfg = Debug|Any CPU
		{02256E11-9E34-438B-9F99-822840992D07}.Debug|Any CPU.Build.0 = Debug|Any CPU
		{02256E11-9E34-438B-9F99-822840992D07}.Debug|ARM.ActiveCfg = Debug|Any CPU
		{02256E11-9E34-438B-9F99-822840992D07}.Debug|ARM.Build.0 = Debug|Any CPU
		{02256E11-9E34-438B-9F99-822840992D07}.Debug|ARM64.ActiveCfg = Debug|Any CPU
		{02256E11-9E34-438B-9F99-822840992D07}.Debug|ARM64.Build.0 = Debug|Any CPU
		{02256E11-9E34-438B-9F99-822840992D07}.Debug|iPhone.ActiveCfg = Debug|Any CPU
		{02256E11-9E34-438B-9F99-822840992D07}.Debug|iPhone.Build.0 = Debug|Any CPU
		{02256E11-9E34-438B-9F99-822840992D07}.Debug|iPhoneSimulator.ActiveCfg = Debug|Any CPU
		{02256E11-9E34-438B-9F99-822840992D07}.Debug|iPhoneSimulator.Build.0 = Debug|Any CPU
		{02256E11-9E34-438B-9F99-822840992D07}.Debug|x64.ActiveCfg = Debug|Any CPU
		{02256E11-9E34-438B-9F99-822840992D07}.Debug|x64.Build.0 = Debug|Any CPU
		{02256E11-9E34-438B-9F99-822840992D07}.Debug|x86.ActiveCfg = Debug|Any CPU
		{02256E11-9E34-438B-9F99-822840992D07}.Debug|x86.Build.0 = Debug|Any CPU
		{02256E11-9E34-438B-9F99-822840992D07}.Release|Any CPU.ActiveCfg = Release|Any CPU
		{02256E11-9E34-438B-9F99-822840992D07}.Release|Any CPU.Build.0 = Release|Any CPU
		{02256E11-9E34-438B-9F99-822840992D07}.Release|ARM.ActiveCfg = Release|Any CPU
		{02256E11-9E34-438B-9F99-822840992D07}.Release|ARM.Build.0 = Release|Any CPU
		{02256E11-9E34-438B-9F99-822840992D07}.Release|ARM64.ActiveCfg = Release|Any CPU
		{02256E11-9E34-438B-9F99-822840992D07}.Release|ARM64.Build.0 = Release|Any CPU
		{02256E11-9E34-438B-9F99-822840992D07}.Release|iPhone.ActiveCfg = Release|Any CPU
		{02256E11-9E34-438B-9F99-822840992D07}.Release|iPhone.Build.0 = Release|Any CPU
		{02256E11-9E34-438B-9F99-822840992D07}.Release|iPhoneSimulator.ActiveCfg = Release|Any CPU
		{02256E11-9E34-438B-9F99-822840992D07}.Release|iPhoneSimulator.Build.0 = Release|Any CPU
		{02256E11-9E34-438B-9F99-822840992D07}.Release|x64.ActiveCfg = Release|Any CPU
		{02256E11-9E34-438B-9F99-822840992D07}.Release|x64.Build.0 = Release|Any CPU
		{02256E11-9E34-438B-9F99-822840992D07}.Release|x86.ActiveCfg = Release|Any CPU
		{02256E11-9E34-438B-9F99-822840992D07}.Release|x86.Build.0 = Release|Any CPU
		{A69B5263-7B37-4DFD-AE7F-0CA53E4A3E7C}.Debug|Any CPU.ActiveCfg = Debug|Any CPU
		{A69B5263-7B37-4DFD-AE7F-0CA53E4A3E7C}.Debug|Any CPU.Build.0 = Debug|Any CPU
		{A69B5263-7B37-4DFD-AE7F-0CA53E4A3E7C}.Debug|ARM.ActiveCfg = Debug|Any CPU
		{A69B5263-7B37-4DFD-AE7F-0CA53E4A3E7C}.Debug|ARM.Build.0 = Debug|Any CPU
		{A69B5263-7B37-4DFD-AE7F-0CA53E4A3E7C}.Debug|ARM64.ActiveCfg = Debug|Any CPU
		{A69B5263-7B37-4DFD-AE7F-0CA53E4A3E7C}.Debug|ARM64.Build.0 = Debug|Any CPU
		{A69B5263-7B37-4DFD-AE7F-0CA53E4A3E7C}.Debug|iPhone.ActiveCfg = Debug|Any CPU
		{A69B5263-7B37-4DFD-AE7F-0CA53E4A3E7C}.Debug|iPhone.Build.0 = Debug|Any CPU
		{A69B5263-7B37-4DFD-AE7F-0CA53E4A3E7C}.Debug|iPhoneSimulator.ActiveCfg = Debug|Any CPU
		{A69B5263-7B37-4DFD-AE7F-0CA53E4A3E7C}.Debug|iPhoneSimulator.Build.0 = Debug|Any CPU
		{A69B5263-7B37-4DFD-AE7F-0CA53E4A3E7C}.Debug|x64.ActiveCfg = Debug|Any CPU
		{A69B5263-7B37-4DFD-AE7F-0CA53E4A3E7C}.Debug|x64.Build.0 = Debug|Any CPU
		{A69B5263-7B37-4DFD-AE7F-0CA53E4A3E7C}.Debug|x86.ActiveCfg = Debug|Any CPU
		{A69B5263-7B37-4DFD-AE7F-0CA53E4A3E7C}.Debug|x86.Build.0 = Debug|Any CPU
		{A69B5263-7B37-4DFD-AE7F-0CA53E4A3E7C}.Release|Any CPU.ActiveCfg = Release|Any CPU
		{A69B5263-7B37-4DFD-AE7F-0CA53E4A3E7C}.Release|Any CPU.Build.0 = Release|Any CPU
		{A69B5263-7B37-4DFD-AE7F-0CA53E4A3E7C}.Release|ARM.ActiveCfg = Release|Any CPU
		{A69B5263-7B37-4DFD-AE7F-0CA53E4A3E7C}.Release|ARM.Build.0 = Release|Any CPU
		{A69B5263-7B37-4DFD-AE7F-0CA53E4A3E7C}.Release|ARM64.ActiveCfg = Release|Any CPU
		{A69B5263-7B37-4DFD-AE7F-0CA53E4A3E7C}.Release|ARM64.Build.0 = Release|Any CPU
		{A69B5263-7B37-4DFD-AE7F-0CA53E4A3E7C}.Release|iPhone.ActiveCfg = Release|Any CPU
		{A69B5263-7B37-4DFD-AE7F-0CA53E4A3E7C}.Release|iPhone.Build.0 = Release|Any CPU
		{A69B5263-7B37-4DFD-AE7F-0CA53E4A3E7C}.Release|iPhoneSimulator.ActiveCfg = Release|Any CPU
		{A69B5263-7B37-4DFD-AE7F-0CA53E4A3E7C}.Release|iPhoneSimulator.Build.0 = Release|Any CPU
		{A69B5263-7B37-4DFD-AE7F-0CA53E4A3E7C}.Release|x64.ActiveCfg = Release|Any CPU
		{A69B5263-7B37-4DFD-AE7F-0CA53E4A3E7C}.Release|x64.Build.0 = Release|Any CPU
		{A69B5263-7B37-4DFD-AE7F-0CA53E4A3E7C}.Release|x86.ActiveCfg = Release|Any CPU
		{A69B5263-7B37-4DFD-AE7F-0CA53E4A3E7C}.Release|x86.Build.0 = Release|Any CPU
		{E8067227-61B0-4334-A587-BE33C5CF6396}.Debug|Any CPU.ActiveCfg = Debug|Any CPU
		{E8067227-61B0-4334-A587-BE33C5CF6396}.Debug|Any CPU.Build.0 = Debug|Any CPU
		{E8067227-61B0-4334-A587-BE33C5CF6396}.Debug|ARM.ActiveCfg = Debug|Any CPU
		{E8067227-61B0-4334-A587-BE33C5CF6396}.Debug|ARM.Build.0 = Debug|Any CPU
		{E8067227-61B0-4334-A587-BE33C5CF6396}.Debug|ARM64.ActiveCfg = Debug|Any CPU
		{E8067227-61B0-4334-A587-BE33C5CF6396}.Debug|ARM64.Build.0 = Debug|Any CPU
		{E8067227-61B0-4334-A587-BE33C5CF6396}.Debug|iPhone.ActiveCfg = Debug|Any CPU
		{E8067227-61B0-4334-A587-BE33C5CF6396}.Debug|iPhone.Build.0 = Debug|Any CPU
		{E8067227-61B0-4334-A587-BE33C5CF6396}.Debug|iPhoneSimulator.ActiveCfg = Debug|Any CPU
		{E8067227-61B0-4334-A587-BE33C5CF6396}.Debug|iPhoneSimulator.Build.0 = Debug|Any CPU
		{E8067227-61B0-4334-A587-BE33C5CF6396}.Debug|x64.ActiveCfg = Debug|Any CPU
		{E8067227-61B0-4334-A587-BE33C5CF6396}.Debug|x64.Build.0 = Debug|Any CPU
		{E8067227-61B0-4334-A587-BE33C5CF6396}.Debug|x86.ActiveCfg = Debug|Any CPU
		{E8067227-61B0-4334-A587-BE33C5CF6396}.Debug|x86.Build.0 = Debug|Any CPU
		{E8067227-61B0-4334-A587-BE33C5CF6396}.Release|Any CPU.ActiveCfg = Release|Any CPU
		{E8067227-61B0-4334-A587-BE33C5CF6396}.Release|Any CPU.Build.0 = Release|Any CPU
		{E8067227-61B0-4334-A587-BE33C5CF6396}.Release|ARM.ActiveCfg = Release|Any CPU
		{E8067227-61B0-4334-A587-BE33C5CF6396}.Release|ARM.Build.0 = Release|Any CPU
		{E8067227-61B0-4334-A587-BE33C5CF6396}.Release|ARM64.ActiveCfg = Release|Any CPU
		{E8067227-61B0-4334-A587-BE33C5CF6396}.Release|ARM64.Build.0 = Release|Any CPU
		{E8067227-61B0-4334-A587-BE33C5CF6396}.Release|iPhone.ActiveCfg = Release|Any CPU
		{E8067227-61B0-4334-A587-BE33C5CF6396}.Release|iPhone.Build.0 = Release|Any CPU
		{E8067227-61B0-4334-A587-BE33C5CF6396}.Release|iPhoneSimulator.ActiveCfg = Release|Any CPU
		{E8067227-61B0-4334-A587-BE33C5CF6396}.Release|iPhoneSimulator.Build.0 = Release|Any CPU
		{E8067227-61B0-4334-A587-BE33C5CF6396}.Release|x64.ActiveCfg = Release|Any CPU
		{E8067227-61B0-4334-A587-BE33C5CF6396}.Release|x64.Build.0 = Release|Any CPU
		{E8067227-61B0-4334-A587-BE33C5CF6396}.Release|x86.ActiveCfg = Release|Any CPU
		{E8067227-61B0-4334-A587-BE33C5CF6396}.Release|x86.Build.0 = Release|Any CPU
		{44741159-EF9C-4D96-8E4F-1752DB038C31}.Debug|Any CPU.ActiveCfg = Debug|Any CPU
		{44741159-EF9C-4D96-8E4F-1752DB038C31}.Debug|Any CPU.Build.0 = Debug|Any CPU
		{44741159-EF9C-4D96-8E4F-1752DB038C31}.Debug|ARM.ActiveCfg = Debug|Any CPU
		{44741159-EF9C-4D96-8E4F-1752DB038C31}.Debug|ARM.Build.0 = Debug|Any CPU
		{44741159-EF9C-4D96-8E4F-1752DB038C31}.Debug|ARM64.ActiveCfg = Debug|Any CPU
		{44741159-EF9C-4D96-8E4F-1752DB038C31}.Debug|ARM64.Build.0 = Debug|Any CPU
		{44741159-EF9C-4D96-8E4F-1752DB038C31}.Debug|iPhone.ActiveCfg = Debug|Any CPU
		{44741159-EF9C-4D96-8E4F-1752DB038C31}.Debug|iPhone.Build.0 = Debug|Any CPU
		{44741159-EF9C-4D96-8E4F-1752DB038C31}.Debug|iPhoneSimulator.ActiveCfg = Debug|Any CPU
		{44741159-EF9C-4D96-8E4F-1752DB038C31}.Debug|iPhoneSimulator.Build.0 = Debug|Any CPU
		{44741159-EF9C-4D96-8E4F-1752DB038C31}.Debug|x64.ActiveCfg = Debug|Any CPU
		{44741159-EF9C-4D96-8E4F-1752DB038C31}.Debug|x64.Build.0 = Debug|Any CPU
		{44741159-EF9C-4D96-8E4F-1752DB038C31}.Debug|x86.ActiveCfg = Debug|Any CPU
		{44741159-EF9C-4D96-8E4F-1752DB038C31}.Debug|x86.Build.0 = Debug|Any CPU
		{44741159-EF9C-4D96-8E4F-1752DB038C31}.Release|Any CPU.ActiveCfg = Release|Any CPU
		{44741159-EF9C-4D96-8E4F-1752DB038C31}.Release|Any CPU.Build.0 = Release|Any CPU
		{44741159-EF9C-4D96-8E4F-1752DB038C31}.Release|ARM.ActiveCfg = Release|Any CPU
		{44741159-EF9C-4D96-8E4F-1752DB038C31}.Release|ARM.Build.0 = Release|Any CPU
		{44741159-EF9C-4D96-8E4F-1752DB038C31}.Release|ARM64.ActiveCfg = Release|Any CPU
		{44741159-EF9C-4D96-8E4F-1752DB038C31}.Release|ARM64.Build.0 = Release|Any CPU
		{44741159-EF9C-4D96-8E4F-1752DB038C31}.Release|iPhone.ActiveCfg = Release|Any CPU
		{44741159-EF9C-4D96-8E4F-1752DB038C31}.Release|iPhone.Build.0 = Release|Any CPU
		{44741159-EF9C-4D96-8E4F-1752DB038C31}.Release|iPhoneSimulator.ActiveCfg = Release|Any CPU
		{44741159-EF9C-4D96-8E4F-1752DB038C31}.Release|iPhoneSimulator.Build.0 = Release|Any CPU
		{44741159-EF9C-4D96-8E4F-1752DB038C31}.Release|x64.ActiveCfg = Release|Any CPU
		{44741159-EF9C-4D96-8E4F-1752DB038C31}.Release|x64.Build.0 = Release|Any CPU
		{44741159-EF9C-4D96-8E4F-1752DB038C31}.Release|x86.ActiveCfg = Release|Any CPU
		{44741159-EF9C-4D96-8E4F-1752DB038C31}.Release|x86.Build.0 = Release|Any CPU
		{74E55723-E0FB-455A-8389-1386A7CD2542}.Debug|Any CPU.ActiveCfg = Debug|Any CPU
		{74E55723-E0FB-455A-8389-1386A7CD2542}.Debug|Any CPU.Build.0 = Debug|Any CPU
		{74E55723-E0FB-455A-8389-1386A7CD2542}.Debug|ARM.ActiveCfg = Debug|Any CPU
		{74E55723-E0FB-455A-8389-1386A7CD2542}.Debug|ARM.Build.0 = Debug|Any CPU
		{74E55723-E0FB-455A-8389-1386A7CD2542}.Debug|ARM64.ActiveCfg = Debug|Any CPU
		{74E55723-E0FB-455A-8389-1386A7CD2542}.Debug|ARM64.Build.0 = Debug|Any CPU
		{74E55723-E0FB-455A-8389-1386A7CD2542}.Debug|iPhone.ActiveCfg = Debug|Any CPU
		{74E55723-E0FB-455A-8389-1386A7CD2542}.Debug|iPhone.Build.0 = Debug|Any CPU
		{74E55723-E0FB-455A-8389-1386A7CD2542}.Debug|iPhoneSimulator.ActiveCfg = Debug|Any CPU
		{74E55723-E0FB-455A-8389-1386A7CD2542}.Debug|iPhoneSimulator.Build.0 = Debug|Any CPU
		{74E55723-E0FB-455A-8389-1386A7CD2542}.Debug|x64.ActiveCfg = Debug|Any CPU
		{74E55723-E0FB-455A-8389-1386A7CD2542}.Debug|x64.Build.0 = Debug|Any CPU
		{74E55723-E0FB-455A-8389-1386A7CD2542}.Debug|x86.ActiveCfg = Debug|Any CPU
		{74E55723-E0FB-455A-8389-1386A7CD2542}.Debug|x86.Build.0 = Debug|Any CPU
		{74E55723-E0FB-455A-8389-1386A7CD2542}.Release|Any CPU.ActiveCfg = Release|Any CPU
		{74E55723-E0FB-455A-8389-1386A7CD2542}.Release|Any CPU.Build.0 = Release|Any CPU
		{74E55723-E0FB-455A-8389-1386A7CD2542}.Release|ARM.ActiveCfg = Release|Any CPU
		{74E55723-E0FB-455A-8389-1386A7CD2542}.Release|ARM.Build.0 = Release|Any CPU
		{74E55723-E0FB-455A-8389-1386A7CD2542}.Release|ARM64.ActiveCfg = Release|Any CPU
		{74E55723-E0FB-455A-8389-1386A7CD2542}.Release|ARM64.Build.0 = Release|Any CPU
		{74E55723-E0FB-455A-8389-1386A7CD2542}.Release|iPhone.ActiveCfg = Release|Any CPU
		{74E55723-E0FB-455A-8389-1386A7CD2542}.Release|iPhone.Build.0 = Release|Any CPU
		{74E55723-E0FB-455A-8389-1386A7CD2542}.Release|iPhoneSimulator.ActiveCfg = Release|Any CPU
		{74E55723-E0FB-455A-8389-1386A7CD2542}.Release|iPhoneSimulator.Build.0 = Release|Any CPU
		{74E55723-E0FB-455A-8389-1386A7CD2542}.Release|x64.ActiveCfg = Release|Any CPU
		{74E55723-E0FB-455A-8389-1386A7CD2542}.Release|x64.Build.0 = Release|Any CPU
		{74E55723-E0FB-455A-8389-1386A7CD2542}.Release|x86.ActiveCfg = Release|Any CPU
		{74E55723-E0FB-455A-8389-1386A7CD2542}.Release|x86.Build.0 = Release|Any CPU
		{37F5D33B-50CD-4A69-BB15-8F5B1F72E3DB}.Debug|Any CPU.ActiveCfg = Debug|Any CPU
		{37F5D33B-50CD-4A69-BB15-8F5B1F72E3DB}.Debug|Any CPU.Build.0 = Debug|Any CPU
		{37F5D33B-50CD-4A69-BB15-8F5B1F72E3DB}.Debug|ARM.ActiveCfg = Debug|Any CPU
		{37F5D33B-50CD-4A69-BB15-8F5B1F72E3DB}.Debug|ARM.Build.0 = Debug|Any CPU
		{37F5D33B-50CD-4A69-BB15-8F5B1F72E3DB}.Debug|ARM64.ActiveCfg = Debug|Any CPU
		{37F5D33B-50CD-4A69-BB15-8F5B1F72E3DB}.Debug|ARM64.Build.0 = Debug|Any CPU
		{37F5D33B-50CD-4A69-BB15-8F5B1F72E3DB}.Debug|iPhone.ActiveCfg = Debug|Any CPU
		{37F5D33B-50CD-4A69-BB15-8F5B1F72E3DB}.Debug|iPhone.Build.0 = Debug|Any CPU
		{37F5D33B-50CD-4A69-BB15-8F5B1F72E3DB}.Debug|iPhoneSimulator.ActiveCfg = Debug|Any CPU
		{37F5D33B-50CD-4A69-BB15-8F5B1F72E3DB}.Debug|iPhoneSimulator.Build.0 = Debug|Any CPU
		{37F5D33B-50CD-4A69-BB15-8F5B1F72E3DB}.Debug|x64.ActiveCfg = Debug|Any CPU
		{37F5D33B-50CD-4A69-BB15-8F5B1F72E3DB}.Debug|x64.Build.0 = Debug|Any CPU
		{37F5D33B-50CD-4A69-BB15-8F5B1F72E3DB}.Debug|x86.ActiveCfg = Debug|Any CPU
		{37F5D33B-50CD-4A69-BB15-8F5B1F72E3DB}.Debug|x86.Build.0 = Debug|Any CPU
		{37F5D33B-50CD-4A69-BB15-8F5B1F72E3DB}.Release|Any CPU.ActiveCfg = Release|Any CPU
		{37F5D33B-50CD-4A69-BB15-8F5B1F72E3DB}.Release|Any CPU.Build.0 = Release|Any CPU
		{37F5D33B-50CD-4A69-BB15-8F5B1F72E3DB}.Release|ARM.ActiveCfg = Release|Any CPU
		{37F5D33B-50CD-4A69-BB15-8F5B1F72E3DB}.Release|ARM.Build.0 = Release|Any CPU
		{37F5D33B-50CD-4A69-BB15-8F5B1F72E3DB}.Release|ARM64.ActiveCfg = Release|Any CPU
		{37F5D33B-50CD-4A69-BB15-8F5B1F72E3DB}.Release|ARM64.Build.0 = Release|Any CPU
		{37F5D33B-50CD-4A69-BB15-8F5B1F72E3DB}.Release|iPhone.ActiveCfg = Release|Any CPU
		{37F5D33B-50CD-4A69-BB15-8F5B1F72E3DB}.Release|iPhone.Build.0 = Release|Any CPU
		{37F5D33B-50CD-4A69-BB15-8F5B1F72E3DB}.Release|iPhoneSimulator.ActiveCfg = Release|Any CPU
		{37F5D33B-50CD-4A69-BB15-8F5B1F72E3DB}.Release|iPhoneSimulator.Build.0 = Release|Any CPU
		{37F5D33B-50CD-4A69-BB15-8F5B1F72E3DB}.Release|x64.ActiveCfg = Release|Any CPU
		{37F5D33B-50CD-4A69-BB15-8F5B1F72E3DB}.Release|x64.Build.0 = Release|Any CPU
		{37F5D33B-50CD-4A69-BB15-8F5B1F72E3DB}.Release|x86.ActiveCfg = Release|Any CPU
		{37F5D33B-50CD-4A69-BB15-8F5B1F72E3DB}.Release|x86.Build.0 = Release|Any CPU
		{FA766A5D-9AAF-4049-86BC-78A67C78BDF5}.Debug|Any CPU.ActiveCfg = Debug|Any CPU
		{FA766A5D-9AAF-4049-86BC-78A67C78BDF5}.Debug|Any CPU.Build.0 = Debug|Any CPU
		{FA766A5D-9AAF-4049-86BC-78A67C78BDF5}.Debug|ARM.ActiveCfg = Debug|Any CPU
		{FA766A5D-9AAF-4049-86BC-78A67C78BDF5}.Debug|ARM.Build.0 = Debug|Any CPU
		{FA766A5D-9AAF-4049-86BC-78A67C78BDF5}.Debug|ARM64.ActiveCfg = Debug|Any CPU
		{FA766A5D-9AAF-4049-86BC-78A67C78BDF5}.Debug|ARM64.Build.0 = Debug|Any CPU
		{FA766A5D-9AAF-4049-86BC-78A67C78BDF5}.Debug|iPhone.ActiveCfg = Debug|Any CPU
		{FA766A5D-9AAF-4049-86BC-78A67C78BDF5}.Debug|iPhone.Build.0 = Debug|Any CPU
		{FA766A5D-9AAF-4049-86BC-78A67C78BDF5}.Debug|iPhoneSimulator.ActiveCfg = Debug|Any CPU
		{FA766A5D-9AAF-4049-86BC-78A67C78BDF5}.Debug|iPhoneSimulator.Build.0 = Debug|Any CPU
		{FA766A5D-9AAF-4049-86BC-78A67C78BDF5}.Debug|x64.ActiveCfg = Debug|Any CPU
		{FA766A5D-9AAF-4049-86BC-78A67C78BDF5}.Debug|x64.Build.0 = Debug|Any CPU
		{FA766A5D-9AAF-4049-86BC-78A67C78BDF5}.Debug|x86.ActiveCfg = Debug|Any CPU
		{FA766A5D-9AAF-4049-86BC-78A67C78BDF5}.Debug|x86.Build.0 = Debug|Any CPU
		{FA766A5D-9AAF-4049-86BC-78A67C78BDF5}.Release|Any CPU.ActiveCfg = Release|Any CPU
		{FA766A5D-9AAF-4049-86BC-78A67C78BDF5}.Release|Any CPU.Build.0 = Release|Any CPU
		{FA766A5D-9AAF-4049-86BC-78A67C78BDF5}.Release|ARM.ActiveCfg = Release|Any CPU
		{FA766A5D-9AAF-4049-86BC-78A67C78BDF5}.Release|ARM.Build.0 = Release|Any CPU
		{FA766A5D-9AAF-4049-86BC-78A67C78BDF5}.Release|ARM64.ActiveCfg = Release|Any CPU
		{FA766A5D-9AAF-4049-86BC-78A67C78BDF5}.Release|ARM64.Build.0 = Release|Any CPU
		{FA766A5D-9AAF-4049-86BC-78A67C78BDF5}.Release|iPhone.ActiveCfg = Release|Any CPU
		{FA766A5D-9AAF-4049-86BC-78A67C78BDF5}.Release|iPhone.Build.0 = Release|Any CPU
		{FA766A5D-9AAF-4049-86BC-78A67C78BDF5}.Release|iPhoneSimulator.ActiveCfg = Release|Any CPU
		{FA766A5D-9AAF-4049-86BC-78A67C78BDF5}.Release|iPhoneSimulator.Build.0 = Release|Any CPU
		{FA766A5D-9AAF-4049-86BC-78A67C78BDF5}.Release|x64.ActiveCfg = Release|Any CPU
		{FA766A5D-9AAF-4049-86BC-78A67C78BDF5}.Release|x64.Build.0 = Release|Any CPU
		{FA766A5D-9AAF-4049-86BC-78A67C78BDF5}.Release|x86.ActiveCfg = Release|Any CPU
		{FA766A5D-9AAF-4049-86BC-78A67C78BDF5}.Release|x86.Build.0 = Release|Any CPU
		{2374CE9F-3740-4D4D-9586-E82F44A78F8B}.Debug|Any CPU.ActiveCfg = Debug|Any CPU
		{2374CE9F-3740-4D4D-9586-E82F44A78F8B}.Debug|Any CPU.Build.0 = Debug|Any CPU
		{2374CE9F-3740-4D4D-9586-E82F44A78F8B}.Debug|ARM.ActiveCfg = Debug|Any CPU
		{2374CE9F-3740-4D4D-9586-E82F44A78F8B}.Debug|ARM.Build.0 = Debug|Any CPU
		{2374CE9F-3740-4D4D-9586-E82F44A78F8B}.Debug|ARM64.ActiveCfg = Debug|Any CPU
		{2374CE9F-3740-4D4D-9586-E82F44A78F8B}.Debug|ARM64.Build.0 = Debug|Any CPU
		{2374CE9F-3740-4D4D-9586-E82F44A78F8B}.Debug|iPhone.ActiveCfg = Debug|Any CPU
		{2374CE9F-3740-4D4D-9586-E82F44A78F8B}.Debug|iPhone.Build.0 = Debug|Any CPU
		{2374CE9F-3740-4D4D-9586-E82F44A78F8B}.Debug|iPhoneSimulator.ActiveCfg = Debug|Any CPU
		{2374CE9F-3740-4D4D-9586-E82F44A78F8B}.Debug|iPhoneSimulator.Build.0 = Debug|Any CPU
		{2374CE9F-3740-4D4D-9586-E82F44A78F8B}.Debug|x64.ActiveCfg = Debug|Any CPU
		{2374CE9F-3740-4D4D-9586-E82F44A78F8B}.Debug|x64.Build.0 = Debug|Any CPU
		{2374CE9F-3740-4D4D-9586-E82F44A78F8B}.Debug|x86.ActiveCfg = Debug|Any CPU
		{2374CE9F-3740-4D4D-9586-E82F44A78F8B}.Debug|x86.Build.0 = Debug|Any CPU
		{2374CE9F-3740-4D4D-9586-E82F44A78F8B}.Release|Any CPU.ActiveCfg = Release|Any CPU
		{2374CE9F-3740-4D4D-9586-E82F44A78F8B}.Release|Any CPU.Build.0 = Release|Any CPU
		{2374CE9F-3740-4D4D-9586-E82F44A78F8B}.Release|ARM.ActiveCfg = Release|Any CPU
		{2374CE9F-3740-4D4D-9586-E82F44A78F8B}.Release|ARM.Build.0 = Release|Any CPU
		{2374CE9F-3740-4D4D-9586-E82F44A78F8B}.Release|ARM64.ActiveCfg = Release|Any CPU
		{2374CE9F-3740-4D4D-9586-E82F44A78F8B}.Release|ARM64.Build.0 = Release|Any CPU
		{2374CE9F-3740-4D4D-9586-E82F44A78F8B}.Release|iPhone.ActiveCfg = Release|Any CPU
		{2374CE9F-3740-4D4D-9586-E82F44A78F8B}.Release|iPhone.Build.0 = Release|Any CPU
		{2374CE9F-3740-4D4D-9586-E82F44A78F8B}.Release|iPhoneSimulator.ActiveCfg = Release|Any CPU
		{2374CE9F-3740-4D4D-9586-E82F44A78F8B}.Release|iPhoneSimulator.Build.0 = Release|Any CPU
		{2374CE9F-3740-4D4D-9586-E82F44A78F8B}.Release|x64.ActiveCfg = Release|Any CPU
		{2374CE9F-3740-4D4D-9586-E82F44A78F8B}.Release|x64.Build.0 = Release|Any CPU
		{2374CE9F-3740-4D4D-9586-E82F44A78F8B}.Release|x86.ActiveCfg = Release|Any CPU
		{2374CE9F-3740-4D4D-9586-E82F44A78F8B}.Release|x86.Build.0 = Release|Any CPU
		{DC4FBE18-C8FD-4932-9D69-06414C54009E}.Debug|Any CPU.ActiveCfg = Debug|Any CPU
		{DC4FBE18-C8FD-4932-9D69-06414C54009E}.Debug|Any CPU.Build.0 = Debug|Any CPU
		{DC4FBE18-C8FD-4932-9D69-06414C54009E}.Debug|ARM.ActiveCfg = Debug|Any CPU
		{DC4FBE18-C8FD-4932-9D69-06414C54009E}.Debug|ARM.Build.0 = Debug|Any CPU
		{DC4FBE18-C8FD-4932-9D69-06414C54009E}.Debug|ARM64.ActiveCfg = Debug|Any CPU
		{DC4FBE18-C8FD-4932-9D69-06414C54009E}.Debug|ARM64.Build.0 = Debug|Any CPU
		{DC4FBE18-C8FD-4932-9D69-06414C54009E}.Debug|iPhone.ActiveCfg = Debug|Any CPU
		{DC4FBE18-C8FD-4932-9D69-06414C54009E}.Debug|iPhone.Build.0 = Debug|Any CPU
		{DC4FBE18-C8FD-4932-9D69-06414C54009E}.Debug|iPhoneSimulator.ActiveCfg = Debug|Any CPU
		{DC4FBE18-C8FD-4932-9D69-06414C54009E}.Debug|iPhoneSimulator.Build.0 = Debug|Any CPU
		{DC4FBE18-C8FD-4932-9D69-06414C54009E}.Debug|x64.ActiveCfg = Debug|Any CPU
		{DC4FBE18-C8FD-4932-9D69-06414C54009E}.Debug|x64.Build.0 = Debug|Any CPU
		{DC4FBE18-C8FD-4932-9D69-06414C54009E}.Debug|x86.ActiveCfg = Debug|Any CPU
		{DC4FBE18-C8FD-4932-9D69-06414C54009E}.Debug|x86.Build.0 = Debug|Any CPU
		{DC4FBE18-C8FD-4932-9D69-06414C54009E}.Release|Any CPU.ActiveCfg = Release|Any CPU
		{DC4FBE18-C8FD-4932-9D69-06414C54009E}.Release|Any CPU.Build.0 = Release|Any CPU
		{DC4FBE18-C8FD-4932-9D69-06414C54009E}.Release|ARM.ActiveCfg = Release|Any CPU
		{DC4FBE18-C8FD-4932-9D69-06414C54009E}.Release|ARM.Build.0 = Release|Any CPU
		{DC4FBE18-C8FD-4932-9D69-06414C54009E}.Release|ARM64.ActiveCfg = Release|Any CPU
		{DC4FBE18-C8FD-4932-9D69-06414C54009E}.Release|ARM64.Build.0 = Release|Any CPU
		{DC4FBE18-C8FD-4932-9D69-06414C54009E}.Release|iPhone.ActiveCfg = Release|Any CPU
		{DC4FBE18-C8FD-4932-9D69-06414C54009E}.Release|iPhone.Build.0 = Release|Any CPU
		{DC4FBE18-C8FD-4932-9D69-06414C54009E}.Release|iPhoneSimulator.ActiveCfg = Release|Any CPU
		{DC4FBE18-C8FD-4932-9D69-06414C54009E}.Release|iPhoneSimulator.Build.0 = Release|Any CPU
		{DC4FBE18-C8FD-4932-9D69-06414C54009E}.Release|x64.ActiveCfg = Release|Any CPU
		{DC4FBE18-C8FD-4932-9D69-06414C54009E}.Release|x64.Build.0 = Release|Any CPU
		{DC4FBE18-C8FD-4932-9D69-06414C54009E}.Release|x86.ActiveCfg = Release|Any CPU
		{DC4FBE18-C8FD-4932-9D69-06414C54009E}.Release|x86.Build.0 = Release|Any CPU
		{C7C33474-4D9C-4EB7-9421-8954DEB8BF18}.Debug|Any CPU.ActiveCfg = Debug|Any CPU
		{C7C33474-4D9C-4EB7-9421-8954DEB8BF18}.Debug|Any CPU.Build.0 = Debug|Any CPU
		{C7C33474-4D9C-4EB7-9421-8954DEB8BF18}.Debug|ARM.ActiveCfg = Debug|Any CPU
		{C7C33474-4D9C-4EB7-9421-8954DEB8BF18}.Debug|ARM.Build.0 = Debug|Any CPU
		{C7C33474-4D9C-4EB7-9421-8954DEB8BF18}.Debug|ARM64.ActiveCfg = Debug|Any CPU
		{C7C33474-4D9C-4EB7-9421-8954DEB8BF18}.Debug|ARM64.Build.0 = Debug|Any CPU
		{C7C33474-4D9C-4EB7-9421-8954DEB8BF18}.Debug|iPhone.ActiveCfg = Debug|Any CPU
		{C7C33474-4D9C-4EB7-9421-8954DEB8BF18}.Debug|iPhone.Build.0 = Debug|Any CPU
		{C7C33474-4D9C-4EB7-9421-8954DEB8BF18}.Debug|iPhoneSimulator.ActiveCfg = Debug|Any CPU
		{C7C33474-4D9C-4EB7-9421-8954DEB8BF18}.Debug|iPhoneSimulator.Build.0 = Debug|Any CPU
		{C7C33474-4D9C-4EB7-9421-8954DEB8BF18}.Debug|x64.ActiveCfg = Debug|Any CPU
		{C7C33474-4D9C-4EB7-9421-8954DEB8BF18}.Debug|x64.Build.0 = Debug|Any CPU
		{C7C33474-4D9C-4EB7-9421-8954DEB8BF18}.Debug|x86.ActiveCfg = Debug|Any CPU
		{C7C33474-4D9C-4EB7-9421-8954DEB8BF18}.Debug|x86.Build.0 = Debug|Any CPU
		{C7C33474-4D9C-4EB7-9421-8954DEB8BF18}.Release|Any CPU.ActiveCfg = Release|Any CPU
		{C7C33474-4D9C-4EB7-9421-8954DEB8BF18}.Release|Any CPU.Build.0 = Release|Any CPU
		{C7C33474-4D9C-4EB7-9421-8954DEB8BF18}.Release|ARM.ActiveCfg = Release|Any CPU
		{C7C33474-4D9C-4EB7-9421-8954DEB8BF18}.Release|ARM.Build.0 = Release|Any CPU
		{C7C33474-4D9C-4EB7-9421-8954DEB8BF18}.Release|ARM64.ActiveCfg = Release|Any CPU
		{C7C33474-4D9C-4EB7-9421-8954DEB8BF18}.Release|ARM64.Build.0 = Release|Any CPU
		{C7C33474-4D9C-4EB7-9421-8954DEB8BF18}.Release|iPhone.ActiveCfg = Release|Any CPU
		{C7C33474-4D9C-4EB7-9421-8954DEB8BF18}.Release|iPhone.Build.0 = Release|Any CPU
		{C7C33474-4D9C-4EB7-9421-8954DEB8BF18}.Release|iPhoneSimulator.ActiveCfg = Release|Any CPU
		{C7C33474-4D9C-4EB7-9421-8954DEB8BF18}.Release|iPhoneSimulator.Build.0 = Release|Any CPU
		{C7C33474-4D9C-4EB7-9421-8954DEB8BF18}.Release|x64.ActiveCfg = Release|Any CPU
		{C7C33474-4D9C-4EB7-9421-8954DEB8BF18}.Release|x64.Build.0 = Release|Any CPU
		{C7C33474-4D9C-4EB7-9421-8954DEB8BF18}.Release|x86.ActiveCfg = Release|Any CPU
		{C7C33474-4D9C-4EB7-9421-8954DEB8BF18}.Release|x86.Build.0 = Release|Any CPU
		{113AEF67-92D6-4AE2-9013-8130CC6E8547}.Debug|Any CPU.ActiveCfg = Debug|Any CPU
		{113AEF67-92D6-4AE2-9013-8130CC6E8547}.Debug|Any CPU.Build.0 = Debug|Any CPU
		{113AEF67-92D6-4AE2-9013-8130CC6E8547}.Debug|ARM.ActiveCfg = Debug|Any CPU
		{113AEF67-92D6-4AE2-9013-8130CC6E8547}.Debug|ARM.Build.0 = Debug|Any CPU
		{113AEF67-92D6-4AE2-9013-8130CC6E8547}.Debug|ARM64.ActiveCfg = Debug|Any CPU
		{113AEF67-92D6-4AE2-9013-8130CC6E8547}.Debug|ARM64.Build.0 = Debug|Any CPU
		{113AEF67-92D6-4AE2-9013-8130CC6E8547}.Debug|iPhone.ActiveCfg = Debug|Any CPU
		{113AEF67-92D6-4AE2-9013-8130CC6E8547}.Debug|iPhone.Build.0 = Debug|Any CPU
		{113AEF67-92D6-4AE2-9013-8130CC6E8547}.Debug|iPhoneSimulator.ActiveCfg = Debug|Any CPU
		{113AEF67-92D6-4AE2-9013-8130CC6E8547}.Debug|iPhoneSimulator.Build.0 = Debug|Any CPU
		{113AEF67-92D6-4AE2-9013-8130CC6E8547}.Debug|x64.ActiveCfg = Debug|Any CPU
		{113AEF67-92D6-4AE2-9013-8130CC6E8547}.Debug|x64.Build.0 = Debug|Any CPU
		{113AEF67-92D6-4AE2-9013-8130CC6E8547}.Debug|x86.ActiveCfg = Debug|Any CPU
		{113AEF67-92D6-4AE2-9013-8130CC6E8547}.Debug|x86.Build.0 = Debug|Any CPU
		{113AEF67-92D6-4AE2-9013-8130CC6E8547}.Release|Any CPU.ActiveCfg = Release|Any CPU
		{113AEF67-92D6-4AE2-9013-8130CC6E8547}.Release|Any CPU.Build.0 = Release|Any CPU
		{113AEF67-92D6-4AE2-9013-8130CC6E8547}.Release|ARM.ActiveCfg = Release|Any CPU
		{113AEF67-92D6-4AE2-9013-8130CC6E8547}.Release|ARM.Build.0 = Release|Any CPU
		{113AEF67-92D6-4AE2-9013-8130CC6E8547}.Release|ARM64.ActiveCfg = Release|Any CPU
		{113AEF67-92D6-4AE2-9013-8130CC6E8547}.Release|ARM64.Build.0 = Release|Any CPU
		{113AEF67-92D6-4AE2-9013-8130CC6E8547}.Release|iPhone.ActiveCfg = Release|Any CPU
		{113AEF67-92D6-4AE2-9013-8130CC6E8547}.Release|iPhone.Build.0 = Release|Any CPU
		{113AEF67-92D6-4AE2-9013-8130CC6E8547}.Release|iPhoneSimulator.ActiveCfg = Release|Any CPU
		{113AEF67-92D6-4AE2-9013-8130CC6E8547}.Release|iPhoneSimulator.Build.0 = Release|Any CPU
		{113AEF67-92D6-4AE2-9013-8130CC6E8547}.Release|x64.ActiveCfg = Release|Any CPU
		{113AEF67-92D6-4AE2-9013-8130CC6E8547}.Release|x64.Build.0 = Release|Any CPU
		{113AEF67-92D6-4AE2-9013-8130CC6E8547}.Release|x86.ActiveCfg = Release|Any CPU
		{113AEF67-92D6-4AE2-9013-8130CC6E8547}.Release|x86.Build.0 = Release|Any CPU
		{AF753956-6FF5-484C-B003-5143F66C249C}.Debug|Any CPU.ActiveCfg = Debug|Any CPU
		{AF753956-6FF5-484C-B003-5143F66C249C}.Debug|Any CPU.Build.0 = Debug|Any CPU
		{AF753956-6FF5-484C-B003-5143F66C249C}.Debug|ARM.ActiveCfg = Debug|Any CPU
		{AF753956-6FF5-484C-B003-5143F66C249C}.Debug|ARM.Build.0 = Debug|Any CPU
		{AF753956-6FF5-484C-B003-5143F66C249C}.Debug|ARM64.ActiveCfg = Debug|Any CPU
		{AF753956-6FF5-484C-B003-5143F66C249C}.Debug|ARM64.Build.0 = Debug|Any CPU
		{AF753956-6FF5-484C-B003-5143F66C249C}.Debug|iPhone.ActiveCfg = Debug|Any CPU
		{AF753956-6FF5-484C-B003-5143F66C249C}.Debug|iPhone.Build.0 = Debug|Any CPU
		{AF753956-6FF5-484C-B003-5143F66C249C}.Debug|iPhoneSimulator.ActiveCfg = Debug|Any CPU
		{AF753956-6FF5-484C-B003-5143F66C249C}.Debug|iPhoneSimulator.Build.0 = Debug|Any CPU
		{AF753956-6FF5-484C-B003-5143F66C249C}.Debug|x64.ActiveCfg = Debug|Any CPU
		{AF753956-6FF5-484C-B003-5143F66C249C}.Debug|x64.Build.0 = Debug|Any CPU
		{AF753956-6FF5-484C-B003-5143F66C249C}.Debug|x86.ActiveCfg = Debug|Any CPU
		{AF753956-6FF5-484C-B003-5143F66C249C}.Debug|x86.Build.0 = Debug|Any CPU
		{AF753956-6FF5-484C-B003-5143F66C249C}.Release|Any CPU.ActiveCfg = Release|Any CPU
		{AF753956-6FF5-484C-B003-5143F66C249C}.Release|Any CPU.Build.0 = Release|Any CPU
		{AF753956-6FF5-484C-B003-5143F66C249C}.Release|ARM.ActiveCfg = Release|Any CPU
		{AF753956-6FF5-484C-B003-5143F66C249C}.Release|ARM.Build.0 = Release|Any CPU
		{AF753956-6FF5-484C-B003-5143F66C249C}.Release|ARM64.ActiveCfg = Release|Any CPU
		{AF753956-6FF5-484C-B003-5143F66C249C}.Release|ARM64.Build.0 = Release|Any CPU
		{AF753956-6FF5-484C-B003-5143F66C249C}.Release|iPhone.ActiveCfg = Release|Any CPU
		{AF753956-6FF5-484C-B003-5143F66C249C}.Release|iPhone.Build.0 = Release|Any CPU
		{AF753956-6FF5-484C-B003-5143F66C249C}.Release|iPhoneSimulator.ActiveCfg = Release|Any CPU
		{AF753956-6FF5-484C-B003-5143F66C249C}.Release|iPhoneSimulator.Build.0 = Release|Any CPU
		{AF753956-6FF5-484C-B003-5143F66C249C}.Release|x64.ActiveCfg = Release|Any CPU
		{AF753956-6FF5-484C-B003-5143F66C249C}.Release|x64.Build.0 = Release|Any CPU
		{AF753956-6FF5-484C-B003-5143F66C249C}.Release|x86.ActiveCfg = Release|Any CPU
		{AF753956-6FF5-484C-B003-5143F66C249C}.Release|x86.Build.0 = Release|Any CPU
		{27821C9D-9EC7-4E50-8404-042ECA4D7A00}.Debug|Any CPU.ActiveCfg = Debug|Any CPU
		{27821C9D-9EC7-4E50-8404-042ECA4D7A00}.Debug|Any CPU.Build.0 = Debug|Any CPU
		{27821C9D-9EC7-4E50-8404-042ECA4D7A00}.Debug|ARM.ActiveCfg = Debug|Any CPU
		{27821C9D-9EC7-4E50-8404-042ECA4D7A00}.Debug|ARM.Build.0 = Debug|Any CPU
		{27821C9D-9EC7-4E50-8404-042ECA4D7A00}.Debug|ARM64.ActiveCfg = Debug|Any CPU
		{27821C9D-9EC7-4E50-8404-042ECA4D7A00}.Debug|ARM64.Build.0 = Debug|Any CPU
		{27821C9D-9EC7-4E50-8404-042ECA4D7A00}.Debug|iPhone.ActiveCfg = Debug|Any CPU
		{27821C9D-9EC7-4E50-8404-042ECA4D7A00}.Debug|iPhone.Build.0 = Debug|Any CPU
		{27821C9D-9EC7-4E50-8404-042ECA4D7A00}.Debug|iPhoneSimulator.ActiveCfg = Debug|Any CPU
		{27821C9D-9EC7-4E50-8404-042ECA4D7A00}.Debug|iPhoneSimulator.Build.0 = Debug|Any CPU
		{27821C9D-9EC7-4E50-8404-042ECA4D7A00}.Debug|x64.ActiveCfg = Debug|Any CPU
		{27821C9D-9EC7-4E50-8404-042ECA4D7A00}.Debug|x64.Build.0 = Debug|Any CPU
		{27821C9D-9EC7-4E50-8404-042ECA4D7A00}.Debug|x86.ActiveCfg = Debug|Any CPU
		{27821C9D-9EC7-4E50-8404-042ECA4D7A00}.Debug|x86.Build.0 = Debug|Any CPU
		{27821C9D-9EC7-4E50-8404-042ECA4D7A00}.Release|Any CPU.ActiveCfg = Release|Any CPU
		{27821C9D-9EC7-4E50-8404-042ECA4D7A00}.Release|Any CPU.Build.0 = Release|Any CPU
		{27821C9D-9EC7-4E50-8404-042ECA4D7A00}.Release|ARM.ActiveCfg = Release|Any CPU
		{27821C9D-9EC7-4E50-8404-042ECA4D7A00}.Release|ARM.Build.0 = Release|Any CPU
		{27821C9D-9EC7-4E50-8404-042ECA4D7A00}.Release|ARM64.ActiveCfg = Release|Any CPU
		{27821C9D-9EC7-4E50-8404-042ECA4D7A00}.Release|ARM64.Build.0 = Release|Any CPU
		{27821C9D-9EC7-4E50-8404-042ECA4D7A00}.Release|iPhone.ActiveCfg = Release|Any CPU
		{27821C9D-9EC7-4E50-8404-042ECA4D7A00}.Release|iPhone.Build.0 = Release|Any CPU
		{27821C9D-9EC7-4E50-8404-042ECA4D7A00}.Release|iPhoneSimulator.ActiveCfg = Release|Any CPU
		{27821C9D-9EC7-4E50-8404-042ECA4D7A00}.Release|iPhoneSimulator.Build.0 = Release|Any CPU
		{27821C9D-9EC7-4E50-8404-042ECA4D7A00}.Release|x64.ActiveCfg = Release|Any CPU
		{27821C9D-9EC7-4E50-8404-042ECA4D7A00}.Release|x64.Build.0 = Release|Any CPU
		{27821C9D-9EC7-4E50-8404-042ECA4D7A00}.Release|x86.ActiveCfg = Release|Any CPU
		{27821C9D-9EC7-4E50-8404-042ECA4D7A00}.Release|x86.Build.0 = Release|Any CPU
		{4EBCA0B3-6D2E-4FB4-BE6B-316AD6B8C473}.Debug|Any CPU.ActiveCfg = Debug|Any CPU
		{4EBCA0B3-6D2E-4FB4-BE6B-316AD6B8C473}.Debug|Any CPU.Build.0 = Debug|Any CPU
		{4EBCA0B3-6D2E-4FB4-BE6B-316AD6B8C473}.Debug|ARM.ActiveCfg = Debug|Any CPU
		{4EBCA0B3-6D2E-4FB4-BE6B-316AD6B8C473}.Debug|ARM.Build.0 = Debug|Any CPU
		{4EBCA0B3-6D2E-4FB4-BE6B-316AD6B8C473}.Debug|ARM64.ActiveCfg = Debug|Any CPU
		{4EBCA0B3-6D2E-4FB4-BE6B-316AD6B8C473}.Debug|ARM64.Build.0 = Debug|Any CPU
		{4EBCA0B3-6D2E-4FB4-BE6B-316AD6B8C473}.Debug|iPhone.ActiveCfg = Debug|Any CPU
		{4EBCA0B3-6D2E-4FB4-BE6B-316AD6B8C473}.Debug|iPhone.Build.0 = Debug|Any CPU
		{4EBCA0B3-6D2E-4FB4-BE6B-316AD6B8C473}.Debug|iPhoneSimulator.ActiveCfg = Debug|Any CPU
		{4EBCA0B3-6D2E-4FB4-BE6B-316AD6B8C473}.Debug|iPhoneSimulator.Build.0 = Debug|Any CPU
		{4EBCA0B3-6D2E-4FB4-BE6B-316AD6B8C473}.Debug|x64.ActiveCfg = Debug|Any CPU
		{4EBCA0B3-6D2E-4FB4-BE6B-316AD6B8C473}.Debug|x64.Build.0 = Debug|Any CPU
		{4EBCA0B3-6D2E-4FB4-BE6B-316AD6B8C473}.Debug|x86.ActiveCfg = Debug|Any CPU
		{4EBCA0B3-6D2E-4FB4-BE6B-316AD6B8C473}.Debug|x86.Build.0 = Debug|Any CPU
		{4EBCA0B3-6D2E-4FB4-BE6B-316AD6B8C473}.Release|Any CPU.ActiveCfg = Release|Any CPU
		{4EBCA0B3-6D2E-4FB4-BE6B-316AD6B8C473}.Release|Any CPU.Build.0 = Release|Any CPU
		{4EBCA0B3-6D2E-4FB4-BE6B-316AD6B8C473}.Release|ARM.ActiveCfg = Release|Any CPU
		{4EBCA0B3-6D2E-4FB4-BE6B-316AD6B8C473}.Release|ARM.Build.0 = Release|Any CPU
		{4EBCA0B3-6D2E-4FB4-BE6B-316AD6B8C473}.Release|ARM64.ActiveCfg = Release|Any CPU
		{4EBCA0B3-6D2E-4FB4-BE6B-316AD6B8C473}.Release|ARM64.Build.0 = Release|Any CPU
		{4EBCA0B3-6D2E-4FB4-BE6B-316AD6B8C473}.Release|iPhone.ActiveCfg = Release|Any CPU
		{4EBCA0B3-6D2E-4FB4-BE6B-316AD6B8C473}.Release|iPhone.Build.0 = Release|Any CPU
		{4EBCA0B3-6D2E-4FB4-BE6B-316AD6B8C473}.Release|iPhoneSimulator.ActiveCfg = Release|Any CPU
		{4EBCA0B3-6D2E-4FB4-BE6B-316AD6B8C473}.Release|iPhoneSimulator.Build.0 = Release|Any CPU
		{4EBCA0B3-6D2E-4FB4-BE6B-316AD6B8C473}.Release|x64.ActiveCfg = Release|Any CPU
		{4EBCA0B3-6D2E-4FB4-BE6B-316AD6B8C473}.Release|x64.Build.0 = Release|Any CPU
		{4EBCA0B3-6D2E-4FB4-BE6B-316AD6B8C473}.Release|x86.ActiveCfg = Release|Any CPU
		{4EBCA0B3-6D2E-4FB4-BE6B-316AD6B8C473}.Release|x86.Build.0 = Release|Any CPU
		{73CAC99C-CBB4-4527-B6C0-56B5EE3B3464}.Debug|Any CPU.ActiveCfg = Debug|Any CPU
		{73CAC99C-CBB4-4527-B6C0-56B5EE3B3464}.Debug|Any CPU.Build.0 = Debug|Any CPU
		{73CAC99C-CBB4-4527-B6C0-56B5EE3B3464}.Debug|ARM.ActiveCfg = Debug|Any CPU
		{73CAC99C-CBB4-4527-B6C0-56B5EE3B3464}.Debug|ARM.Build.0 = Debug|Any CPU
		{73CAC99C-CBB4-4527-B6C0-56B5EE3B3464}.Debug|ARM64.ActiveCfg = Debug|Any CPU
		{73CAC99C-CBB4-4527-B6C0-56B5EE3B3464}.Debug|ARM64.Build.0 = Debug|Any CPU
		{73CAC99C-CBB4-4527-B6C0-56B5EE3B3464}.Debug|iPhone.ActiveCfg = Debug|Any CPU
		{73CAC99C-CBB4-4527-B6C0-56B5EE3B3464}.Debug|iPhone.Build.0 = Debug|Any CPU
		{73CAC99C-CBB4-4527-B6C0-56B5EE3B3464}.Debug|iPhoneSimulator.ActiveCfg = Debug|Any CPU
		{73CAC99C-CBB4-4527-B6C0-56B5EE3B3464}.Debug|iPhoneSimulator.Build.0 = Debug|Any CPU
		{73CAC99C-CBB4-4527-B6C0-56B5EE3B3464}.Debug|x64.ActiveCfg = Debug|x64
		{73CAC99C-CBB4-4527-B6C0-56B5EE3B3464}.Debug|x64.Build.0 = Debug|x64
		{73CAC99C-CBB4-4527-B6C0-56B5EE3B3464}.Debug|x86.ActiveCfg = Debug|x86
		{73CAC99C-CBB4-4527-B6C0-56B5EE3B3464}.Debug|x86.Build.0 = Debug|x86
		{73CAC99C-CBB4-4527-B6C0-56B5EE3B3464}.Release|Any CPU.ActiveCfg = Release|Any CPU
		{73CAC99C-CBB4-4527-B6C0-56B5EE3B3464}.Release|Any CPU.Build.0 = Release|Any CPU
		{73CAC99C-CBB4-4527-B6C0-56B5EE3B3464}.Release|ARM.ActiveCfg = Release|Any CPU
		{73CAC99C-CBB4-4527-B6C0-56B5EE3B3464}.Release|ARM.Build.0 = Release|Any CPU
		{73CAC99C-CBB4-4527-B6C0-56B5EE3B3464}.Release|ARM64.ActiveCfg = Release|Any CPU
		{73CAC99C-CBB4-4527-B6C0-56B5EE3B3464}.Release|ARM64.Build.0 = Release|Any CPU
		{73CAC99C-CBB4-4527-B6C0-56B5EE3B3464}.Release|iPhone.ActiveCfg = Release|Any CPU
		{73CAC99C-CBB4-4527-B6C0-56B5EE3B3464}.Release|iPhone.Build.0 = Release|Any CPU
		{73CAC99C-CBB4-4527-B6C0-56B5EE3B3464}.Release|iPhoneSimulator.ActiveCfg = Release|Any CPU
		{73CAC99C-CBB4-4527-B6C0-56B5EE3B3464}.Release|iPhoneSimulator.Build.0 = Release|Any CPU
		{73CAC99C-CBB4-4527-B6C0-56B5EE3B3464}.Release|x64.ActiveCfg = Release|x64
		{73CAC99C-CBB4-4527-B6C0-56B5EE3B3464}.Release|x64.Build.0 = Release|x64
		{73CAC99C-CBB4-4527-B6C0-56B5EE3B3464}.Release|x86.ActiveCfg = Release|x86
		{73CAC99C-CBB4-4527-B6C0-56B5EE3B3464}.Release|x86.Build.0 = Release|x86
		{C94BFAF1-0797-42EC-B01C-A815F429DD10}.Debug|Any CPU.ActiveCfg = Debug|Any CPU
		{C94BFAF1-0797-42EC-B01C-A815F429DD10}.Debug|Any CPU.Build.0 = Debug|Any CPU
		{C94BFAF1-0797-42EC-B01C-A815F429DD10}.Debug|ARM.ActiveCfg = Debug|Any CPU
		{C94BFAF1-0797-42EC-B01C-A815F429DD10}.Debug|ARM.Build.0 = Debug|Any CPU
		{C94BFAF1-0797-42EC-B01C-A815F429DD10}.Debug|ARM64.ActiveCfg = Debug|Any CPU
		{C94BFAF1-0797-42EC-B01C-A815F429DD10}.Debug|ARM64.Build.0 = Debug|Any CPU
		{C94BFAF1-0797-42EC-B01C-A815F429DD10}.Debug|iPhone.ActiveCfg = Debug|Any CPU
		{C94BFAF1-0797-42EC-B01C-A815F429DD10}.Debug|iPhone.Build.0 = Debug|Any CPU
		{C94BFAF1-0797-42EC-B01C-A815F429DD10}.Debug|iPhoneSimulator.ActiveCfg = Debug|Any CPU
		{C94BFAF1-0797-42EC-B01C-A815F429DD10}.Debug|iPhoneSimulator.Build.0 = Debug|Any CPU
		{C94BFAF1-0797-42EC-B01C-A815F429DD10}.Debug|x64.ActiveCfg = Debug|Any CPU
		{C94BFAF1-0797-42EC-B01C-A815F429DD10}.Debug|x64.Build.0 = Debug|Any CPU
		{C94BFAF1-0797-42EC-B01C-A815F429DD10}.Debug|x86.ActiveCfg = Debug|Any CPU
		{C94BFAF1-0797-42EC-B01C-A815F429DD10}.Debug|x86.Build.0 = Debug|Any CPU
		{C94BFAF1-0797-42EC-B01C-A815F429DD10}.Release|Any CPU.ActiveCfg = Release|Any CPU
		{C94BFAF1-0797-42EC-B01C-A815F429DD10}.Release|Any CPU.Build.0 = Release|Any CPU
		{C94BFAF1-0797-42EC-B01C-A815F429DD10}.Release|ARM.ActiveCfg = Release|Any CPU
		{C94BFAF1-0797-42EC-B01C-A815F429DD10}.Release|ARM.Build.0 = Release|Any CPU
		{C94BFAF1-0797-42EC-B01C-A815F429DD10}.Release|ARM64.ActiveCfg = Release|Any CPU
		{C94BFAF1-0797-42EC-B01C-A815F429DD10}.Release|ARM64.Build.0 = Release|Any CPU
		{C94BFAF1-0797-42EC-B01C-A815F429DD10}.Release|iPhone.ActiveCfg = Release|Any CPU
		{C94BFAF1-0797-42EC-B01C-A815F429DD10}.Release|iPhone.Build.0 = Release|Any CPU
		{C94BFAF1-0797-42EC-B01C-A815F429DD10}.Release|iPhoneSimulator.ActiveCfg = Release|Any CPU
		{C94BFAF1-0797-42EC-B01C-A815F429DD10}.Release|iPhoneSimulator.Build.0 = Release|Any CPU
		{C94BFAF1-0797-42EC-B01C-A815F429DD10}.Release|x64.ActiveCfg = Release|Any CPU
		{C94BFAF1-0797-42EC-B01C-A815F429DD10}.Release|x64.Build.0 = Release|Any CPU
		{C94BFAF1-0797-42EC-B01C-A815F429DD10}.Release|x86.ActiveCfg = Release|Any CPU
		{C94BFAF1-0797-42EC-B01C-A815F429DD10}.Release|x86.Build.0 = Release|Any CPU
		{CAF5B2C4-48DB-41FE-B2C5-8D74F6A1DE77}.Debug|Any CPU.ActiveCfg = Debug|Any CPU
		{CAF5B2C4-48DB-41FE-B2C5-8D74F6A1DE77}.Debug|Any CPU.Build.0 = Debug|Any CPU
		{CAF5B2C4-48DB-41FE-B2C5-8D74F6A1DE77}.Debug|ARM.ActiveCfg = Debug|Any CPU
		{CAF5B2C4-48DB-41FE-B2C5-8D74F6A1DE77}.Debug|ARM.Build.0 = Debug|Any CPU
		{CAF5B2C4-48DB-41FE-B2C5-8D74F6A1DE77}.Debug|ARM64.ActiveCfg = Debug|Any CPU
		{CAF5B2C4-48DB-41FE-B2C5-8D74F6A1DE77}.Debug|ARM64.Build.0 = Debug|Any CPU
		{CAF5B2C4-48DB-41FE-B2C5-8D74F6A1DE77}.Debug|iPhone.ActiveCfg = Debug|Any CPU
		{CAF5B2C4-48DB-41FE-B2C5-8D74F6A1DE77}.Debug|iPhone.Build.0 = Debug|Any CPU
		{CAF5B2C4-48DB-41FE-B2C5-8D74F6A1DE77}.Debug|iPhoneSimulator.ActiveCfg = Debug|Any CPU
		{CAF5B2C4-48DB-41FE-B2C5-8D74F6A1DE77}.Debug|iPhoneSimulator.Build.0 = Debug|Any CPU
		{CAF5B2C4-48DB-41FE-B2C5-8D74F6A1DE77}.Debug|x64.ActiveCfg = Debug|Any CPU
		{CAF5B2C4-48DB-41FE-B2C5-8D74F6A1DE77}.Debug|x64.Build.0 = Debug|Any CPU
		{CAF5B2C4-48DB-41FE-B2C5-8D74F6A1DE77}.Debug|x86.ActiveCfg = Debug|Any CPU
		{CAF5B2C4-48DB-41FE-B2C5-8D74F6A1DE77}.Debug|x86.Build.0 = Debug|Any CPU
		{CAF5B2C4-48DB-41FE-B2C5-8D74F6A1DE77}.Release|Any CPU.ActiveCfg = Release|Any CPU
		{CAF5B2C4-48DB-41FE-B2C5-8D74F6A1DE77}.Release|Any CPU.Build.0 = Release|Any CPU
		{CAF5B2C4-48DB-41FE-B2C5-8D74F6A1DE77}.Release|ARM.ActiveCfg = Release|Any CPU
		{CAF5B2C4-48DB-41FE-B2C5-8D74F6A1DE77}.Release|ARM.Build.0 = Release|Any CPU
		{CAF5B2C4-48DB-41FE-B2C5-8D74F6A1DE77}.Release|ARM64.ActiveCfg = Release|Any CPU
		{CAF5B2C4-48DB-41FE-B2C5-8D74F6A1DE77}.Release|ARM64.Build.0 = Release|Any CPU
		{CAF5B2C4-48DB-41FE-B2C5-8D74F6A1DE77}.Release|iPhone.ActiveCfg = Release|Any CPU
		{CAF5B2C4-48DB-41FE-B2C5-8D74F6A1DE77}.Release|iPhone.Build.0 = Release|Any CPU
		{CAF5B2C4-48DB-41FE-B2C5-8D74F6A1DE77}.Release|iPhoneSimulator.ActiveCfg = Release|Any CPU
		{CAF5B2C4-48DB-41FE-B2C5-8D74F6A1DE77}.Release|iPhoneSimulator.Build.0 = Release|Any CPU
		{CAF5B2C4-48DB-41FE-B2C5-8D74F6A1DE77}.Release|x64.ActiveCfg = Release|Any CPU
		{CAF5B2C4-48DB-41FE-B2C5-8D74F6A1DE77}.Release|x64.Build.0 = Release|Any CPU
		{CAF5B2C4-48DB-41FE-B2C5-8D74F6A1DE77}.Release|x86.ActiveCfg = Release|Any CPU
		{CAF5B2C4-48DB-41FE-B2C5-8D74F6A1DE77}.Release|x86.Build.0 = Release|Any CPU
		{B0893FD9-9DE0-4C9C-B828-64F041AA4881}.Debug|Any CPU.ActiveCfg = Debug|Any CPU
		{B0893FD9-9DE0-4C9C-B828-64F041AA4881}.Debug|Any CPU.Build.0 = Debug|Any CPU
		{B0893FD9-9DE0-4C9C-B828-64F041AA4881}.Debug|ARM.ActiveCfg = Debug|Any CPU
		{B0893FD9-9DE0-4C9C-B828-64F041AA4881}.Debug|ARM.Build.0 = Debug|Any CPU
		{B0893FD9-9DE0-4C9C-B828-64F041AA4881}.Debug|ARM64.ActiveCfg = Debug|Any CPU
		{B0893FD9-9DE0-4C9C-B828-64F041AA4881}.Debug|ARM64.Build.0 = Debug|Any CPU
		{B0893FD9-9DE0-4C9C-B828-64F041AA4881}.Debug|iPhone.ActiveCfg = Debug|Any CPU
		{B0893FD9-9DE0-4C9C-B828-64F041AA4881}.Debug|iPhone.Build.0 = Debug|Any CPU
		{B0893FD9-9DE0-4C9C-B828-64F041AA4881}.Debug|iPhoneSimulator.ActiveCfg = Debug|Any CPU
		{B0893FD9-9DE0-4C9C-B828-64F041AA4881}.Debug|iPhoneSimulator.Build.0 = Debug|Any CPU
		{B0893FD9-9DE0-4C9C-B828-64F041AA4881}.Debug|x64.ActiveCfg = Debug|Any CPU
		{B0893FD9-9DE0-4C9C-B828-64F041AA4881}.Debug|x64.Build.0 = Debug|Any CPU
		{B0893FD9-9DE0-4C9C-B828-64F041AA4881}.Debug|x86.ActiveCfg = Debug|Any CPU
		{B0893FD9-9DE0-4C9C-B828-64F041AA4881}.Debug|x86.Build.0 = Debug|Any CPU
		{B0893FD9-9DE0-4C9C-B828-64F041AA4881}.Release|Any CPU.ActiveCfg = Release|Any CPU
		{B0893FD9-9DE0-4C9C-B828-64F041AA4881}.Release|Any CPU.Build.0 = Release|Any CPU
		{B0893FD9-9DE0-4C9C-B828-64F041AA4881}.Release|ARM.ActiveCfg = Release|Any CPU
		{B0893FD9-9DE0-4C9C-B828-64F041AA4881}.Release|ARM.Build.0 = Release|Any CPU
		{B0893FD9-9DE0-4C9C-B828-64F041AA4881}.Release|ARM64.ActiveCfg = Release|Any CPU
		{B0893FD9-9DE0-4C9C-B828-64F041AA4881}.Release|ARM64.Build.0 = Release|Any CPU
		{B0893FD9-9DE0-4C9C-B828-64F041AA4881}.Release|iPhone.ActiveCfg = Release|Any CPU
		{B0893FD9-9DE0-4C9C-B828-64F041AA4881}.Release|iPhone.Build.0 = Release|Any CPU
		{B0893FD9-9DE0-4C9C-B828-64F041AA4881}.Release|iPhoneSimulator.ActiveCfg = Release|Any CPU
		{B0893FD9-9DE0-4C9C-B828-64F041AA4881}.Release|iPhoneSimulator.Build.0 = Release|Any CPU
		{B0893FD9-9DE0-4C9C-B828-64F041AA4881}.Release|x64.ActiveCfg = Release|Any CPU
		{B0893FD9-9DE0-4C9C-B828-64F041AA4881}.Release|x64.Build.0 = Release|Any CPU
		{B0893FD9-9DE0-4C9C-B828-64F041AA4881}.Release|x86.ActiveCfg = Release|Any CPU
		{B0893FD9-9DE0-4C9C-B828-64F041AA4881}.Release|x86.Build.0 = Release|Any CPU
		{7F65F9B9-562E-431D-B12E-3E0A53E979E3}.Debug|Any CPU.ActiveCfg = Debug|Any CPU
		{7F65F9B9-562E-431D-B12E-3E0A53E979E3}.Debug|Any CPU.Build.0 = Debug|Any CPU
		{7F65F9B9-562E-431D-B12E-3E0A53E979E3}.Debug|ARM.ActiveCfg = Debug|Any CPU
		{7F65F9B9-562E-431D-B12E-3E0A53E979E3}.Debug|ARM.Build.0 = Debug|Any CPU
		{7F65F9B9-562E-431D-B12E-3E0A53E979E3}.Debug|ARM64.ActiveCfg = Debug|Any CPU
		{7F65F9B9-562E-431D-B12E-3E0A53E979E3}.Debug|ARM64.Build.0 = Debug|Any CPU
		{7F65F9B9-562E-431D-B12E-3E0A53E979E3}.Debug|iPhone.ActiveCfg = Debug|Any CPU
		{7F65F9B9-562E-431D-B12E-3E0A53E979E3}.Debug|iPhone.Build.0 = Debug|Any CPU
		{7F65F9B9-562E-431D-B12E-3E0A53E979E3}.Debug|iPhoneSimulator.ActiveCfg = Debug|Any CPU
		{7F65F9B9-562E-431D-B12E-3E0A53E979E3}.Debug|iPhoneSimulator.Build.0 = Debug|Any CPU
		{7F65F9B9-562E-431D-B12E-3E0A53E979E3}.Debug|x64.ActiveCfg = Debug|Any CPU
		{7F65F9B9-562E-431D-B12E-3E0A53E979E3}.Debug|x64.Build.0 = Debug|Any CPU
		{7F65F9B9-562E-431D-B12E-3E0A53E979E3}.Debug|x86.ActiveCfg = Debug|Any CPU
		{7F65F9B9-562E-431D-B12E-3E0A53E979E3}.Debug|x86.Build.0 = Debug|Any CPU
		{7F65F9B9-562E-431D-B12E-3E0A53E979E3}.Release|Any CPU.ActiveCfg = Release|Any CPU
		{7F65F9B9-562E-431D-B12E-3E0A53E979E3}.Release|Any CPU.Build.0 = Release|Any CPU
		{7F65F9B9-562E-431D-B12E-3E0A53E979E3}.Release|ARM.ActiveCfg = Release|Any CPU
		{7F65F9B9-562E-431D-B12E-3E0A53E979E3}.Release|ARM.Build.0 = Release|Any CPU
		{7F65F9B9-562E-431D-B12E-3E0A53E979E3}.Release|ARM64.ActiveCfg = Release|Any CPU
		{7F65F9B9-562E-431D-B12E-3E0A53E979E3}.Release|ARM64.Build.0 = Release|Any CPU
		{7F65F9B9-562E-431D-B12E-3E0A53E979E3}.Release|iPhone.ActiveCfg = Release|Any CPU
		{7F65F9B9-562E-431D-B12E-3E0A53E979E3}.Release|iPhone.Build.0 = Release|Any CPU
		{7F65F9B9-562E-431D-B12E-3E0A53E979E3}.Release|iPhoneSimulator.ActiveCfg = Release|Any CPU
		{7F65F9B9-562E-431D-B12E-3E0A53E979E3}.Release|iPhoneSimulator.Build.0 = Release|Any CPU
		{7F65F9B9-562E-431D-B12E-3E0A53E979E3}.Release|x64.ActiveCfg = Release|Any CPU
		{7F65F9B9-562E-431D-B12E-3E0A53E979E3}.Release|x64.Build.0 = Release|Any CPU
		{7F65F9B9-562E-431D-B12E-3E0A53E979E3}.Release|x86.ActiveCfg = Release|Any CPU
		{7F65F9B9-562E-431D-B12E-3E0A53E979E3}.Release|x86.Build.0 = Release|Any CPU
		{4B9A63AC-D485-4786-A5BD-5C4C43677F03}.Debug|Any CPU.ActiveCfg = Debug|Any CPU
		{4B9A63AC-D485-4786-A5BD-5C4C43677F03}.Debug|Any CPU.Build.0 = Debug|Any CPU
		{4B9A63AC-D485-4786-A5BD-5C4C43677F03}.Debug|ARM.ActiveCfg = Debug|Any CPU
		{4B9A63AC-D485-4786-A5BD-5C4C43677F03}.Debug|ARM.Build.0 = Debug|Any CPU
		{4B9A63AC-D485-4786-A5BD-5C4C43677F03}.Debug|ARM64.ActiveCfg = Debug|Any CPU
		{4B9A63AC-D485-4786-A5BD-5C4C43677F03}.Debug|ARM64.Build.0 = Debug|Any CPU
		{4B9A63AC-D485-4786-A5BD-5C4C43677F03}.Debug|iPhone.ActiveCfg = Debug|Any CPU
		{4B9A63AC-D485-4786-A5BD-5C4C43677F03}.Debug|iPhone.Build.0 = Debug|Any CPU
		{4B9A63AC-D485-4786-A5BD-5C4C43677F03}.Debug|iPhoneSimulator.ActiveCfg = Debug|Any CPU
		{4B9A63AC-D485-4786-A5BD-5C4C43677F03}.Debug|iPhoneSimulator.Build.0 = Debug|Any CPU
		{4B9A63AC-D485-4786-A5BD-5C4C43677F03}.Debug|x64.ActiveCfg = Debug|Any CPU
		{4B9A63AC-D485-4786-A5BD-5C4C43677F03}.Debug|x64.Build.0 = Debug|Any CPU
		{4B9A63AC-D485-4786-A5BD-5C4C43677F03}.Debug|x86.ActiveCfg = Debug|Any CPU
		{4B9A63AC-D485-4786-A5BD-5C4C43677F03}.Debug|x86.Build.0 = Debug|Any CPU
		{4B9A63AC-D485-4786-A5BD-5C4C43677F03}.Release|Any CPU.ActiveCfg = Release|Any CPU
		{4B9A63AC-D485-4786-A5BD-5C4C43677F03}.Release|Any CPU.Build.0 = Release|Any CPU
		{4B9A63AC-D485-4786-A5BD-5C4C43677F03}.Release|ARM.ActiveCfg = Release|Any CPU
		{4B9A63AC-D485-4786-A5BD-5C4C43677F03}.Release|ARM.Build.0 = Release|Any CPU
		{4B9A63AC-D485-4786-A5BD-5C4C43677F03}.Release|ARM64.ActiveCfg = Release|Any CPU
		{4B9A63AC-D485-4786-A5BD-5C4C43677F03}.Release|ARM64.Build.0 = Release|Any CPU
		{4B9A63AC-D485-4786-A5BD-5C4C43677F03}.Release|iPhone.ActiveCfg = Release|Any CPU
		{4B9A63AC-D485-4786-A5BD-5C4C43677F03}.Release|iPhone.Build.0 = Release|Any CPU
		{4B9A63AC-D485-4786-A5BD-5C4C43677F03}.Release|iPhoneSimulator.ActiveCfg = Release|Any CPU
		{4B9A63AC-D485-4786-A5BD-5C4C43677F03}.Release|iPhoneSimulator.Build.0 = Release|Any CPU
		{4B9A63AC-D485-4786-A5BD-5C4C43677F03}.Release|x64.ActiveCfg = Release|Any CPU
		{4B9A63AC-D485-4786-A5BD-5C4C43677F03}.Release|x64.Build.0 = Release|Any CPU
		{4B9A63AC-D485-4786-A5BD-5C4C43677F03}.Release|x86.ActiveCfg = Release|Any CPU
		{4B9A63AC-D485-4786-A5BD-5C4C43677F03}.Release|x86.Build.0 = Release|Any CPU
		{F7910D6C-70AA-48FA-9335-D21091B6EC2E}.Debug|Any CPU.ActiveCfg = Debug|Any CPU
		{F7910D6C-70AA-48FA-9335-D21091B6EC2E}.Debug|Any CPU.Build.0 = Debug|Any CPU
		{F7910D6C-70AA-48FA-9335-D21091B6EC2E}.Debug|ARM.ActiveCfg = Debug|Any CPU
		{F7910D6C-70AA-48FA-9335-D21091B6EC2E}.Debug|ARM.Build.0 = Debug|Any CPU
		{F7910D6C-70AA-48FA-9335-D21091B6EC2E}.Debug|ARM64.ActiveCfg = Debug|Any CPU
		{F7910D6C-70AA-48FA-9335-D21091B6EC2E}.Debug|ARM64.Build.0 = Debug|Any CPU
		{F7910D6C-70AA-48FA-9335-D21091B6EC2E}.Debug|iPhone.ActiveCfg = Debug|Any CPU
		{F7910D6C-70AA-48FA-9335-D21091B6EC2E}.Debug|iPhone.Build.0 = Debug|Any CPU
		{F7910D6C-70AA-48FA-9335-D21091B6EC2E}.Debug|iPhoneSimulator.ActiveCfg = Debug|Any CPU
		{F7910D6C-70AA-48FA-9335-D21091B6EC2E}.Debug|iPhoneSimulator.Build.0 = Debug|Any CPU
		{F7910D6C-70AA-48FA-9335-D21091B6EC2E}.Debug|x64.ActiveCfg = Debug|Any CPU
		{F7910D6C-70AA-48FA-9335-D21091B6EC2E}.Debug|x64.Build.0 = Debug|Any CPU
		{F7910D6C-70AA-48FA-9335-D21091B6EC2E}.Debug|x86.ActiveCfg = Debug|Any CPU
		{F7910D6C-70AA-48FA-9335-D21091B6EC2E}.Debug|x86.Build.0 = Debug|Any CPU
		{F7910D6C-70AA-48FA-9335-D21091B6EC2E}.Release|Any CPU.ActiveCfg = Release|Any CPU
		{F7910D6C-70AA-48FA-9335-D21091B6EC2E}.Release|Any CPU.Build.0 = Release|Any CPU
		{F7910D6C-70AA-48FA-9335-D21091B6EC2E}.Release|ARM.ActiveCfg = Release|Any CPU
		{F7910D6C-70AA-48FA-9335-D21091B6EC2E}.Release|ARM.Build.0 = Release|Any CPU
		{F7910D6C-70AA-48FA-9335-D21091B6EC2E}.Release|ARM64.ActiveCfg = Release|Any CPU
		{F7910D6C-70AA-48FA-9335-D21091B6EC2E}.Release|ARM64.Build.0 = Release|Any CPU
		{F7910D6C-70AA-48FA-9335-D21091B6EC2E}.Release|iPhone.ActiveCfg = Release|Any CPU
		{F7910D6C-70AA-48FA-9335-D21091B6EC2E}.Release|iPhone.Build.0 = Release|Any CPU
		{F7910D6C-70AA-48FA-9335-D21091B6EC2E}.Release|iPhoneSimulator.ActiveCfg = Release|Any CPU
		{F7910D6C-70AA-48FA-9335-D21091B6EC2E}.Release|iPhoneSimulator.Build.0 = Release|Any CPU
		{F7910D6C-70AA-48FA-9335-D21091B6EC2E}.Release|x64.ActiveCfg = Release|Any CPU
		{F7910D6C-70AA-48FA-9335-D21091B6EC2E}.Release|x64.Build.0 = Release|Any CPU
		{F7910D6C-70AA-48FA-9335-D21091B6EC2E}.Release|x86.ActiveCfg = Release|Any CPU
		{F7910D6C-70AA-48FA-9335-D21091B6EC2E}.Release|x86.Build.0 = Release|Any CPU
		{673CAEDF-FC90-4261-8F74-A90CB21D53AE}.Debug|Any CPU.ActiveCfg = Debug|Any CPU
		{673CAEDF-FC90-4261-8F74-A90CB21D53AE}.Debug|Any CPU.Build.0 = Debug|Any CPU
		{673CAEDF-FC90-4261-8F74-A90CB21D53AE}.Debug|ARM.ActiveCfg = Debug|Any CPU
		{673CAEDF-FC90-4261-8F74-A90CB21D53AE}.Debug|ARM.Build.0 = Debug|Any CPU
		{673CAEDF-FC90-4261-8F74-A90CB21D53AE}.Debug|ARM64.ActiveCfg = Debug|Any CPU
		{673CAEDF-FC90-4261-8F74-A90CB21D53AE}.Debug|ARM64.Build.0 = Debug|Any CPU
		{673CAEDF-FC90-4261-8F74-A90CB21D53AE}.Debug|iPhone.ActiveCfg = Debug|Any CPU
		{673CAEDF-FC90-4261-8F74-A90CB21D53AE}.Debug|iPhone.Build.0 = Debug|Any CPU
		{673CAEDF-FC90-4261-8F74-A90CB21D53AE}.Debug|iPhoneSimulator.ActiveCfg = Debug|Any CPU
		{673CAEDF-FC90-4261-8F74-A90CB21D53AE}.Debug|iPhoneSimulator.Build.0 = Debug|Any CPU
		{673CAEDF-FC90-4261-8F74-A90CB21D53AE}.Debug|x64.ActiveCfg = Debug|Any CPU
		{673CAEDF-FC90-4261-8F74-A90CB21D53AE}.Debug|x64.Build.0 = Debug|Any CPU
		{673CAEDF-FC90-4261-8F74-A90CB21D53AE}.Debug|x86.ActiveCfg = Debug|Any CPU
		{673CAEDF-FC90-4261-8F74-A90CB21D53AE}.Debug|x86.Build.0 = Debug|Any CPU
		{673CAEDF-FC90-4261-8F74-A90CB21D53AE}.Release|Any CPU.ActiveCfg = Release|Any CPU
		{673CAEDF-FC90-4261-8F74-A90CB21D53AE}.Release|Any CPU.Build.0 = Release|Any CPU
		{673CAEDF-FC90-4261-8F74-A90CB21D53AE}.Release|ARM.ActiveCfg = Release|Any CPU
		{673CAEDF-FC90-4261-8F74-A90CB21D53AE}.Release|ARM.Build.0 = Release|Any CPU
		{673CAEDF-FC90-4261-8F74-A90CB21D53AE}.Release|ARM64.ActiveCfg = Release|Any CPU
		{673CAEDF-FC90-4261-8F74-A90CB21D53AE}.Release|ARM64.Build.0 = Release|Any CPU
		{673CAEDF-FC90-4261-8F74-A90CB21D53AE}.Release|iPhone.ActiveCfg = Release|Any CPU
		{673CAEDF-FC90-4261-8F74-A90CB21D53AE}.Release|iPhone.Build.0 = Release|Any CPU
		{673CAEDF-FC90-4261-8F74-A90CB21D53AE}.Release|iPhoneSimulator.ActiveCfg = Release|Any CPU
		{673CAEDF-FC90-4261-8F74-A90CB21D53AE}.Release|iPhoneSimulator.Build.0 = Release|Any CPU
		{673CAEDF-FC90-4261-8F74-A90CB21D53AE}.Release|x64.ActiveCfg = Release|Any CPU
		{673CAEDF-FC90-4261-8F74-A90CB21D53AE}.Release|x64.Build.0 = Release|Any CPU
		{673CAEDF-FC90-4261-8F74-A90CB21D53AE}.Release|x86.ActiveCfg = Release|Any CPU
		{673CAEDF-FC90-4261-8F74-A90CB21D53AE}.Release|x86.Build.0 = Release|Any CPU
		{EE04A083-C504-4139-9DB2-D1B92A5B0F5C}.Debug|Any CPU.ActiveCfg = Debug|Any CPU
		{EE04A083-C504-4139-9DB2-D1B92A5B0F5C}.Debug|Any CPU.Build.0 = Debug|Any CPU
		{EE04A083-C504-4139-9DB2-D1B92A5B0F5C}.Debug|ARM.ActiveCfg = Debug|Any CPU
		{EE04A083-C504-4139-9DB2-D1B92A5B0F5C}.Debug|ARM.Build.0 = Debug|Any CPU
		{EE04A083-C504-4139-9DB2-D1B92A5B0F5C}.Debug|ARM64.ActiveCfg = Debug|Any CPU
		{EE04A083-C504-4139-9DB2-D1B92A5B0F5C}.Debug|ARM64.Build.0 = Debug|Any CPU
		{EE04A083-C504-4139-9DB2-D1B92A5B0F5C}.Debug|iPhone.ActiveCfg = Debug|Any CPU
		{EE04A083-C504-4139-9DB2-D1B92A5B0F5C}.Debug|iPhone.Build.0 = Debug|Any CPU
		{EE04A083-C504-4139-9DB2-D1B92A5B0F5C}.Debug|iPhoneSimulator.ActiveCfg = Debug|Any CPU
		{EE04A083-C504-4139-9DB2-D1B92A5B0F5C}.Debug|iPhoneSimulator.Build.0 = Debug|Any CPU
		{EE04A083-C504-4139-9DB2-D1B92A5B0F5C}.Debug|x64.ActiveCfg = Debug|Any CPU
		{EE04A083-C504-4139-9DB2-D1B92A5B0F5C}.Debug|x64.Build.0 = Debug|Any CPU
		{EE04A083-C504-4139-9DB2-D1B92A5B0F5C}.Debug|x86.ActiveCfg = Debug|Any CPU
		{EE04A083-C504-4139-9DB2-D1B92A5B0F5C}.Debug|x86.Build.0 = Debug|Any CPU
		{EE04A083-C504-4139-9DB2-D1B92A5B0F5C}.Release|Any CPU.ActiveCfg = Release|Any CPU
		{EE04A083-C504-4139-9DB2-D1B92A5B0F5C}.Release|Any CPU.Build.0 = Release|Any CPU
		{EE04A083-C504-4139-9DB2-D1B92A5B0F5C}.Release|ARM.ActiveCfg = Release|Any CPU
		{EE04A083-C504-4139-9DB2-D1B92A5B0F5C}.Release|ARM.Build.0 = Release|Any CPU
		{EE04A083-C504-4139-9DB2-D1B92A5B0F5C}.Release|ARM64.ActiveCfg = Release|Any CPU
		{EE04A083-C504-4139-9DB2-D1B92A5B0F5C}.Release|ARM64.Build.0 = Release|Any CPU
		{EE04A083-C504-4139-9DB2-D1B92A5B0F5C}.Release|iPhone.ActiveCfg = Release|Any CPU
		{EE04A083-C504-4139-9DB2-D1B92A5B0F5C}.Release|iPhone.Build.0 = Release|Any CPU
		{EE04A083-C504-4139-9DB2-D1B92A5B0F5C}.Release|iPhoneSimulator.ActiveCfg = Release|Any CPU
		{EE04A083-C504-4139-9DB2-D1B92A5B0F5C}.Release|iPhoneSimulator.Build.0 = Release|Any CPU
		{EE04A083-C504-4139-9DB2-D1B92A5B0F5C}.Release|x64.ActiveCfg = Release|Any CPU
		{EE04A083-C504-4139-9DB2-D1B92A5B0F5C}.Release|x64.Build.0 = Release|Any CPU
		{EE04A083-C504-4139-9DB2-D1B92A5B0F5C}.Release|x86.ActiveCfg = Release|Any CPU
		{EE04A083-C504-4139-9DB2-D1B92A5B0F5C}.Release|x86.Build.0 = Release|Any CPU
		{735FFDB7-DA06-4124-A420-A142ED539A66}.Debug|Any CPU.ActiveCfg = Debug|Any CPU
		{735FFDB7-DA06-4124-A420-A142ED539A66}.Debug|Any CPU.Build.0 = Debug|Any CPU
		{735FFDB7-DA06-4124-A420-A142ED539A66}.Debug|ARM.ActiveCfg = Debug|Any CPU
		{735FFDB7-DA06-4124-A420-A142ED539A66}.Debug|ARM.Build.0 = Debug|Any CPU
		{735FFDB7-DA06-4124-A420-A142ED539A66}.Debug|ARM64.ActiveCfg = Debug|Any CPU
		{735FFDB7-DA06-4124-A420-A142ED539A66}.Debug|ARM64.Build.0 = Debug|Any CPU
		{735FFDB7-DA06-4124-A420-A142ED539A66}.Debug|iPhone.ActiveCfg = Debug|Any CPU
		{735FFDB7-DA06-4124-A420-A142ED539A66}.Debug|iPhone.Build.0 = Debug|Any CPU
		{735FFDB7-DA06-4124-A420-A142ED539A66}.Debug|iPhoneSimulator.ActiveCfg = Debug|Any CPU
		{735FFDB7-DA06-4124-A420-A142ED539A66}.Debug|iPhoneSimulator.Build.0 = Debug|Any CPU
		{735FFDB7-DA06-4124-A420-A142ED539A66}.Debug|x64.ActiveCfg = Debug|Any CPU
		{735FFDB7-DA06-4124-A420-A142ED539A66}.Debug|x64.Build.0 = Debug|Any CPU
		{735FFDB7-DA06-4124-A420-A142ED539A66}.Debug|x86.ActiveCfg = Debug|Any CPU
		{735FFDB7-DA06-4124-A420-A142ED539A66}.Debug|x86.Build.0 = Debug|Any CPU
		{735FFDB7-DA06-4124-A420-A142ED539A66}.Release|Any CPU.ActiveCfg = Release|Any CPU
		{735FFDB7-DA06-4124-A420-A142ED539A66}.Release|Any CPU.Build.0 = Release|Any CPU
		{735FFDB7-DA06-4124-A420-A142ED539A66}.Release|ARM.ActiveCfg = Release|Any CPU
		{735FFDB7-DA06-4124-A420-A142ED539A66}.Release|ARM.Build.0 = Release|Any CPU
		{735FFDB7-DA06-4124-A420-A142ED539A66}.Release|ARM64.ActiveCfg = Release|Any CPU
		{735FFDB7-DA06-4124-A420-A142ED539A66}.Release|ARM64.Build.0 = Release|Any CPU
		{735FFDB7-DA06-4124-A420-A142ED539A66}.Release|iPhone.ActiveCfg = Release|Any CPU
		{735FFDB7-DA06-4124-A420-A142ED539A66}.Release|iPhone.Build.0 = Release|Any CPU
		{735FFDB7-DA06-4124-A420-A142ED539A66}.Release|iPhoneSimulator.ActiveCfg = Release|Any CPU
		{735FFDB7-DA06-4124-A420-A142ED539A66}.Release|iPhoneSimulator.Build.0 = Release|Any CPU
		{735FFDB7-DA06-4124-A420-A142ED539A66}.Release|x64.ActiveCfg = Release|Any CPU
		{735FFDB7-DA06-4124-A420-A142ED539A66}.Release|x64.Build.0 = Release|Any CPU
		{735FFDB7-DA06-4124-A420-A142ED539A66}.Release|x86.ActiveCfg = Release|Any CPU
		{735FFDB7-DA06-4124-A420-A142ED539A66}.Release|x86.Build.0 = Release|Any CPU
		{59C270CB-D6C7-4D12-AB3F-B88DEA4169A9}.Debug|Any CPU.ActiveCfg = Debug|Any CPU
		{59C270CB-D6C7-4D12-AB3F-B88DEA4169A9}.Debug|Any CPU.Build.0 = Debug|Any CPU
		{59C270CB-D6C7-4D12-AB3F-B88DEA4169A9}.Debug|ARM.ActiveCfg = Debug|Any CPU
		{59C270CB-D6C7-4D12-AB3F-B88DEA4169A9}.Debug|ARM.Build.0 = Debug|Any CPU
		{59C270CB-D6C7-4D12-AB3F-B88DEA4169A9}.Debug|ARM64.ActiveCfg = Debug|Any CPU
		{59C270CB-D6C7-4D12-AB3F-B88DEA4169A9}.Debug|ARM64.Build.0 = Debug|Any CPU
		{59C270CB-D6C7-4D12-AB3F-B88DEA4169A9}.Debug|iPhone.ActiveCfg = Debug|Any CPU
		{59C270CB-D6C7-4D12-AB3F-B88DEA4169A9}.Debug|iPhone.Build.0 = Debug|Any CPU
		{59C270CB-D6C7-4D12-AB3F-B88DEA4169A9}.Debug|iPhoneSimulator.ActiveCfg = Debug|Any CPU
		{59C270CB-D6C7-4D12-AB3F-B88DEA4169A9}.Debug|iPhoneSimulator.Build.0 = Debug|Any CPU
		{59C270CB-D6C7-4D12-AB3F-B88DEA4169A9}.Debug|x64.ActiveCfg = Debug|Any CPU
		{59C270CB-D6C7-4D12-AB3F-B88DEA4169A9}.Debug|x64.Build.0 = Debug|Any CPU
		{59C270CB-D6C7-4D12-AB3F-B88DEA4169A9}.Debug|x86.ActiveCfg = Debug|Any CPU
		{59C270CB-D6C7-4D12-AB3F-B88DEA4169A9}.Debug|x86.Build.0 = Debug|Any CPU
		{59C270CB-D6C7-4D12-AB3F-B88DEA4169A9}.Release|Any CPU.ActiveCfg = Release|Any CPU
		{59C270CB-D6C7-4D12-AB3F-B88DEA4169A9}.Release|Any CPU.Build.0 = Release|Any CPU
		{59C270CB-D6C7-4D12-AB3F-B88DEA4169A9}.Release|ARM.ActiveCfg = Release|Any CPU
		{59C270CB-D6C7-4D12-AB3F-B88DEA4169A9}.Release|ARM.Build.0 = Release|Any CPU
		{59C270CB-D6C7-4D12-AB3F-B88DEA4169A9}.Release|ARM64.ActiveCfg = Release|Any CPU
		{59C270CB-D6C7-4D12-AB3F-B88DEA4169A9}.Release|ARM64.Build.0 = Release|Any CPU
		{59C270CB-D6C7-4D12-AB3F-B88DEA4169A9}.Release|iPhone.ActiveCfg = Release|Any CPU
		{59C270CB-D6C7-4D12-AB3F-B88DEA4169A9}.Release|iPhone.Build.0 = Release|Any CPU
		{59C270CB-D6C7-4D12-AB3F-B88DEA4169A9}.Release|iPhoneSimulator.ActiveCfg = Release|Any CPU
		{59C270CB-D6C7-4D12-AB3F-B88DEA4169A9}.Release|iPhoneSimulator.Build.0 = Release|Any CPU
		{59C270CB-D6C7-4D12-AB3F-B88DEA4169A9}.Release|x64.ActiveCfg = Release|Any CPU
		{59C270CB-D6C7-4D12-AB3F-B88DEA4169A9}.Release|x64.Build.0 = Release|Any CPU
		{59C270CB-D6C7-4D12-AB3F-B88DEA4169A9}.Release|x86.ActiveCfg = Release|Any CPU
		{59C270CB-D6C7-4D12-AB3F-B88DEA4169A9}.Release|x86.Build.0 = Release|Any CPU
		{E736F144-408A-48A4-9C00-7EC3B363F03A}.Debug|Any CPU.ActiveCfg = Debug|Any CPU
		{E736F144-408A-48A4-9C00-7EC3B363F03A}.Debug|Any CPU.Build.0 = Debug|Any CPU
		{E736F144-408A-48A4-9C00-7EC3B363F03A}.Debug|ARM.ActiveCfg = Debug|Any CPU
		{E736F144-408A-48A4-9C00-7EC3B363F03A}.Debug|ARM.Build.0 = Debug|Any CPU
		{E736F144-408A-48A4-9C00-7EC3B363F03A}.Debug|ARM64.ActiveCfg = Debug|Any CPU
		{E736F144-408A-48A4-9C00-7EC3B363F03A}.Debug|ARM64.Build.0 = Debug|Any CPU
		{E736F144-408A-48A4-9C00-7EC3B363F03A}.Debug|iPhone.ActiveCfg = Debug|Any CPU
		{E736F144-408A-48A4-9C00-7EC3B363F03A}.Debug|iPhone.Build.0 = Debug|Any CPU
		{E736F144-408A-48A4-9C00-7EC3B363F03A}.Debug|iPhoneSimulator.ActiveCfg = Debug|Any CPU
		{E736F144-408A-48A4-9C00-7EC3B363F03A}.Debug|iPhoneSimulator.Build.0 = Debug|Any CPU
		{E736F144-408A-48A4-9C00-7EC3B363F03A}.Debug|x64.ActiveCfg = Debug|Any CPU
		{E736F144-408A-48A4-9C00-7EC3B363F03A}.Debug|x64.Build.0 = Debug|Any CPU
		{E736F144-408A-48A4-9C00-7EC3B363F03A}.Debug|x86.ActiveCfg = Debug|Any CPU
		{E736F144-408A-48A4-9C00-7EC3B363F03A}.Debug|x86.Build.0 = Debug|Any CPU
		{E736F144-408A-48A4-9C00-7EC3B363F03A}.Release|Any CPU.ActiveCfg = Release|Any CPU
		{E736F144-408A-48A4-9C00-7EC3B363F03A}.Release|Any CPU.Build.0 = Release|Any CPU
		{E736F144-408A-48A4-9C00-7EC3B363F03A}.Release|ARM.ActiveCfg = Release|Any CPU
		{E736F144-408A-48A4-9C00-7EC3B363F03A}.Release|ARM.Build.0 = Release|Any CPU
		{E736F144-408A-48A4-9C00-7EC3B363F03A}.Release|ARM64.ActiveCfg = Release|Any CPU
		{E736F144-408A-48A4-9C00-7EC3B363F03A}.Release|ARM64.Build.0 = Release|Any CPU
		{E736F144-408A-48A4-9C00-7EC3B363F03A}.Release|iPhone.ActiveCfg = Release|Any CPU
		{E736F144-408A-48A4-9C00-7EC3B363F03A}.Release|iPhone.Build.0 = Release|Any CPU
		{E736F144-408A-48A4-9C00-7EC3B363F03A}.Release|iPhoneSimulator.ActiveCfg = Release|Any CPU
		{E736F144-408A-48A4-9C00-7EC3B363F03A}.Release|iPhoneSimulator.Build.0 = Release|Any CPU
		{E736F144-408A-48A4-9C00-7EC3B363F03A}.Release|x64.ActiveCfg = Release|Any CPU
		{E736F144-408A-48A4-9C00-7EC3B363F03A}.Release|x64.Build.0 = Release|Any CPU
		{E736F144-408A-48A4-9C00-7EC3B363F03A}.Release|x86.ActiveCfg = Release|Any CPU
		{E736F144-408A-48A4-9C00-7EC3B363F03A}.Release|x86.Build.0 = Release|Any CPU
	EndGlobalSection
	GlobalSection(SolutionProperties) = preSolution
		HideSolutionNode = FALSE
	EndGlobalSection
	GlobalSection(NestedProjects) = preSolution
		{A69B5263-7B37-4DFD-AE7F-0CA53E4A3E7C} = {3A00F9AF-AE62-4DB3-98E1-EA9F95A164C4}
		{E8067227-61B0-4334-A587-BE33C5CF6396} = {3A00F9AF-AE62-4DB3-98E1-EA9F95A164C4}
		{44741159-EF9C-4D96-8E4F-1752DB038C31} = {3A00F9AF-AE62-4DB3-98E1-EA9F95A164C4}
		{2374CE9F-3740-4D4D-9586-E82F44A78F8B} = {4ADFE75D-D104-474C-AD43-D42F5E62D83A}
		{DC4FBE18-C8FD-4932-9D69-06414C54009E} = {4ADFE75D-D104-474C-AD43-D42F5E62D83A}
		{C7C33474-4D9C-4EB7-9421-8954DEB8BF18} = {E368DA6F-5EAE-4D47-9AEE-1A02103ABC8C}
		{113AEF67-92D6-4AE2-9013-8130CC6E8547} = {7656A2B7-FD2A-41AD-A946-22EA622B207A}
		{AF753956-6FF5-484C-B003-5143F66C249C} = {7656A2B7-FD2A-41AD-A946-22EA622B207A}
		{27821C9D-9EC7-4E50-8404-042ECA4D7A00} = {7656A2B7-FD2A-41AD-A946-22EA622B207A}
		{4EBCA0B3-6D2E-4FB4-BE6B-316AD6B8C473} = {28E4188E-6976-4B23-BE6E-CFC0EF774447}
		{73CAC99C-CBB4-4527-B6C0-56B5EE3B3464} = {28E4188E-6976-4B23-BE6E-CFC0EF774447}
		{C94BFAF1-0797-42EC-B01C-A815F429DD10} = {28E4188E-6976-4B23-BE6E-CFC0EF774447}
		{CAF5B2C4-48DB-41FE-B2C5-8D74F6A1DE77} = {28E4188E-6976-4B23-BE6E-CFC0EF774447}
		{B0893FD9-9DE0-4C9C-B828-64F041AA4881} = {28E4188E-6976-4B23-BE6E-CFC0EF774447}
		{7F65F9B9-562E-431D-B12E-3E0A53E979E3} = {28E4188E-6976-4B23-BE6E-CFC0EF774447}
		{4B9A63AC-D485-4786-A5BD-5C4C43677F03} = {3089AFEA-2DD8-4E48-A713-E15BBB29F008}
		{F7910D6C-70AA-48FA-9335-D21091B6EC2E} = {3089AFEA-2DD8-4E48-A713-E15BBB29F008}
		{673CAEDF-FC90-4261-8F74-A90CB21D53AE} = {39FC8FB2-E7D4-4535-AABF-DF71889E15AA}
		{EE04A083-C504-4139-9DB2-D1B92A5B0F5C} = {39FC8FB2-E7D4-4535-AABF-DF71889E15AA}
		{28E4188E-6976-4B23-BE6E-CFC0EF774447} = {5F6EBACA-7AF9-4E96-8FE5-5CB57B128029}
		{E368DA6F-5EAE-4D47-9AEE-1A02103ABC8C} = {5F6EBACA-7AF9-4E96-8FE5-5CB57B128029}
		{7656A2B7-FD2A-41AD-A946-22EA622B207A} = {5F6EBACA-7AF9-4E96-8FE5-5CB57B128029}
		{735FFDB7-DA06-4124-A420-A142ED539A66} = {39FC8FB2-E7D4-4535-AABF-DF71889E15AA}
		{59C270CB-D6C7-4D12-AB3F-B88DEA4169A9} = {39FC8FB2-E7D4-4535-AABF-DF71889E15AA}
		{E736F144-408A-48A4-9C00-7EC3B363F03A} = {39FC8FB2-E7D4-4535-AABF-DF71889E15AA}
	EndGlobalSection
	GlobalSection(ExtensibilityGlobals) = postSolution
		SolutionGuid = {2E9B0293-29AD-4490-AB93-4B936375754C}
	EndGlobalSection
EndGlobal
