
Microsoft Visual Studio Solution File, Format Version 12.00
# Visual Studio Version 16
VisualStudioVersion = 16.0.29613.14
MinimumVisualStudioVersion = 10.0.40219.1
Project("{9A19103F-16F7-4668-BE54-9A1E7A4F7556}") = "Core", "Core\Core.csproj", "{AA55CE09-1259-4825-9954-87F2F837A9EB}"
EndProject
Project("{9A19103F-16F7-4668-BE54-9A1E7A4F7556}") = "Enigma", "Enigma\Enigma.csproj", "{A69B5263-7B37-4DFD-AE7F-0CA53E4A3E7C}"
EndProject
Project("{9A19103F-16F7-4668-BE54-9A1E7A4F7556}") = "Lansique", "Lansique\Lansique.csproj", "{984E9C0E-9AB9-4E37-8175-1CFECA4FCD59}"
EndProject
Project("{9A19103F-16F7-4668-BE54-9A1E7A4F7556}") = "Sia", "Sia\Sia.csproj", "{5FB10101-BD9A-41A9-A9F4-B198312D3BD7}"
EndProject
Project("{9A19103F-16F7-4668-BE54-9A1E7A4F7556}") = "Anubis", "Anubis\Anubis.csproj", "{74E55723-E0FB-455A-8389-1386A7CD2542}"
EndProject
Project("{9A19103F-16F7-4668-BE54-9A1E7A4F7556}") = "Mercury", "Mercury\Mercury.csproj", "{37F5D33B-50CD-4A69-BB15-8F5B1F72E3DB}"
EndProject
Project("{9A19103F-16F7-4668-BE54-9A1E7A4F7556}") = "Pluto", "Pluto\Pluto.csproj", "{FA766A5D-9AAF-4049-86BC-78A67C78BDF5}"
EndProject
Project("{9A19103F-16F7-4668-BE54-9A1E7A4F7556}") = "Mercury.Azure.Blobs", "Mercury.Azure.Blobs\Mercury.Azure.Blobs.csproj", "{671D9D9D-FBBC-45D7-9AA8-0A57A4E0AE6F}"
EndProject
Project("{FAE04EC0-301F-11D3-BF4B-00C04F79EFBC}") = "Goro", "Goro\Goro.csproj", "{DC4FBE18-C8FD-4932-9D69-06414C54009E}"
EndProject
Project("{FAE04EC0-301F-11D3-BF4B-00C04F79EFBC}") = "Goro.Controls", "Goro.Controls\Goro.Controls.csproj", "{E8949979-6D28-448C-A58F-9E78F78AEFFF}"
EndProject
Global
	GlobalSection(SolutionConfigurationPlatforms) = preSolution
		Debug|Any CPU = Debug|Any CPU
		Debug|ARM = Debug|ARM
		Debug|ARM64 = Debug|ARM64
		Debug|iPhone = Debug|iPhone
		Debug|iPhoneSimulator = Debug|iPhoneSimulator
		Debug|x64 = Debug|x64
		Debug|x86 = Debug|x86
		Release|Any CPU = Release|Any CPU
		Release|ARM = Release|ARM
		Release|ARM64 = Release|ARM64
		Release|iPhone = Release|iPhone
		Release|iPhoneSimulator = Release|iPhoneSimulator
		Release|x64 = Release|x64
		Release|x86 = Release|x86
	EndGlobalSection
	GlobalSection(ProjectConfigurationPlatforms) = postSolution
		{AA55CE09-1259-4825-9954-87F2F837A9EB}.Debug|Any CPU.ActiveCfg = Debug|Any CPU
		{AA55CE09-1259-4825-9954-87F2F837A9EB}.Debug|Any CPU.Build.0 = Debug|Any CPU
		{AA55CE09-1259-4825-9954-87F2F837A9EB}.Debug|ARM.ActiveCfg = Debug|Any CPU
		{AA55CE09-1259-4825-9954-87F2F837A9EB}.Debug|ARM.Build.0 = Debug|Any CPU
		{AA55CE09-1259-4825-9954-87F2F837A9EB}.Debug|ARM64.ActiveCfg = Debug|Any CPU
		{AA55CE09-1259-4825-9954-87F2F837A9EB}.Debug|ARM64.Build.0 = Debug|Any CPU
		{AA55CE09-1259-4825-9954-87F2F837A9EB}.Debug|iPhone.ActiveCfg = Debug|Any CPU
		{AA55CE09-1259-4825-9954-87F2F837A9EB}.Debug|iPhone.Build.0 = Debug|Any CPU
		{AA55CE09-1259-4825-9954-87F2F837A9EB}.Debug|iPhoneSimulator.ActiveCfg = Debug|Any CPU
		{AA55CE09-1259-4825-9954-87F2F837A9EB}.Debug|iPhoneSimulator.Build.0 = Debug|Any CPU
		{AA55CE09-1259-4825-9954-87F2F837A9EB}.Debug|x64.ActiveCfg = Debug|Any CPU
		{AA55CE09-1259-4825-9954-87F2F837A9EB}.Debug|x64.Build.0 = Debug|Any CPU
		{AA55CE09-1259-4825-9954-87F2F837A9EB}.Debug|x86.ActiveCfg = Debug|Any CPU
		{AA55CE09-1259-4825-9954-87F2F837A9EB}.Debug|x86.Build.0 = Debug|Any CPU
		{AA55CE09-1259-4825-9954-87F2F837A9EB}.Release|Any CPU.ActiveCfg = Release|Any CPU
		{AA55CE09-1259-4825-9954-87F2F837A9EB}.Release|Any CPU.Build.0 = Release|Any CPU
		{AA55CE09-1259-4825-9954-87F2F837A9EB}.Release|ARM.ActiveCfg = Release|Any CPU
		{AA55CE09-1259-4825-9954-87F2F837A9EB}.Release|ARM.Build.0 = Release|Any CPU
		{AA55CE09-1259-4825-9954-87F2F837A9EB}.Release|ARM64.ActiveCfg = Release|Any CPU
		{AA55CE09-1259-4825-9954-87F2F837A9EB}.Release|ARM64.Build.0 = Release|Any CPU
		{AA55CE09-1259-4825-9954-87F2F837A9EB}.Release|iPhone.ActiveCfg = Release|Any CPU
		{AA55CE09-1259-4825-9954-87F2F837A9EB}.Release|iPhone.Build.0 = Release|Any CPU
		{AA55CE09-1259-4825-9954-87F2F837A9EB}.Release|iPhoneSimulator.ActiveCfg = Release|Any CPU
		{AA55CE09-1259-4825-9954-87F2F837A9EB}.Release|iPhoneSimulator.Build.0 = Release|Any CPU
		{AA55CE09-1259-4825-9954-87F2F837A9EB}.Release|x64.ActiveCfg = Release|Any CPU
		{AA55CE09-1259-4825-9954-87F2F837A9EB}.Release|x64.Build.0 = Release|Any CPU
		{AA55CE09-1259-4825-9954-87F2F837A9EB}.Release|x86.ActiveCfg = Release|Any CPU
		{AA55CE09-1259-4825-9954-87F2F837A9EB}.Release|x86.Build.0 = Release|Any CPU
		{A69B5263-7B37-4DFD-AE7F-0CA53E4A3E7C}.Debug|Any CPU.ActiveCfg = Debug|Any CPU
		{A69B5263-7B37-4DFD-AE7F-0CA53E4A3E7C}.Debug|Any CPU.Build.0 = Debug|Any CPU
		{A69B5263-7B37-4DFD-AE7F-0CA53E4A3E7C}.Debug|ARM.ActiveCfg = Debug|Any CPU
		{A69B5263-7B37-4DFD-AE7F-0CA53E4A3E7C}.Debug|ARM.Build.0 = Debug|Any CPU
		{A69B5263-7B37-4DFD-AE7F-0CA53E4A3E7C}.Debug|ARM64.ActiveCfg = Debug|Any CPU
		{A69B5263-7B37-4DFD-AE7F-0CA53E4A3E7C}.Debug|ARM64.Build.0 = Debug|Any CPU
		{A69B5263-7B37-4DFD-AE7F-0CA53E4A3E7C}.Debug|iPhone.ActiveCfg = Debug|Any CPU
		{A69B5263-7B37-4DFD-AE7F-0CA53E4A3E7C}.Debug|iPhone.Build.0 = Debug|Any CPU
		{A69B5263-7B37-4DFD-AE7F-0CA53E4A3E7C}.Debug|iPhoneSimulator.ActiveCfg = Debug|Any CPU
		{A69B5263-7B37-4DFD-AE7F-0CA53E4A3E7C}.Debug|iPhoneSimulator.Build.0 = Debug|Any CPU
		{A69B5263-7B37-4DFD-AE7F-0CA53E4A3E7C}.Debug|x64.ActiveCfg = Debug|Any CPU
		{A69B5263-7B37-4DFD-AE7F-0CA53E4A3E7C}.Debug|x64.Build.0 = Debug|Any CPU
		{A69B5263-7B37-4DFD-AE7F-0CA53E4A3E7C}.Debug|x86.ActiveCfg = Debug|Any CPU
		{A69B5263-7B37-4DFD-AE7F-0CA53E4A3E7C}.Debug|x86.Build.0 = Debug|Any CPU
		{A69B5263-7B37-4DFD-AE7F-0CA53E4A3E7C}.Release|Any CPU.ActiveCfg = Release|Any CPU
		{A69B5263-7B37-4DFD-AE7F-0CA53E4A3E7C}.Release|Any CPU.Build.0 = Release|Any CPU
		{A69B5263-7B37-4DFD-AE7F-0CA53E4A3E7C}.Release|ARM.ActiveCfg = Release|Any CPU
		{A69B5263-7B37-4DFD-AE7F-0CA53E4A3E7C}.Release|ARM.Build.0 = Release|Any CPU
		{A69B5263-7B37-4DFD-AE7F-0CA53E4A3E7C}.Release|ARM64.ActiveCfg = Release|Any CPU
		{A69B5263-7B37-4DFD-AE7F-0CA53E4A3E7C}.Release|ARM64.Build.0 = Release|Any CPU
		{A69B5263-7B37-4DFD-AE7F-0CA53E4A3E7C}.Release|iPhone.ActiveCfg = Release|Any CPU
		{A69B5263-7B37-4DFD-AE7F-0CA53E4A3E7C}.Release|iPhone.Build.0 = Release|Any CPU
		{A69B5263-7B37-4DFD-AE7F-0CA53E4A3E7C}.Release|iPhoneSimulator.ActiveCfg = Release|Any CPU
		{A69B5263-7B37-4DFD-AE7F-0CA53E4A3E7C}.Release|iPhoneSimulator.Build.0 = Release|Any CPU
		{A69B5263-7B37-4DFD-AE7F-0CA53E4A3E7C}.Release|x64.ActiveCfg = Release|Any CPU
		{A69B5263-7B37-4DFD-AE7F-0CA53E4A3E7C}.Release|x64.Build.0 = Release|Any CPU
		{A69B5263-7B37-4DFD-AE7F-0CA53E4A3E7C}.Release|x86.ActiveCfg = Release|Any CPU
		{A69B5263-7B37-4DFD-AE7F-0CA53E4A3E7C}.Release|x86.Build.0 = Release|Any CPU
		{984E9C0E-9AB9-4E37-8175-1CFECA4FCD59}.Debug|Any CPU.ActiveCfg = Debug|Any CPU
		{984E9C0E-9AB9-4E37-8175-1CFECA4FCD59}.Debug|Any CPU.Build.0 = Debug|Any CPU
		{984E9C0E-9AB9-4E37-8175-1CFECA4FCD59}.Debug|ARM.ActiveCfg = Debug|Any CPU
		{984E9C0E-9AB9-4E37-8175-1CFECA4FCD59}.Debug|ARM.Build.0 = Debug|Any CPU
		{984E9C0E-9AB9-4E37-8175-1CFECA4FCD59}.Debug|ARM64.ActiveCfg = Debug|Any CPU
		{984E9C0E-9AB9-4E37-8175-1CFECA4FCD59}.Debug|ARM64.Build.0 = Debug|Any CPU
		{984E9C0E-9AB9-4E37-8175-1CFECA4FCD59}.Debug|iPhone.ActiveCfg = Debug|Any CPU
		{984E9C0E-9AB9-4E37-8175-1CFECA4FCD59}.Debug|iPhone.Build.0 = Debug|Any CPU
		{984E9C0E-9AB9-4E37-8175-1CFECA4FCD59}.Debug|iPhoneSimulator.ActiveCfg = Debug|Any CPU
		{984E9C0E-9AB9-4E37-8175-1CFECA4FCD59}.Debug|iPhoneSimulator.Build.0 = Debug|Any CPU
		{984E9C0E-9AB9-4E37-8175-1CFECA4FCD59}.Debug|x64.ActiveCfg = Debug|Any CPU
		{984E9C0E-9AB9-4E37-8175-1CFECA4FCD59}.Debug|x64.Build.0 = Debug|Any CPU
		{984E9C0E-9AB9-4E37-8175-1CFECA4FCD59}.Debug|x86.ActiveCfg = Debug|Any CPU
		{984E9C0E-9AB9-4E37-8175-1CFECA4FCD59}.Debug|x86.Build.0 = Debug|Any CPU
		{984E9C0E-9AB9-4E37-8175-1CFECA4FCD59}.Release|Any CPU.ActiveCfg = Release|Any CPU
		{984E9C0E-9AB9-4E37-8175-1CFECA4FCD59}.Release|Any CPU.Build.0 = Release|Any CPU
		{984E9C0E-9AB9-4E37-8175-1CFECA4FCD59}.Release|ARM.ActiveCfg = Release|Any CPU
		{984E9C0E-9AB9-4E37-8175-1CFECA4FCD59}.Release|ARM.Build.0 = Release|Any CPU
		{984E9C0E-9AB9-4E37-8175-1CFECA4FCD59}.Release|ARM64.ActiveCfg = Release|Any CPU
		{984E9C0E-9AB9-4E37-8175-1CFECA4FCD59}.Release|ARM64.Build.0 = Release|Any CPU
		{984E9C0E-9AB9-4E37-8175-1CFECA4FCD59}.Release|iPhone.ActiveCfg = Release|Any CPU
		{984E9C0E-9AB9-4E37-8175-1CFECA4FCD59}.Release|iPhone.Build.0 = Release|Any CPU
		{984E9C0E-9AB9-4E37-8175-1CFECA4FCD59}.Release|iPhoneSimulator.ActiveCfg = Release|Any CPU
		{984E9C0E-9AB9-4E37-8175-1CFECA4FCD59}.Release|iPhoneSimulator.Build.0 = Release|Any CPU
		{984E9C0E-9AB9-4E37-8175-1CFECA4FCD59}.Release|x64.ActiveCfg = Release|Any CPU
		{984E9C0E-9AB9-4E37-8175-1CFECA4FCD59}.Release|x64.Build.0 = Release|Any CPU
		{984E9C0E-9AB9-4E37-8175-1CFECA4FCD59}.Release|x86.ActiveCfg = Release|Any CPU
		{984E9C0E-9AB9-4E37-8175-1CFECA4FCD59}.Release|x86.Build.0 = Release|Any CPU
		{5FB10101-BD9A-41A9-A9F4-B198312D3BD7}.Debug|Any CPU.ActiveCfg = Debug|Any CPU
		{5FB10101-BD9A-41A9-A9F4-B198312D3BD7}.Debug|Any CPU.Build.0 = Debug|Any CPU
		{5FB10101-BD9A-41A9-A9F4-B198312D3BD7}.Debug|ARM.ActiveCfg = Debug|Any CPU
		{5FB10101-BD9A-41A9-A9F4-B198312D3BD7}.Debug|ARM.Build.0 = Debug|Any CPU
		{5FB10101-BD9A-41A9-A9F4-B198312D3BD7}.Debug|ARM64.ActiveCfg = Debug|Any CPU
		{5FB10101-BD9A-41A9-A9F4-B198312D3BD7}.Debug|ARM64.Build.0 = Debug|Any CPU
		{5FB10101-BD9A-41A9-A9F4-B198312D3BD7}.Debug|iPhone.ActiveCfg = Debug|Any CPU
		{5FB10101-BD9A-41A9-A9F4-B198312D3BD7}.Debug|iPhone.Build.0 = Debug|Any CPU
		{5FB10101-BD9A-41A9-A9F4-B198312D3BD7}.Debug|iPhoneSimulator.ActiveCfg = Debug|Any CPU
		{5FB10101-BD9A-41A9-A9F4-B198312D3BD7}.Debug|iPhoneSimulator.Build.0 = Debug|Any CPU
		{5FB10101-BD9A-41A9-A9F4-B198312D3BD7}.Debug|x64.ActiveCfg = Debug|Any CPU
		{5FB10101-BD9A-41A9-A9F4-B198312D3BD7}.Debug|x64.Build.0 = Debug|Any CPU
		{5FB10101-BD9A-41A9-A9F4-B198312D3BD7}.Debug|x86.ActiveCfg = Debug|Any CPU
		{5FB10101-BD9A-41A9-A9F4-B198312D3BD7}.Debug|x86.Build.0 = Debug|Any CPU
		{5FB10101-BD9A-41A9-A9F4-B198312D3BD7}.Release|Any CPU.ActiveCfg = Release|Any CPU
		{5FB10101-BD9A-41A9-A9F4-B198312D3BD7}.Release|Any CPU.Build.0 = Release|Any CPU
		{5FB10101-BD9A-41A9-A9F4-B198312D3BD7}.Release|ARM.ActiveCfg = Release|Any CPU
		{5FB10101-BD9A-41A9-A9F4-B198312D3BD7}.Release|ARM.Build.0 = Release|Any CPU
		{5FB10101-BD9A-41A9-A9F4-B198312D3BD7}.Release|ARM64.ActiveCfg = Release|Any CPU
		{5FB10101-BD9A-41A9-A9F4-B198312D3BD7}.Release|ARM64.Build.0 = Release|Any CPU
		{5FB10101-BD9A-41A9-A9F4-B198312D3BD7}.Release|iPhone.ActiveCfg = Release|Any CPU
		{5FB10101-BD9A-41A9-A9F4-B198312D3BD7}.Release|iPhone.Build.0 = Release|Any CPU
		{5FB10101-BD9A-41A9-A9F4-B198312D3BD7}.Release|iPhoneSimulator.ActiveCfg = Release|Any CPU
		{5FB10101-BD9A-41A9-A9F4-B198312D3BD7}.Release|iPhoneSimulator.Build.0 = Release|Any CPU
		{5FB10101-BD9A-41A9-A9F4-B198312D3BD7}.Release|x64.ActiveCfg = Release|Any CPU
		{5FB10101-BD9A-41A9-A9F4-B198312D3BD7}.Release|x64.Build.0 = Release|Any CPU
		{5FB10101-BD9A-41A9-A9F4-B198312D3BD7}.Release|x86.ActiveCfg = Release|Any CPU
		{5FB10101-BD9A-41A9-A9F4-B198312D3BD7}.Release|x86.Build.0 = Release|Any CPU
		{74E55723-E0FB-455A-8389-1386A7CD2542}.Debug|Any CPU.ActiveCfg = Debug|Any CPU
		{74E55723-E0FB-455A-8389-1386A7CD2542}.Debug|Any CPU.Build.0 = Debug|Any CPU
		{74E55723-E0FB-455A-8389-1386A7CD2542}.Debug|ARM.ActiveCfg = Debug|Any CPU
		{74E55723-E0FB-455A-8389-1386A7CD2542}.Debug|ARM.Build.0 = Debug|Any CPU
		{74E55723-E0FB-455A-8389-1386A7CD2542}.Debug|ARM64.ActiveCfg = Debug|Any CPU
		{74E55723-E0FB-455A-8389-1386A7CD2542}.Debug|ARM64.Build.0 = Debug|Any CPU
		{74E55723-E0FB-455A-8389-1386A7CD2542}.Debug|iPhone.ActiveCfg = Debug|Any CPU
		{74E55723-E0FB-455A-8389-1386A7CD2542}.Debug|iPhone.Build.0 = Debug|Any CPU
		{74E55723-E0FB-455A-8389-1386A7CD2542}.Debug|iPhoneSimulator.ActiveCfg = Debug|Any CPU
		{74E55723-E0FB-455A-8389-1386A7CD2542}.Debug|iPhoneSimulator.Build.0 = Debug|Any CPU
		{74E55723-E0FB-455A-8389-1386A7CD2542}.Debug|x64.ActiveCfg = Debug|Any CPU
		{74E55723-E0FB-455A-8389-1386A7CD2542}.Debug|x64.Build.0 = Debug|Any CPU
		{74E55723-E0FB-455A-8389-1386A7CD2542}.Debug|x86.ActiveCfg = Debug|Any CPU
		{74E55723-E0FB-455A-8389-1386A7CD2542}.Debug|x86.Build.0 = Debug|Any CPU
		{74E55723-E0FB-455A-8389-1386A7CD2542}.Release|Any CPU.ActiveCfg = Release|Any CPU
		{74E55723-E0FB-455A-8389-1386A7CD2542}.Release|Any CPU.Build.0 = Release|Any CPU
		{74E55723-E0FB-455A-8389-1386A7CD2542}.Release|ARM.ActiveCfg = Release|Any CPU
		{74E55723-E0FB-455A-8389-1386A7CD2542}.Release|ARM.Build.0 = Release|Any CPU
		{74E55723-E0FB-455A-8389-1386A7CD2542}.Release|ARM64.ActiveCfg = Release|Any CPU
		{74E55723-E0FB-455A-8389-1386A7CD2542}.Release|ARM64.Build.0 = Release|Any CPU
		{74E55723-E0FB-455A-8389-1386A7CD2542}.Release|iPhone.ActiveCfg = Release|Any CPU
		{74E55723-E0FB-455A-8389-1386A7CD2542}.Release|iPhone.Build.0 = Release|Any CPU
		{74E55723-E0FB-455A-8389-1386A7CD2542}.Release|iPhoneSimulator.ActiveCfg = Release|Any CPU
		{74E55723-E0FB-455A-8389-1386A7CD2542}.Release|iPhoneSimulator.Build.0 = Release|Any CPU
		{74E55723-E0FB-455A-8389-1386A7CD2542}.Release|x64.ActiveCfg = Release|Any CPU
		{74E55723-E0FB-455A-8389-1386A7CD2542}.Release|x64.Build.0 = Release|Any CPU
		{74E55723-E0FB-455A-8389-1386A7CD2542}.Release|x86.ActiveCfg = Release|Any CPU
		{74E55723-E0FB-455A-8389-1386A7CD2542}.Release|x86.Build.0 = Release|Any CPU
		{37F5D33B-50CD-4A69-BB15-8F5B1F72E3DB}.Debug|Any CPU.ActiveCfg = Debug|Any CPU
		{37F5D33B-50CD-4A69-BB15-8F5B1F72E3DB}.Debug|Any CPU.Build.0 = Debug|Any CPU
		{37F5D33B-50CD-4A69-BB15-8F5B1F72E3DB}.Debug|ARM.ActiveCfg = Debug|Any CPU
		{37F5D33B-50CD-4A69-BB15-8F5B1F72E3DB}.Debug|ARM.Build.0 = Debug|Any CPU
		{37F5D33B-50CD-4A69-BB15-8F5B1F72E3DB}.Debug|ARM64.ActiveCfg = Debug|Any CPU
		{37F5D33B-50CD-4A69-BB15-8F5B1F72E3DB}.Debug|ARM64.Build.0 = Debug|Any CPU
		{37F5D33B-50CD-4A69-BB15-8F5B1F72E3DB}.Debug|iPhone.ActiveCfg = Debug|Any CPU
		{37F5D33B-50CD-4A69-BB15-8F5B1F72E3DB}.Debug|iPhone.Build.0 = Debug|Any CPU
		{37F5D33B-50CD-4A69-BB15-8F5B1F72E3DB}.Debug|iPhoneSimulator.ActiveCfg = Debug|Any CPU
		{37F5D33B-50CD-4A69-BB15-8F5B1F72E3DB}.Debug|iPhoneSimulator.Build.0 = Debug|Any CPU
		{37F5D33B-50CD-4A69-BB15-8F5B1F72E3DB}.Debug|x64.ActiveCfg = Debug|Any CPU
		{37F5D33B-50CD-4A69-BB15-8F5B1F72E3DB}.Debug|x64.Build.0 = Debug|Any CPU
		{37F5D33B-50CD-4A69-BB15-8F5B1F72E3DB}.Debug|x86.ActiveCfg = Debug|Any CPU
		{37F5D33B-50CD-4A69-BB15-8F5B1F72E3DB}.Debug|x86.Build.0 = Debug|Any CPU
		{37F5D33B-50CD-4A69-BB15-8F5B1F72E3DB}.Release|Any CPU.ActiveCfg = Release|Any CPU
		{37F5D33B-50CD-4A69-BB15-8F5B1F72E3DB}.Release|Any CPU.Build.0 = Release|Any CPU
		{37F5D33B-50CD-4A69-BB15-8F5B1F72E3DB}.Release|ARM.ActiveCfg = Release|Any CPU
		{37F5D33B-50CD-4A69-BB15-8F5B1F72E3DB}.Release|ARM.Build.0 = Release|Any CPU
		{37F5D33B-50CD-4A69-BB15-8F5B1F72E3DB}.Release|ARM64.ActiveCfg = Release|Any CPU
		{37F5D33B-50CD-4A69-BB15-8F5B1F72E3DB}.Release|ARM64.Build.0 = Release|Any CPU
		{37F5D33B-50CD-4A69-BB15-8F5B1F72E3DB}.Release|iPhone.ActiveCfg = Release|Any CPU
		{37F5D33B-50CD-4A69-BB15-8F5B1F72E3DB}.Release|iPhone.Build.0 = Release|Any CPU
		{37F5D33B-50CD-4A69-BB15-8F5B1F72E3DB}.Release|iPhoneSimulator.ActiveCfg = Release|Any CPU
		{37F5D33B-50CD-4A69-BB15-8F5B1F72E3DB}.Release|iPhoneSimulator.Build.0 = Release|Any CPU
		{37F5D33B-50CD-4A69-BB15-8F5B1F72E3DB}.Release|x64.ActiveCfg = Release|Any CPU
		{37F5D33B-50CD-4A69-BB15-8F5B1F72E3DB}.Release|x64.Build.0 = Release|Any CPU
		{37F5D33B-50CD-4A69-BB15-8F5B1F72E3DB}.Release|x86.ActiveCfg = Release|Any CPU
		{37F5D33B-50CD-4A69-BB15-8F5B1F72E3DB}.Release|x86.Build.0 = Release|Any CPU
		{FA766A5D-9AAF-4049-86BC-78A67C78BDF5}.Debug|Any CPU.ActiveCfg = Debug|Any CPU
		{FA766A5D-9AAF-4049-86BC-78A67C78BDF5}.Debug|Any CPU.Build.0 = Debug|Any CPU
		{FA766A5D-9AAF-4049-86BC-78A67C78BDF5}.Debug|ARM.ActiveCfg = Debug|Any CPU
		{FA766A5D-9AAF-4049-86BC-78A67C78BDF5}.Debug|ARM.Build.0 = Debug|Any CPU
		{FA766A5D-9AAF-4049-86BC-78A67C78BDF5}.Debug|ARM64.ActiveCfg = Debug|Any CPU
		{FA766A5D-9AAF-4049-86BC-78A67C78BDF5}.Debug|ARM64.Build.0 = Debug|Any CPU
		{FA766A5D-9AAF-4049-86BC-78A67C78BDF5}.Debug|iPhone.ActiveCfg = Debug|Any CPU
		{FA766A5D-9AAF-4049-86BC-78A67C78BDF5}.Debug|iPhone.Build.0 = Debug|Any CPU
		{FA766A5D-9AAF-4049-86BC-78A67C78BDF5}.Debug|iPhoneSimulator.ActiveCfg = Debug|Any CPU
		{FA766A5D-9AAF-4049-86BC-78A67C78BDF5}.Debug|iPhoneSimulator.Build.0 = Debug|Any CPU
		{FA766A5D-9AAF-4049-86BC-78A67C78BDF5}.Debug|x64.ActiveCfg = Debug|Any CPU
		{FA766A5D-9AAF-4049-86BC-78A67C78BDF5}.Debug|x64.Build.0 = Debug|Any CPU
		{FA766A5D-9AAF-4049-86BC-78A67C78BDF5}.Debug|x86.ActiveCfg = Debug|Any CPU
		{FA766A5D-9AAF-4049-86BC-78A67C78BDF5}.Debug|x86.Build.0 = Debug|Any CPU
		{FA766A5D-9AAF-4049-86BC-78A67C78BDF5}.Release|Any CPU.ActiveCfg = Release|Any CPU
		{FA766A5D-9AAF-4049-86BC-78A67C78BDF5}.Release|Any CPU.Build.0 = Release|Any CPU
		{FA766A5D-9AAF-4049-86BC-78A67C78BDF5}.Release|ARM.ActiveCfg = Release|Any CPU
		{FA766A5D-9AAF-4049-86BC-78A67C78BDF5}.Release|ARM.Build.0 = Release|Any CPU
		{FA766A5D-9AAF-4049-86BC-78A67C78BDF5}.Release|ARM64.ActiveCfg = Release|Any CPU
		{FA766A5D-9AAF-4049-86BC-78A67C78BDF5}.Release|ARM64.Build.0 = Release|Any CPU
		{FA766A5D-9AAF-4049-86BC-78A67C78BDF5}.Release|iPhone.ActiveCfg = Release|Any CPU
		{FA766A5D-9AAF-4049-86BC-78A67C78BDF5}.Release|iPhone.Build.0 = Release|Any CPU
		{FA766A5D-9AAF-4049-86BC-78A67C78BDF5}.Release|iPhoneSimulator.ActiveCfg = Release|Any CPU
		{FA766A5D-9AAF-4049-86BC-78A67C78BDF5}.Release|iPhoneSimulator.Build.0 = Release|Any CPU
		{FA766A5D-9AAF-4049-86BC-78A67C78BDF5}.Release|x64.ActiveCfg = Release|Any CPU
		{FA766A5D-9AAF-4049-86BC-78A67C78BDF5}.Release|x64.Build.0 = Release|Any CPU
		{FA766A5D-9AAF-4049-86BC-78A67C78BDF5}.Release|x86.ActiveCfg = Release|Any CPU
		{FA766A5D-9AAF-4049-86BC-78A67C78BDF5}.Release|x86.Build.0 = Release|Any CPU
		{671D9D9D-FBBC-45D7-9AA8-0A57A4E0AE6F}.Debug|Any CPU.ActiveCfg = Debug|Any CPU
		{671D9D9D-FBBC-45D7-9AA8-0A57A4E0AE6F}.Debug|Any CPU.Build.0 = Debug|Any CPU
		{671D9D9D-FBBC-45D7-9AA8-0A57A4E0AE6F}.Debug|ARM.ActiveCfg = Debug|Any CPU
		{671D9D9D-FBBC-45D7-9AA8-0A57A4E0AE6F}.Debug|ARM.Build.0 = Debug|Any CPU
		{671D9D9D-FBBC-45D7-9AA8-0A57A4E0AE6F}.Debug|ARM64.ActiveCfg = Debug|Any CPU
		{671D9D9D-FBBC-45D7-9AA8-0A57A4E0AE6F}.Debug|ARM64.Build.0 = Debug|Any CPU
		{671D9D9D-FBBC-45D7-9AA8-0A57A4E0AE6F}.Debug|iPhone.ActiveCfg = Debug|Any CPU
		{671D9D9D-FBBC-45D7-9AA8-0A57A4E0AE6F}.Debug|iPhone.Build.0 = Debug|Any CPU
		{671D9D9D-FBBC-45D7-9AA8-0A57A4E0AE6F}.Debug|iPhoneSimulator.ActiveCfg = Debug|Any CPU
		{671D9D9D-FBBC-45D7-9AA8-0A57A4E0AE6F}.Debug|iPhoneSimulator.Build.0 = Debug|Any CPU
		{671D9D9D-FBBC-45D7-9AA8-0A57A4E0AE6F}.Debug|x64.ActiveCfg = Debug|Any CPU
		{671D9D9D-FBBC-45D7-9AA8-0A57A4E0AE6F}.Debug|x64.Build.0 = Debug|Any CPU
		{671D9D9D-FBBC-45D7-9AA8-0A57A4E0AE6F}.Debug|x86.ActiveCfg = Debug|Any CPU
		{671D9D9D-FBBC-45D7-9AA8-0A57A4E0AE6F}.Debug|x86.Build.0 = Debug|Any CPU
		{671D9D9D-FBBC-45D7-9AA8-0A57A4E0AE6F}.Release|Any CPU.ActiveCfg = Release|Any CPU
		{671D9D9D-FBBC-45D7-9AA8-0A57A4E0AE6F}.Release|Any CPU.Build.0 = Release|Any CPU
		{671D9D9D-FBBC-45D7-9AA8-0A57A4E0AE6F}.Release|ARM.ActiveCfg = Release|Any CPU
		{671D9D9D-FBBC-45D7-9AA8-0A57A4E0AE6F}.Release|ARM.Build.0 = Release|Any CPU
		{671D9D9D-FBBC-45D7-9AA8-0A57A4E0AE6F}.Release|ARM64.ActiveCfg = Release|Any CPU
		{671D9D9D-FBBC-45D7-9AA8-0A57A4E0AE6F}.Release|ARM64.Build.0 = Release|Any CPU
		{671D9D9D-FBBC-45D7-9AA8-0A57A4E0AE6F}.Release|iPhone.ActiveCfg = Release|Any CPU
		{671D9D9D-FBBC-45D7-9AA8-0A57A4E0AE6F}.Release|iPhone.Build.0 = Release|Any CPU
		{671D9D9D-FBBC-45D7-9AA8-0A57A4E0AE6F}.Release|iPhoneSimulator.ActiveCfg = Release|Any CPU
		{671D9D9D-FBBC-45D7-9AA8-0A57A4E0AE6F}.Release|iPhoneSimulator.Build.0 = Release|Any CPU
		{671D9D9D-FBBC-45D7-9AA8-0A57A4E0AE6F}.Release|x64.ActiveCfg = Release|Any CPU
		{671D9D9D-FBBC-45D7-9AA8-0A57A4E0AE6F}.Release|x64.Build.0 = Release|Any CPU
		{671D9D9D-FBBC-45D7-9AA8-0A57A4E0AE6F}.Release|x86.ActiveCfg = Release|Any CPU
		{671D9D9D-FBBC-45D7-9AA8-0A57A4E0AE6F}.Release|x86.Build.0 = Release|Any CPU
		{DC4FBE18-C8FD-4932-9D69-06414C54009E}.Debug|Any CPU.ActiveCfg = Debug|Any CPU
		{DC4FBE18-C8FD-4932-9D69-06414C54009E}.Debug|Any CPU.Build.0 = Debug|Any CPU
		{DC4FBE18-C8FD-4932-9D69-06414C54009E}.Debug|ARM.ActiveCfg = Debug|Any CPU
		{DC4FBE18-C8FD-4932-9D69-06414C54009E}.Debug|ARM.Build.0 = Debug|Any CPU
		{DC4FBE18-C8FD-4932-9D69-06414C54009E}.Debug|ARM64.ActiveCfg = Debug|Any CPU
		{DC4FBE18-C8FD-4932-9D69-06414C54009E}.Debug|ARM64.Build.0 = Debug|Any CPU
		{DC4FBE18-C8FD-4932-9D69-06414C54009E}.Debug|iPhone.ActiveCfg = Debug|Any CPU
		{DC4FBE18-C8FD-4932-9D69-06414C54009E}.Debug|iPhone.Build.0 = Debug|Any CPU
		{DC4FBE18-C8FD-4932-9D69-06414C54009E}.Debug|iPhoneSimulator.ActiveCfg = Debug|Any CPU
		{DC4FBE18-C8FD-4932-9D69-06414C54009E}.Debug|iPhoneSimulator.Build.0 = Debug|Any CPU
		{DC4FBE18-C8FD-4932-9D69-06414C54009E}.Debug|x64.ActiveCfg = Debug|Any CPU
		{DC4FBE18-C8FD-4932-9D69-06414C54009E}.Debug|x64.Build.0 = Debug|Any CPU
		{DC4FBE18-C8FD-4932-9D69-06414C54009E}.Debug|x86.ActiveCfg = Debug|Any CPU
		{DC4FBE18-C8FD-4932-9D69-06414C54009E}.Debug|x86.Build.0 = Debug|Any CPU
		{DC4FBE18-C8FD-4932-9D69-06414C54009E}.Release|Any CPU.ActiveCfg = Release|Any CPU
		{DC4FBE18-C8FD-4932-9D69-06414C54009E}.Release|Any CPU.Build.0 = Release|Any CPU
		{DC4FBE18-C8FD-4932-9D69-06414C54009E}.Release|ARM.ActiveCfg = Release|Any CPU
		{DC4FBE18-C8FD-4932-9D69-06414C54009E}.Release|ARM.Build.0 = Release|Any CPU
		{DC4FBE18-C8FD-4932-9D69-06414C54009E}.Release|ARM64.ActiveCfg = Release|Any CPU
		{DC4FBE18-C8FD-4932-9D69-06414C54009E}.Release|ARM64.Build.0 = Release|Any CPU
		{DC4FBE18-C8FD-4932-9D69-06414C54009E}.Release|iPhone.ActiveCfg = Release|Any CPU
		{DC4FBE18-C8FD-4932-9D69-06414C54009E}.Release|iPhone.Build.0 = Release|Any CPU
		{DC4FBE18-C8FD-4932-9D69-06414C54009E}.Release|iPhoneSimulator.ActiveCfg = Release|Any CPU
		{DC4FBE18-C8FD-4932-9D69-06414C54009E}.Release|iPhoneSimulator.Build.0 = Release|Any CPU
		{DC4FBE18-C8FD-4932-9D69-06414C54009E}.Release|x64.ActiveCfg = Release|Any CPU
		{DC4FBE18-C8FD-4932-9D69-06414C54009E}.Release|x64.Build.0 = Release|Any CPU
		{DC4FBE18-C8FD-4932-9D69-06414C54009E}.Release|x86.ActiveCfg = Release|Any CPU
		{DC4FBE18-C8FD-4932-9D69-06414C54009E}.Release|x86.Build.0 = Release|Any CPU
		{E8949979-6D28-448C-A58F-9E78F78AEFFF}.Debug|Any CPU.ActiveCfg = Debug|Any CPU
		{E8949979-6D28-448C-A58F-9E78F78AEFFF}.Debug|Any CPU.Build.0 = Debug|Any CPU
		{E8949979-6D28-448C-A58F-9E78F78AEFFF}.Debug|ARM.ActiveCfg = Debug|Any CPU
		{E8949979-6D28-448C-A58F-9E78F78AEFFF}.Debug|ARM.Build.0 = Debug|Any CPU
		{E8949979-6D28-448C-A58F-9E78F78AEFFF}.Debug|ARM64.ActiveCfg = Debug|Any CPU
		{E8949979-6D28-448C-A58F-9E78F78AEFFF}.Debug|ARM64.Build.0 = Debug|Any CPU
		{E8949979-6D28-448C-A58F-9E78F78AEFFF}.Debug|iPhone.ActiveCfg = Debug|Any CPU
		{E8949979-6D28-448C-A58F-9E78F78AEFFF}.Debug|iPhone.Build.0 = Debug|Any CPU
		{E8949979-6D28-448C-A58F-9E78F78AEFFF}.Debug|iPhoneSimulator.ActiveCfg = Debug|Any CPU
		{E8949979-6D28-448C-A58F-9E78F78AEFFF}.Debug|iPhoneSimulator.Build.0 = Debug|Any CPU
		{E8949979-6D28-448C-A58F-9E78F78AEFFF}.Debug|x64.ActiveCfg = Debug|Any CPU
		{E8949979-6D28-448C-A58F-9E78F78AEFFF}.Debug|x64.Build.0 = Debug|Any CPU
		{E8949979-6D28-448C-A58F-9E78F78AEFFF}.Debug|x86.ActiveCfg = Debug|Any CPU
		{E8949979-6D28-448C-A58F-9E78F78AEFFF}.Debug|x86.Build.0 = Debug|Any CPU
		{E8949979-6D28-448C-A58F-9E78F78AEFFF}.Release|Any CPU.ActiveCfg = Release|Any CPU
		{E8949979-6D28-448C-A58F-9E78F78AEFFF}.Release|Any CPU.Build.0 = Release|Any CPU
		{E8949979-6D28-448C-A58F-9E78F78AEFFF}.Release|ARM.ActiveCfg = Release|Any CPU
		{E8949979-6D28-448C-A58F-9E78F78AEFFF}.Release|ARM.Build.0 = Release|Any CPU
		{E8949979-6D28-448C-A58F-9E78F78AEFFF}.Release|ARM64.ActiveCfg = Release|Any CPU
		{E8949979-6D28-448C-A58F-9E78F78AEFFF}.Release|ARM64.Build.0 = Release|Any CPU
		{E8949979-6D28-448C-A58F-9E78F78AEFFF}.Release|iPhone.ActiveCfg = Release|Any CPU
		{E8949979-6D28-448C-A58F-9E78F78AEFFF}.Release|iPhone.Build.0 = Release|Any CPU
		{E8949979-6D28-448C-A58F-9E78F78AEFFF}.Release|iPhoneSimulator.ActiveCfg = Release|Any CPU
		{E8949979-6D28-448C-A58F-9E78F78AEFFF}.Release|iPhoneSimulator.Build.0 = Release|Any CPU
		{E8949979-6D28-448C-A58F-9E78F78AEFFF}.Release|x64.ActiveCfg = Release|Any CPU
		{E8949979-6D28-448C-A58F-9E78F78AEFFF}.Release|x64.Build.0 = Release|Any CPU
		{E8949979-6D28-448C-A58F-9E78F78AEFFF}.Release|x86.ActiveCfg = Release|Any CPU
		{E8949979-6D28-448C-A58F-9E78F78AEFFF}.Release|x86.Build.0 = Release|Any CPU
	EndGlobalSection
	GlobalSection(SolutionProperties) = preSolution
		HideSolutionNode = FALSE
	EndGlobalSection
	GlobalSection(ExtensibilityGlobals) = postSolution
		SolutionGuid = {2E9B0293-29AD-4490-AB93-4B936375754C}
	EndGlobalSection
EndGlobal
